<?xml version="1.0" encoding="utf-8"?>
<Project ToolsVersion="4.0" xmlns="http://schemas.microsoft.com/developer/msbuild/2003">
  <ItemGroup>
    <Filter Include="ソース ファイル">
      <UniqueIdentifier>{4FC737F1-C7A5-4376-A066-2A32D752A2FF}</UniqueIdentifier>
      <Extensions>cpp;c;cc;cxx;c++;cppm;ixx;def;odl;idl;hpj;bat;asm;asmx</Extensions>
    </Filter>
    <Filter Include="ヘッダー ファイル">
      <UniqueIdentifier>{93995380-89BD-4b04-88EB-625FBE52EBFB}</UniqueIdentifier>
      <Extensions>h;hh;hpp;hxx;h++;hm;inl;inc;ipp;xsd</Extensions>
    </Filter>
    <Filter Include="リソース ファイル">
      <UniqueIdentifier>{67DA6AB6-F800-4c08-8B7A-83BB121AAD01}</UniqueIdentifier>
      <Extensions>rc;ico;cur;bmp;dlg;rc2;rct;bin;rgs;gif;jpg;jpeg;jpe;resx;tiff;tif;png;wav;mfcribbon-ms</Extensions>
    </Filter>
    <Filter Include="ヘッダー ファイル\Media">
      <UniqueIdentifier>{a003fec1-338c-4e69-bd2c-abebc6801ec8}</UniqueIdentifier>
    </Filter>
    <Filter Include="ソース ファイル\Media">
      <UniqueIdentifier>{fcf57173-c101-43f3-b2fb-7e198bd9704b}</UniqueIdentifier>
    </Filter>
    <Filter Include="ヘッダー ファイル\Media\Font">
      <UniqueIdentifier>{a4c1a6fb-0565-424d-b683-1fee974c8287}</UniqueIdentifier>
    </Filter>
    <Filter Include="ソース ファイル\Media\Image">
      <UniqueIdentifier>{95c5dadd-2b0e-4d36-9b6c-d29011c254c1}</UniqueIdentifier>
    </Filter>
    <Filter Include="ヘッダー ファイル\Exceptions">
      <UniqueIdentifier>{9aa2bf4b-f93c-41d9-aedb-fd2945917b43}</UniqueIdentifier>
    </Filter>
    <Filter Include="ヘッダー ファイル\Graphics">
      <UniqueIdentifier>{cc73bf1f-f5a9-424b-bed4-369aae29467d}</UniqueIdentifier>
    </Filter>
    <Filter Include="ソース ファイル\Graphics">
      <UniqueIdentifier>{adcb995d-aa0c-4739-977d-1958af420d04}</UniqueIdentifier>
    </Filter>
    <Filter Include="ヘッダー ファイル\Graphics\Enums">
      <UniqueIdentifier>{35b9ab61-3e8b-4fca-b56b-0aac456c4a2f}</UniqueIdentifier>
    </Filter>
    <Filter Include="ヘッダー ファイル\Extensions">
      <UniqueIdentifier>{dab597f5-e12d-4b05-a5af-c4e1a76c3a5c}</UniqueIdentifier>
    </Filter>
    <Filter Include="ソース ファイル\Media\Font">
      <UniqueIdentifier>{93d584e2-f2f1-46bf-8146-2302bd678b96}</UniqueIdentifier>
    </Filter>
  </ItemGroup>
  <ItemGroup>
    <ClInclude Include="Resource.h">
      <Filter>ヘッダー ファイル</Filter>
    </ClInclude>
    <ClInclude Include="pch.h">
      <Filter>ヘッダー ファイル</Filter>
    </ClInclude>
    <ClInclude Include="Image.h">
      <Filter>ヘッダー ファイル\Media</Filter>
    </ClInclude>
    <ClInclude Include="DisposableObject.h">
      <Filter>ヘッダー ファイル</Filter>
    </ClInclude>
    <ClInclude Include="DisposableCollection.h">
      <Filter>ヘッダー ファイル</Filter>
    </ClInclude>
    <ClInclude Include="ImageType.h">
      <Filter>ヘッダー ファイル\Media</Filter>
    </ClInclude>
    <ClInclude Include="Rectangle.h">
      <Filter>ヘッダー ファイル\Media</Filter>
    </ClInclude>
    <ClInclude Include="Size.h">
      <Filter>ヘッダー ファイル\Media</Filter>
    </ClInclude>
    <ClInclude Include="Point2.h">
      <Filter>ヘッダー ファイル\Media</Filter>
    </ClInclude>
    <ClInclude Include="Point3.h">
      <Filter>ヘッダー ファイル\Media</Filter>
    </ClInclude>
    <ClInclude Include="Range.h">
      <Filter>ヘッダー ファイル\Media</Filter>
    </ClInclude>
    <ClInclude Include="ImageReadMode.h">
      <Filter>ヘッダー ファイル\Media</Filter>
    </ClInclude>
    <ClInclude Include="Color.h">
      <Filter>ヘッダー ファイル\Media</Filter>
    </ClInclude>
    <ClInclude Include="FontStyle.h">
      <Filter>ヘッダー ファイル\Media\Font</Filter>
    </ClInclude>
    <ClInclude Include="Hinting.h">
      <Filter>ヘッダー ファイル\Media\Font</Filter>
    </ClInclude>
    <ClInclude Include="Enums.h">
      <Filter>ヘッダー ファイル\Media</Filter>
    </ClInclude>
    <ClInclude Include="IntPtrZeroException.h">
      <Filter>ヘッダー ファイル\Exceptions</Filter>
    </ClInclude>
    <ClInclude Include="Exceptions.h">
      <Filter>ヘッダー ファイル\Exceptions</Filter>
    </ClInclude>
    <ClInclude Include="Font.h">
      <Filter>ヘッダー ファイル\Media\Font</Filter>
    </ClInclude>
    <ClInclude Include="GL.h">
      <Filter>ヘッダー ファイル\Graphics</Filter>
    </ClInclude>
    <ClInclude Include="ReadBufferMode.h">
      <Filter>ヘッダー ファイル\Graphics\Enums</Filter>
    </ClInclude>
    <ClInclude Include="PixelFormat.h">
      <Filter>ヘッダー ファイル\Graphics\Enums</Filter>
    </ClInclude>
    <ClInclude Include="PixelType.h">
      <Filter>ヘッダー ファイル\Graphics\Enums</Filter>
    </ClInclude>
    <ClInclude Include="GLEnums.h">
      <Filter>ヘッダー ファイル\Graphics\Enums</Filter>
    </ClInclude>
    <ClInclude Include="ImageTypeConverter.h">
      <Filter>ヘッダー ファイル\Extensions</Filter>
    </ClInclude>
    <ClInclude Include="GetPName.h">
      <Filter>ヘッダー ファイル\Graphics\Enums</Filter>
    </ClInclude>
    <ClInclude Include="MatrixMode.h">
      <Filter>ヘッダー ファイル\Graphics\Enums</Filter>
    </ClInclude>
    <ClInclude Include="TextureParameterName.h">
      <Filter>ヘッダー ファイル\Graphics\Enums</Filter>
    </ClInclude>
    <ClInclude Include="TextureTarget.h">
      <Filter>ヘッダー ファイル\Graphics\Enums</Filter>
    </ClInclude>
    <ClInclude Include="TextureFilter.h">
      <Filter>ヘッダー ファイル\Graphics\Enums</Filter>
    </ClInclude>
    <ClInclude Include="TextureWrapMode.h">
      <Filter>ヘッダー ファイル\Graphics\Enums</Filter>
    </ClInclude>
    <ClInclude Include="PixelInternalFormat.h">
      <Filter>ヘッダー ファイル\Graphics\Enums</Filter>
    </ClInclude>
    <ClInclude Include="GenerateMipmapTarget.h">
      <Filter>ヘッダー ファイル\Graphics\Enums</Filter>
    </ClInclude>
    <ClInclude Include="BlendEquationMode.h">
      <Filter>ヘッダー ファイル\Graphics\Enums</Filter>
    </ClInclude>
    <ClInclude Include="BlendingFactor.h">
      <Filter>ヘッダー ファイル\Graphics\Enums</Filter>
    </ClInclude>
    <ClInclude Include="EnableCap.h">
      <Filter>ヘッダー ファイル\Graphics\Enums</Filter>
    </ClInclude>
    <ClInclude Include="Material.h">
      <Filter>ヘッダー ファイル\Graphics\Enums</Filter>
    </ClInclude>
    <ClInclude Include="PrimitiveType.h">
      <Filter>ヘッダー ファイル\Graphics\Enums</Filter>
    </ClInclude>
    <ClInclude Include="LightName.h">
      <Filter>ヘッダー ファイル\Graphics\Enums</Filter>
    </ClInclude>
    <ClInclude Include="LightParameter.h">
      <Filter>ヘッダー ファイル\Graphics\Enums</Filter>
    </ClInclude>
  </ItemGroup>
  <ItemGroup>
    <ClCompile Include="AssemblyInfo.cpp">
      <Filter>ソース ファイル</Filter>
    </ClCompile>
    <ClCompile Include="pch.cpp">
      <Filter>ソース ファイル</Filter>
    </ClCompile>
    <ClCompile Include="ImageType.cpp">
      <Filter>ソース ファイル\Media</Filter>
    </ClCompile>
    <ClCompile Include="Size.cpp">
      <Filter>ソース ファイル\Media</Filter>
    </ClCompile>
    <ClCompile Include="Point2.cpp">
      <Filter>ソース ファイル\Media</Filter>
    </ClCompile>
    <ClCompile Include="Point3.cpp">
      <Filter>ソース ファイル\Media</Filter>
    </ClCompile>
    <ClCompile Include="Rectangle.cpp">
      <Filter>ソース ファイル\Media</Filter>
    </ClCompile>
    <ClCompile Include="Range.cpp">
      <Filter>ソース ファイル\Media</Filter>
    </ClCompile>
    <ClCompile Include="Color.cpp">
      <Filter>ソース ファイル\Media</Filter>
    </ClCompile>
    <ClCompile Include="ImageInitialize.cpp">
      <Filter>ソース ファイル\Media\Image</Filter>
    </ClCompile>
    <ClCompile Include="ImageProperty.cpp">
      <Filter>ソース ファイル\Media\Image</Filter>
    </ClCompile>
    <ClCompile Include="ImageMethod.cpp">
      <Filter>ソース ファイル\Media\Image</Filter>
    </ClCompile>
    <ClCompile Include="ImageEffect.cpp">
      <Filter>ソース ファイル\Media\Image</Filter>
    </ClCompile>
    <ClCompile Include="Image.cpp">
      <Filter>ソース ファイル\Media\Image</Filter>
    </ClCompile>
    <ClCompile Include="GL.cpp">
      <Filter>ソース ファイル\Graphics</Filter>
    </ClCompile>
    <ClCompile Include="GLToolKit.cpp">
      <Filter>ソース ファイル\Graphics</Filter>
    </ClCompile>
    <ClCompile Include="Font.cpp">
      <Filter>ソース ファイル\Media\Font</Filter>
    </ClCompile>
  </ItemGroup>
  <ItemGroup>
    <ResourceCompile Include="app.rc">
      <Filter>リソース ファイル</Filter>
    </ResourceCompile>
  </ItemGroup>
  <ItemGroup>
    <Image Include="app.ico">
      <Filter>リソース ファイル</Filter>
    </Image>
  </ItemGroup>
</Project>