Microsoft Visual Studio Solution File, Format Version 12.00
# Visual Studio Version 16
VisualStudioVersion = 16.0.30204.135
MinimumVisualStudioVersion = 10.0.40219.1
Project("{2150E333-8FDC-42A3-9474-1A3956D46DE8}") = "Tests", "Tests", "{CC266B12-7711-4752-8D59-8229E4AA3004}"
EndProject
Project("{2150E333-8FDC-42A3-9474-1A3956D46DE8}") = "TestPlugins", "TestPlugins", "{7B4A3D42-9E6B-4703-B7F7-A17757692808}"
EndProject
Project("{2150E333-8FDC-42A3-9474-1A3956D46DE8}") = "BEditor.Extensions", "BEditor.Extensions", "{A47AB2A1-179B-4109-9A7C-E9C00280EC05}"
EndProject
Project("{9A19103F-16F7-4668-BE54-9A1E7A4F7556}") = "BEditor.CLI", "src\BEditor.CLI\BEditor.CLI.csproj", "{D735553C-A276-4D55-9C65-C480E2EF6185}"
EndProject
Project("{9A19103F-16F7-4668-BE54-9A1E7A4F7556}") = "BEditor.Core", "src\BEditor.Core\BEditor.Core.csproj", "{2B42ADD8-B8B0-4333-AD41-66F592107541}"
EndProject
Project("{9A19103F-16F7-4668-BE54-9A1E7A4F7556}") = "BEditor.Drawing", "src\BEditor.Drawing\BEditor.Drawing.csproj", "{FFA62552-EC15-4E58-89B9-E866F39EC0D7}"
EndProject
Project("{9A19103F-16F7-4668-BE54-9A1E7A4F7556}") = "BEditor.Media", "src\BEditor.Media\BEditor.Media.csproj", "{13C4920A-E169-414A-8B66-D76E21DD4C60}"
EndProject
Project("{C7167F0D-BC9F-4E6E-AFE1-012C56B48DB5}") = "BEditor.Package", "src\BEditor.Package\BEditor.Package.wapproj", "{2878FA79-F2F5-4D24-960E-353AA0F5EB1B}"
EndProject
Project("{9A19103F-16F7-4668-BE54-9A1E7A4F7556}") = "BEditor.Settings", "src\BEditor.Settings\BEditor.Settings.csproj", "{F706D349-AC5E-4448-8647-D9839EC1EC2B}"
EndProject
Project("{9A19103F-16F7-4668-BE54-9A1E7A4F7556}") = "BEditor.WPF", "src\BEditor.WPF\BEditor.WPF.csproj", "{05BF235D-9975-4C6B-A8DC-5BFD0C131184}"
EndProject
Project("{9A19103F-16F7-4668-BE54-9A1E7A4F7556}") = "BEditor.WPF.Controls", "src\BEditor.WPF.Controls\BEditor.WPF.Controls.csproj", "{F27D85BD-EB0D-4896-853A-7EB8A80D81E0}"
EndProject
Project("{9A19103F-16F7-4668-BE54-9A1E7A4F7556}") = "BEditor.Extensions.AviUtl", "src\BEditor.Extensions\BEditor.Extensions.AviUtl\BEditor.Extensions.AviUtl.csproj", "{A05E1496-76B3-4172-AF9B-F3841C4A4FA1}"
EndProject
Project("{9A19103F-16F7-4668-BE54-9A1E7A4F7556}") = "TestPlugin1", "src\Tests\TestPlugins\TestPlugin1\TestPlugin1.csproj", "{CB8C00C8-0774-465D-80A9-2FB3FB54F4F6}"
EndProject
Project("{9A19103F-16F7-4668-BE54-9A1E7A4F7556}") = "TestPlugin2", "src\Tests\TestPlugins\TestPlugin2\TestPlugin2.csproj", "{1FB1F12E-340F-415A-8AAE-61F54DFE0341}"
EndProject
Project("{9A19103F-16F7-4668-BE54-9A1E7A4F7556}") = "NUnitTestProject1", "src\Tests\NUnitTestProject1\NUnitTestProject1.csproj", "{2BAE0DF3-67E1-46DF-851D-CF0A60BA12F4}"
EndProject
Project("{9A19103F-16F7-4668-BE54-9A1E7A4F7556}") = "BEditor.Graphics", "src\BEditor.Graphics\BEditor.Graphics.csproj", "{A4F74544-6796-4962-9283-603E7C0081A8}"
EndProject
Project("{9A19103F-16F7-4668-BE54-9A1E7A4F7556}") = "BEditor.Primitive", "src\BEditor.Primitive\BEditor.Primitive.csproj", "{AAB16A69-D4D9-4DA8-A4F1-4417F908B00F}"
EndProject
Global
	GlobalSection(SolutionConfigurationPlatforms) = preSolution
		Debug|Any CPU = Debug|Any CPU
		Debug|ARM = Debug|ARM
		Debug|ARM64 = Debug|ARM64
		Debug|x64 = Debug|x64
		Debug|x86 = Debug|x86
		Release|Any CPU = Release|Any CPU
		Release|ARM = Release|ARM
		Release|ARM64 = Release|ARM64
		Release|x64 = Release|x64
		Release|x86 = Release|x86
	EndGlobalSection
	GlobalSection(ProjectConfigurationPlatforms) = postSolution
		{D735553C-A276-4D55-9C65-C480E2EF6185}.Debug|Any CPU.ActiveCfg = Debug|Any CPU
		{D735553C-A276-4D55-9C65-C480E2EF6185}.Debug|Any CPU.Build.0 = Debug|Any CPU
		{D735553C-A276-4D55-9C65-C480E2EF6185}.Debug|ARM.ActiveCfg = Debug|Any CPU
		{D735553C-A276-4D55-9C65-C480E2EF6185}.Debug|ARM.Build.0 = Debug|Any CPU
		{D735553C-A276-4D55-9C65-C480E2EF6185}.Debug|ARM64.ActiveCfg = Debug|Any CPU
		{D735553C-A276-4D55-9C65-C480E2EF6185}.Debug|ARM64.Build.0 = Debug|Any CPU
		{D735553C-A276-4D55-9C65-C480E2EF6185}.Debug|x64.ActiveCfg = Debug|Any CPU
		{D735553C-A276-4D55-9C65-C480E2EF6185}.Debug|x64.Build.0 = Debug|Any CPU
		{D735553C-A276-4D55-9C65-C480E2EF6185}.Debug|x86.ActiveCfg = Debug|Any CPU
		{D735553C-A276-4D55-9C65-C480E2EF6185}.Debug|x86.Build.0 = Debug|Any CPU
		{D735553C-A276-4D55-9C65-C480E2EF6185}.Release|Any CPU.ActiveCfg = Release|Any CPU
		{D735553C-A276-4D55-9C65-C480E2EF6185}.Release|Any CPU.Build.0 = Release|Any CPU
		{D735553C-A276-4D55-9C65-C480E2EF6185}.Release|ARM.ActiveCfg = Release|Any CPU
		{D735553C-A276-4D55-9C65-C480E2EF6185}.Release|ARM.Build.0 = Release|Any CPU
		{D735553C-A276-4D55-9C65-C480E2EF6185}.Release|ARM64.ActiveCfg = Release|Any CPU
		{D735553C-A276-4D55-9C65-C480E2EF6185}.Release|ARM64.Build.0 = Release|Any CPU
		{D735553C-A276-4D55-9C65-C480E2EF6185}.Release|x64.ActiveCfg = Release|Any CPU
		{D735553C-A276-4D55-9C65-C480E2EF6185}.Release|x64.Build.0 = Release|Any CPU
		{D735553C-A276-4D55-9C65-C480E2EF6185}.Release|x86.ActiveCfg = Release|Any CPU
		{D735553C-A276-4D55-9C65-C480E2EF6185}.Release|x86.Build.0 = Release|Any CPU
		{2B42ADD8-B8B0-4333-AD41-66F592107541}.Debug|Any CPU.ActiveCfg = Debug|Any CPU
		{2B42ADD8-B8B0-4333-AD41-66F592107541}.Debug|Any CPU.Build.0 = Debug|Any CPU
		{2B42ADD8-B8B0-4333-AD41-66F592107541}.Debug|ARM.ActiveCfg = Debug|Any CPU
		{2B42ADD8-B8B0-4333-AD41-66F592107541}.Debug|ARM.Build.0 = Debug|Any CPU
		{2B42ADD8-B8B0-4333-AD41-66F592107541}.Debug|ARM64.ActiveCfg = Debug|Any CPU
		{2B42ADD8-B8B0-4333-AD41-66F592107541}.Debug|ARM64.Build.0 = Debug|Any CPU
		{2B42ADD8-B8B0-4333-AD41-66F592107541}.Debug|x64.ActiveCfg = Debug|Any CPU
		{2B42ADD8-B8B0-4333-AD41-66F592107541}.Debug|x64.Build.0 = Debug|Any CPU
		{2B42ADD8-B8B0-4333-AD41-66F592107541}.Debug|x86.ActiveCfg = Debug|Any CPU
		{2B42ADD8-B8B0-4333-AD41-66F592107541}.Debug|x86.Build.0 = Debug|Any CPU
		{2B42ADD8-B8B0-4333-AD41-66F592107541}.Release|Any CPU.ActiveCfg = Release|Any CPU
		{2B42ADD8-B8B0-4333-AD41-66F592107541}.Release|Any CPU.Build.0 = Release|Any CPU
		{2B42ADD8-B8B0-4333-AD41-66F592107541}.Release|ARM.ActiveCfg = Release|Any CPU
		{2B42ADD8-B8B0-4333-AD41-66F592107541}.Release|ARM.Build.0 = Release|Any CPU
		{2B42ADD8-B8B0-4333-AD41-66F592107541}.Release|ARM64.ActiveCfg = Release|Any CPU
		{2B42ADD8-B8B0-4333-AD41-66F592107541}.Release|ARM64.Build.0 = Release|Any CPU
		{2B42ADD8-B8B0-4333-AD41-66F592107541}.Release|x64.ActiveCfg = Release|Any CPU
		{2B42ADD8-B8B0-4333-AD41-66F592107541}.Release|x64.Build.0 = Release|Any CPU
		{2B42ADD8-B8B0-4333-AD41-66F592107541}.Release|x86.ActiveCfg = Release|Any CPU
		{2B42ADD8-B8B0-4333-AD41-66F592107541}.Release|x86.Build.0 = Release|Any CPU
		{FFA62552-EC15-4E58-89B9-E866F39EC0D7}.Debug|Any CPU.ActiveCfg = Debug|Any CPU
		{FFA62552-EC15-4E58-89B9-E866F39EC0D7}.Debug|Any CPU.Build.0 = Debug|Any CPU
		{FFA62552-EC15-4E58-89B9-E866F39EC0D7}.Debug|ARM.ActiveCfg = Debug|Any CPU
		{FFA62552-EC15-4E58-89B9-E866F39EC0D7}.Debug|ARM.Build.0 = Debug|Any CPU
		{FFA62552-EC15-4E58-89B9-E866F39EC0D7}.Debug|ARM64.ActiveCfg = Debug|Any CPU
		{FFA62552-EC15-4E58-89B9-E866F39EC0D7}.Debug|ARM64.Build.0 = Debug|Any CPU
		{FFA62552-EC15-4E58-89B9-E866F39EC0D7}.Debug|x64.ActiveCfg = Debug|Any CPU
		{FFA62552-EC15-4E58-89B9-E866F39EC0D7}.Debug|x64.Build.0 = Debug|Any CPU
		{FFA62552-EC15-4E58-89B9-E866F39EC0D7}.Debug|x86.ActiveCfg = Debug|Any CPU
		{FFA62552-EC15-4E58-89B9-E866F39EC0D7}.Debug|x86.Build.0 = Debug|Any CPU
		{FFA62552-EC15-4E58-89B9-E866F39EC0D7}.Release|Any CPU.ActiveCfg = Release|Any CPU
		{FFA62552-EC15-4E58-89B9-E866F39EC0D7}.Release|Any CPU.Build.0 = Release|Any CPU
		{FFA62552-EC15-4E58-89B9-E866F39EC0D7}.Release|ARM.ActiveCfg = Release|Any CPU
		{FFA62552-EC15-4E58-89B9-E866F39EC0D7}.Release|ARM.Build.0 = Release|Any CPU
		{FFA62552-EC15-4E58-89B9-E866F39EC0D7}.Release|ARM64.ActiveCfg = Release|Any CPU
		{FFA62552-EC15-4E58-89B9-E866F39EC0D7}.Release|ARM64.Build.0 = Release|Any CPU
		{FFA62552-EC15-4E58-89B9-E866F39EC0D7}.Release|x64.ActiveCfg = Release|Any CPU
		{FFA62552-EC15-4E58-89B9-E866F39EC0D7}.Release|x64.Build.0 = Release|Any CPU
		{FFA62552-EC15-4E58-89B9-E866F39EC0D7}.Release|x86.ActiveCfg = Release|Any CPU
		{FFA62552-EC15-4E58-89B9-E866F39EC0D7}.Release|x86.Build.0 = Release|Any CPU
		{13C4920A-E169-414A-8B66-D76E21DD4C60}.Debug|Any CPU.ActiveCfg = Debug|Any CPU
		{13C4920A-E169-414A-8B66-D76E21DD4C60}.Debug|Any CPU.Build.0 = Debug|Any CPU
		{13C4920A-E169-414A-8B66-D76E21DD4C60}.Debug|ARM.ActiveCfg = Debug|Any CPU
		{13C4920A-E169-414A-8B66-D76E21DD4C60}.Debug|ARM.Build.0 = Debug|Any CPU
		{13C4920A-E169-414A-8B66-D76E21DD4C60}.Debug|ARM64.ActiveCfg = Debug|Any CPU
		{13C4920A-E169-414A-8B66-D76E21DD4C60}.Debug|ARM64.Build.0 = Debug|Any CPU
		{13C4920A-E169-414A-8B66-D76E21DD4C60}.Debug|x64.ActiveCfg = Debug|Any CPU
		{13C4920A-E169-414A-8B66-D76E21DD4C60}.Debug|x64.Build.0 = Debug|Any CPU
		{13C4920A-E169-414A-8B66-D76E21DD4C60}.Debug|x86.ActiveCfg = Debug|Any CPU
		{13C4920A-E169-414A-8B66-D76E21DD4C60}.Debug|x86.Build.0 = Debug|Any CPU
		{13C4920A-E169-414A-8B66-D76E21DD4C60}.Release|Any CPU.ActiveCfg = Release|Any CPU
		{13C4920A-E169-414A-8B66-D76E21DD4C60}.Release|Any CPU.Build.0 = Release|Any CPU
		{13C4920A-E169-414A-8B66-D76E21DD4C60}.Release|ARM.ActiveCfg = Release|Any CPU
		{13C4920A-E169-414A-8B66-D76E21DD4C60}.Release|ARM.Build.0 = Release|Any CPU
		{13C4920A-E169-414A-8B66-D76E21DD4C60}.Release|ARM64.ActiveCfg = Release|Any CPU
		{13C4920A-E169-414A-8B66-D76E21DD4C60}.Release|ARM64.Build.0 = Release|Any CPU
		{13C4920A-E169-414A-8B66-D76E21DD4C60}.Release|x64.ActiveCfg = Release|Any CPU
		{13C4920A-E169-414A-8B66-D76E21DD4C60}.Release|x64.Build.0 = Release|Any CPU
		{13C4920A-E169-414A-8B66-D76E21DD4C60}.Release|x86.ActiveCfg = Release|Any CPU
		{13C4920A-E169-414A-8B66-D76E21DD4C60}.Release|x86.Build.0 = Release|Any CPU
		{2878FA79-F2F5-4D24-960E-353AA0F5EB1B}.Debug|Any CPU.ActiveCfg = Debug|Any CPU
		{2878FA79-F2F5-4D24-960E-353AA0F5EB1B}.Debug|Any CPU.Build.0 = Debug|Any CPU
		{2878FA79-F2F5-4D24-960E-353AA0F5EB1B}.Debug|Any CPU.Deploy.0 = Debug|Any CPU
		{2878FA79-F2F5-4D24-960E-353AA0F5EB1B}.Debug|ARM.ActiveCfg = Debug|ARM
		{2878FA79-F2F5-4D24-960E-353AA0F5EB1B}.Debug|ARM.Build.0 = Debug|ARM
		{2878FA79-F2F5-4D24-960E-353AA0F5EB1B}.Debug|ARM.Deploy.0 = Debug|ARM
		{2878FA79-F2F5-4D24-960E-353AA0F5EB1B}.Debug|ARM64.ActiveCfg = Debug|ARM64
		{2878FA79-F2F5-4D24-960E-353AA0F5EB1B}.Debug|ARM64.Build.0 = Debug|ARM64
		{2878FA79-F2F5-4D24-960E-353AA0F5EB1B}.Debug|ARM64.Deploy.0 = Debug|ARM64
		{2878FA79-F2F5-4D24-960E-353AA0F5EB1B}.Debug|x64.ActiveCfg = Debug|x64
		{2878FA79-F2F5-4D24-960E-353AA0F5EB1B}.Debug|x64.Build.0 = Debug|x64
		{2878FA79-F2F5-4D24-960E-353AA0F5EB1B}.Debug|x64.Deploy.0 = Debug|x64
		{2878FA79-F2F5-4D24-960E-353AA0F5EB1B}.Debug|x86.ActiveCfg = Debug|x86
		{2878FA79-F2F5-4D24-960E-353AA0F5EB1B}.Debug|x86.Build.0 = Debug|x86
		{2878FA79-F2F5-4D24-960E-353AA0F5EB1B}.Debug|x86.Deploy.0 = Debug|x86
		{2878FA79-F2F5-4D24-960E-353AA0F5EB1B}.Release|Any CPU.ActiveCfg = Release|Any CPU
		{2878FA79-F2F5-4D24-960E-353AA0F5EB1B}.Release|Any CPU.Build.0 = Release|Any CPU
		{2878FA79-F2F5-4D24-960E-353AA0F5EB1B}.Release|Any CPU.Deploy.0 = Release|Any CPU
		{2878FA79-F2F5-4D24-960E-353AA0F5EB1B}.Release|ARM.ActiveCfg = Release|ARM
		{2878FA79-F2F5-4D24-960E-353AA0F5EB1B}.Release|ARM.Build.0 = Release|ARM
		{2878FA79-F2F5-4D24-960E-353AA0F5EB1B}.Release|ARM.Deploy.0 = Release|ARM
		{2878FA79-F2F5-4D24-960E-353AA0F5EB1B}.Release|ARM64.ActiveCfg = Release|ARM64
		{2878FA79-F2F5-4D24-960E-353AA0F5EB1B}.Release|ARM64.Build.0 = Release|ARM64
		{2878FA79-F2F5-4D24-960E-353AA0F5EB1B}.Release|ARM64.Deploy.0 = Release|ARM64
		{2878FA79-F2F5-4D24-960E-353AA0F5EB1B}.Release|x64.ActiveCfg = Release|x64
		{2878FA79-F2F5-4D24-960E-353AA0F5EB1B}.Release|x64.Build.0 = Release|x64
		{2878FA79-F2F5-4D24-960E-353AA0F5EB1B}.Release|x64.Deploy.0 = Release|x64
		{2878FA79-F2F5-4D24-960E-353AA0F5EB1B}.Release|x86.ActiveCfg = Release|x86
		{2878FA79-F2F5-4D24-960E-353AA0F5EB1B}.Release|x86.Build.0 = Release|x86
		{2878FA79-F2F5-4D24-960E-353AA0F5EB1B}.Release|x86.Deploy.0 = Release|x86
		{F706D349-AC5E-4448-8647-D9839EC1EC2B}.Debug|Any CPU.ActiveCfg = Debug|Any CPU
		{F706D349-AC5E-4448-8647-D9839EC1EC2B}.Debug|Any CPU.Build.0 = Debug|Any CPU
		{F706D349-AC5E-4448-8647-D9839EC1EC2B}.Debug|ARM.ActiveCfg = Debug|Any CPU
		{F706D349-AC5E-4448-8647-D9839EC1EC2B}.Debug|ARM.Build.0 = Debug|Any CPU
		{F706D349-AC5E-4448-8647-D9839EC1EC2B}.Debug|ARM64.ActiveCfg = Debug|Any CPU
		{F706D349-AC5E-4448-8647-D9839EC1EC2B}.Debug|ARM64.Build.0 = Debug|Any CPU
		{F706D349-AC5E-4448-8647-D9839EC1EC2B}.Debug|x64.ActiveCfg = Debug|Any CPU
		{F706D349-AC5E-4448-8647-D9839EC1EC2B}.Debug|x64.Build.0 = Debug|Any CPU
		{F706D349-AC5E-4448-8647-D9839EC1EC2B}.Debug|x86.ActiveCfg = Debug|Any CPU
		{F706D349-AC5E-4448-8647-D9839EC1EC2B}.Debug|x86.Build.0 = Debug|Any CPU
		{F706D349-AC5E-4448-8647-D9839EC1EC2B}.Release|Any CPU.ActiveCfg = Release|Any CPU
		{F706D349-AC5E-4448-8647-D9839EC1EC2B}.Release|Any CPU.Build.0 = Release|Any CPU
		{F706D349-AC5E-4448-8647-D9839EC1EC2B}.Release|ARM.ActiveCfg = Release|Any CPU
		{F706D349-AC5E-4448-8647-D9839EC1EC2B}.Release|ARM.Build.0 = Release|Any CPU
		{F706D349-AC5E-4448-8647-D9839EC1EC2B}.Release|ARM64.ActiveCfg = Release|Any CPU
		{F706D349-AC5E-4448-8647-D9839EC1EC2B}.Release|ARM64.Build.0 = Release|Any CPU
		{F706D349-AC5E-4448-8647-D9839EC1EC2B}.Release|x64.ActiveCfg = Release|Any CPU
		{F706D349-AC5E-4448-8647-D9839EC1EC2B}.Release|x64.Build.0 = Release|Any CPU
		{F706D349-AC5E-4448-8647-D9839EC1EC2B}.Release|x86.ActiveCfg = Release|Any CPU
		{F706D349-AC5E-4448-8647-D9839EC1EC2B}.Release|x86.Build.0 = Release|Any CPU
		{05BF235D-9975-4C6B-A8DC-5BFD0C131184}.Debug|Any CPU.ActiveCfg = Debug|Any CPU
		{05BF235D-9975-4C6B-A8DC-5BFD0C131184}.Debug|Any CPU.Build.0 = Debug|Any CPU
		{05BF235D-9975-4C6B-A8DC-5BFD0C131184}.Debug|ARM.ActiveCfg = Debug|Any CPU
		{05BF235D-9975-4C6B-A8DC-5BFD0C131184}.Debug|ARM.Build.0 = Debug|Any CPU
		{05BF235D-9975-4C6B-A8DC-5BFD0C131184}.Debug|ARM64.ActiveCfg = Debug|Any CPU
		{05BF235D-9975-4C6B-A8DC-5BFD0C131184}.Debug|ARM64.Build.0 = Debug|Any CPU
		{05BF235D-9975-4C6B-A8DC-5BFD0C131184}.Debug|x64.ActiveCfg = Debug|x64
		{05BF235D-9975-4C6B-A8DC-5BFD0C131184}.Debug|x64.Build.0 = Debug|x64
		{05BF235D-9975-4C6B-A8DC-5BFD0C131184}.Debug|x86.ActiveCfg = Debug|Any CPU
		{05BF235D-9975-4C6B-A8DC-5BFD0C131184}.Debug|x86.Build.0 = Debug|Any CPU
		{05BF235D-9975-4C6B-A8DC-5BFD0C131184}.Release|Any CPU.ActiveCfg = Release|Any CPU
		{05BF235D-9975-4C6B-A8DC-5BFD0C131184}.Release|Any CPU.Build.0 = Release|Any CPU
		{05BF235D-9975-4C6B-A8DC-5BFD0C131184}.Release|ARM.ActiveCfg = Release|Any CPU
		{05BF235D-9975-4C6B-A8DC-5BFD0C131184}.Release|ARM.Build.0 = Release|Any CPU
		{05BF235D-9975-4C6B-A8DC-5BFD0C131184}.Release|ARM64.ActiveCfg = Release|Any CPU
		{05BF235D-9975-4C6B-A8DC-5BFD0C131184}.Release|ARM64.Build.0 = Release|Any CPU
		{05BF235D-9975-4C6B-A8DC-5BFD0C131184}.Release|x64.ActiveCfg = Release|x64
		{05BF235D-9975-4C6B-A8DC-5BFD0C131184}.Release|x64.Build.0 = Release|x64
		{05BF235D-9975-4C6B-A8DC-5BFD0C131184}.Release|x86.ActiveCfg = Release|Any CPU
		{05BF235D-9975-4C6B-A8DC-5BFD0C131184}.Release|x86.Build.0 = Release|Any CPU
		{F27D85BD-EB0D-4896-853A-7EB8A80D81E0}.Debug|Any CPU.ActiveCfg = Debug|Any CPU
		{F27D85BD-EB0D-4896-853A-7EB8A80D81E0}.Debug|Any CPU.Build.0 = Debug|Any CPU
		{F27D85BD-EB0D-4896-853A-7EB8A80D81E0}.Debug|ARM.ActiveCfg = Debug|Any CPU
		{F27D85BD-EB0D-4896-853A-7EB8A80D81E0}.Debug|ARM.Build.0 = Debug|Any CPU
		{F27D85BD-EB0D-4896-853A-7EB8A80D81E0}.Debug|ARM64.ActiveCfg = Debug|Any CPU
		{F27D85BD-EB0D-4896-853A-7EB8A80D81E0}.Debug|ARM64.Build.0 = Debug|Any CPU
		{F27D85BD-EB0D-4896-853A-7EB8A80D81E0}.Debug|x64.ActiveCfg = Debug|Any CPU
		{F27D85BD-EB0D-4896-853A-7EB8A80D81E0}.Debug|x64.Build.0 = Debug|Any CPU
		{F27D85BD-EB0D-4896-853A-7EB8A80D81E0}.Debug|x86.ActiveCfg = Debug|Any CPU
		{F27D85BD-EB0D-4896-853A-7EB8A80D81E0}.Debug|x86.Build.0 = Debug|Any CPU
		{F27D85BD-EB0D-4896-853A-7EB8A80D81E0}.Release|Any CPU.ActiveCfg = Release|Any CPU
		{F27D85BD-EB0D-4896-853A-7EB8A80D81E0}.Release|Any CPU.Build.0 = Release|Any CPU
		{F27D85BD-EB0D-4896-853A-7EB8A80D81E0}.Release|ARM.ActiveCfg = Release|Any CPU
		{F27D85BD-EB0D-4896-853A-7EB8A80D81E0}.Release|ARM.Build.0 = Release|Any CPU
		{F27D85BD-EB0D-4896-853A-7EB8A80D81E0}.Release|ARM64.ActiveCfg = Release|Any CPU
		{F27D85BD-EB0D-4896-853A-7EB8A80D81E0}.Release|ARM64.Build.0 = Release|Any CPU
		{F27D85BD-EB0D-4896-853A-7EB8A80D81E0}.Release|x64.ActiveCfg = Release|Any CPU
		{F27D85BD-EB0D-4896-853A-7EB8A80D81E0}.Release|x64.Build.0 = Release|Any CPU
		{F27D85BD-EB0D-4896-853A-7EB8A80D81E0}.Release|x86.ActiveCfg = Release|Any CPU
		{F27D85BD-EB0D-4896-853A-7EB8A80D81E0}.Release|x86.Build.0 = Release|Any CPU
		{A05E1496-76B3-4172-AF9B-F3841C4A4FA1}.Debug|Any CPU.ActiveCfg = Debug|Any CPU
		{A05E1496-76B3-4172-AF9B-F3841C4A4FA1}.Debug|Any CPU.Build.0 = Debug|Any CPU
		{A05E1496-76B3-4172-AF9B-F3841C4A4FA1}.Debug|ARM.ActiveCfg = Debug|Any CPU
		{A05E1496-76B3-4172-AF9B-F3841C4A4FA1}.Debug|ARM.Build.0 = Debug|Any CPU
		{A05E1496-76B3-4172-AF9B-F3841C4A4FA1}.Debug|ARM64.ActiveCfg = Debug|Any CPU
		{A05E1496-76B3-4172-AF9B-F3841C4A4FA1}.Debug|ARM64.Build.0 = Debug|Any CPU
		{A05E1496-76B3-4172-AF9B-F3841C4A4FA1}.Debug|x64.ActiveCfg = Debug|Any CPU
		{A05E1496-76B3-4172-AF9B-F3841C4A4FA1}.Debug|x64.Build.0 = Debug|Any CPU
		{A05E1496-76B3-4172-AF9B-F3841C4A4FA1}.Debug|x86.ActiveCfg = Debug|Any CPU
		{A05E1496-76B3-4172-AF9B-F3841C4A4FA1}.Debug|x86.Build.0 = Debug|Any CPU
		{A05E1496-76B3-4172-AF9B-F3841C4A4FA1}.Release|Any CPU.ActiveCfg = Release|Any CPU
		{A05E1496-76B3-4172-AF9B-F3841C4A4FA1}.Release|Any CPU.Build.0 = Release|Any CPU
		{A05E1496-76B3-4172-AF9B-F3841C4A4FA1}.Release|ARM.ActiveCfg = Release|Any CPU
		{A05E1496-76B3-4172-AF9B-F3841C4A4FA1}.Release|ARM.Build.0 = Release|Any CPU
		{A05E1496-76B3-4172-AF9B-F3841C4A4FA1}.Release|ARM64.ActiveCfg = Release|Any CPU
		{A05E1496-76B3-4172-AF9B-F3841C4A4FA1}.Release|ARM64.Build.0 = Release|Any CPU
		{A05E1496-76B3-4172-AF9B-F3841C4A4FA1}.Release|x64.ActiveCfg = Release|Any CPU
		{A05E1496-76B3-4172-AF9B-F3841C4A4FA1}.Release|x64.Build.0 = Release|Any CPU
		{A05E1496-76B3-4172-AF9B-F3841C4A4FA1}.Release|x86.ActiveCfg = Release|Any CPU
		{A05E1496-76B3-4172-AF9B-F3841C4A4FA1}.Release|x86.Build.0 = Release|Any CPU
		{CB8C00C8-0774-465D-80A9-2FB3FB54F4F6}.Debug|Any CPU.ActiveCfg = Debug|Any CPU
		{CB8C00C8-0774-465D-80A9-2FB3FB54F4F6}.Debug|Any CPU.Build.0 = Debug|Any CPU
		{CB8C00C8-0774-465D-80A9-2FB3FB54F4F6}.Debug|ARM.ActiveCfg = Debug|Any CPU
		{CB8C00C8-0774-465D-80A9-2FB3FB54F4F6}.Debug|ARM.Build.0 = Debug|Any CPU
		{CB8C00C8-0774-465D-80A9-2FB3FB54F4F6}.Debug|ARM64.ActiveCfg = Debug|Any CPU
		{CB8C00C8-0774-465D-80A9-2FB3FB54F4F6}.Debug|ARM64.Build.0 = Debug|Any CPU
		{CB8C00C8-0774-465D-80A9-2FB3FB54F4F6}.Debug|x64.ActiveCfg = Debug|Any CPU
		{CB8C00C8-0774-465D-80A9-2FB3FB54F4F6}.Debug|x64.Build.0 = Debug|Any CPU
		{CB8C00C8-0774-465D-80A9-2FB3FB54F4F6}.Debug|x86.ActiveCfg = Debug|Any CPU
		{CB8C00C8-0774-465D-80A9-2FB3FB54F4F6}.Debug|x86.Build.0 = Debug|Any CPU
		{CB8C00C8-0774-465D-80A9-2FB3FB54F4F6}.Release|Any CPU.ActiveCfg = Release|Any CPU
		{CB8C00C8-0774-465D-80A9-2FB3FB54F4F6}.Release|Any CPU.Build.0 = Release|Any CPU
		{CB8C00C8-0774-465D-80A9-2FB3FB54F4F6}.Release|ARM.ActiveCfg = Release|Any CPU
		{CB8C00C8-0774-465D-80A9-2FB3FB54F4F6}.Release|ARM.Build.0 = Release|Any CPU
		{CB8C00C8-0774-465D-80A9-2FB3FB54F4F6}.Release|ARM64.ActiveCfg = Release|Any CPU
		{CB8C00C8-0774-465D-80A9-2FB3FB54F4F6}.Release|ARM64.Build.0 = Release|Any CPU
		{CB8C00C8-0774-465D-80A9-2FB3FB54F4F6}.Release|x64.ActiveCfg = Release|Any CPU
		{CB8C00C8-0774-465D-80A9-2FB3FB54F4F6}.Release|x64.Build.0 = Release|Any CPU
		{CB8C00C8-0774-465D-80A9-2FB3FB54F4F6}.Release|x86.ActiveCfg = Release|Any CPU
		{CB8C00C8-0774-465D-80A9-2FB3FB54F4F6}.Release|x86.Build.0 = Release|Any CPU
		{1FB1F12E-340F-415A-8AAE-61F54DFE0341}.Debug|Any CPU.ActiveCfg = Debug|Any CPU
		{1FB1F12E-340F-415A-8AAE-61F54DFE0341}.Debug|Any CPU.Build.0 = Debug|Any CPU
		{1FB1F12E-340F-415A-8AAE-61F54DFE0341}.Debug|ARM.ActiveCfg = Debug|Any CPU
		{1FB1F12E-340F-415A-8AAE-61F54DFE0341}.Debug|ARM.Build.0 = Debug|Any CPU
		{1FB1F12E-340F-415A-8AAE-61F54DFE0341}.Debug|ARM64.ActiveCfg = Debug|Any CPU
		{1FB1F12E-340F-415A-8AAE-61F54DFE0341}.Debug|ARM64.Build.0 = Debug|Any CPU
		{1FB1F12E-340F-415A-8AAE-61F54DFE0341}.Debug|x64.ActiveCfg = Debug|Any CPU
		{1FB1F12E-340F-415A-8AAE-61F54DFE0341}.Debug|x64.Build.0 = Debug|Any CPU
		{1FB1F12E-340F-415A-8AAE-61F54DFE0341}.Debug|x86.ActiveCfg = Debug|Any CPU
		{1FB1F12E-340F-415A-8AAE-61F54DFE0341}.Debug|x86.Build.0 = Debug|Any CPU
		{1FB1F12E-340F-415A-8AAE-61F54DFE0341}.Release|Any CPU.ActiveCfg = Release|Any CPU
		{1FB1F12E-340F-415A-8AAE-61F54DFE0341}.Release|Any CPU.Build.0 = Release|Any CPU
		{1FB1F12E-340F-415A-8AAE-61F54DFE0341}.Release|ARM.ActiveCfg = Release|Any CPU
		{1FB1F12E-340F-415A-8AAE-61F54DFE0341}.Release|ARM.Build.0 = Release|Any CPU
		{1FB1F12E-340F-415A-8AAE-61F54DFE0341}.Release|ARM64.ActiveCfg = Release|Any CPU
		{1FB1F12E-340F-415A-8AAE-61F54DFE0341}.Release|ARM64.Build.0 = Release|Any CPU
		{1FB1F12E-340F-415A-8AAE-61F54DFE0341}.Release|x64.ActiveCfg = Release|Any CPU
		{1FB1F12E-340F-415A-8AAE-61F54DFE0341}.Release|x64.Build.0 = Release|Any CPU
		{1FB1F12E-340F-415A-8AAE-61F54DFE0341}.Release|x86.ActiveCfg = Release|Any CPU
		{1FB1F12E-340F-415A-8AAE-61F54DFE0341}.Release|x86.Build.0 = Release|Any CPU
		{2BAE0DF3-67E1-46DF-851D-CF0A60BA12F4}.Debug|Any CPU.ActiveCfg = Debug|Any CPU
		{2BAE0DF3-67E1-46DF-851D-CF0A60BA12F4}.Debug|Any CPU.Build.0 = Debug|Any CPU
		{2BAE0DF3-67E1-46DF-851D-CF0A60BA12F4}.Debug|ARM.ActiveCfg = Debug|Any CPU
		{2BAE0DF3-67E1-46DF-851D-CF0A60BA12F4}.Debug|ARM.Build.0 = Debug|Any CPU
		{2BAE0DF3-67E1-46DF-851D-CF0A60BA12F4}.Debug|ARM64.ActiveCfg = Debug|Any CPU
		{2BAE0DF3-67E1-46DF-851D-CF0A60BA12F4}.Debug|ARM64.Build.0 = Debug|Any CPU
		{2BAE0DF3-67E1-46DF-851D-CF0A60BA12F4}.Debug|x64.ActiveCfg = Debug|Any CPU
		{2BAE0DF3-67E1-46DF-851D-CF0A60BA12F4}.Debug|x64.Build.0 = Debug|Any CPU
		{2BAE0DF3-67E1-46DF-851D-CF0A60BA12F4}.Debug|x86.ActiveCfg = Debug|Any CPU
		{2BAE0DF3-67E1-46DF-851D-CF0A60BA12F4}.Debug|x86.Build.0 = Debug|Any CPU
		{2BAE0DF3-67E1-46DF-851D-CF0A60BA12F4}.Release|Any CPU.ActiveCfg = Release|Any CPU
		{2BAE0DF3-67E1-46DF-851D-CF0A60BA12F4}.Release|Any CPU.Build.0 = Release|Any CPU
		{2BAE0DF3-67E1-46DF-851D-CF0A60BA12F4}.Release|ARM.ActiveCfg = Release|Any CPU
		{2BAE0DF3-67E1-46DF-851D-CF0A60BA12F4}.Release|ARM.Build.0 = Release|Any CPU
		{2BAE0DF3-67E1-46DF-851D-CF0A60BA12F4}.Release|ARM64.ActiveCfg = Release|Any CPU
		{2BAE0DF3-67E1-46DF-851D-CF0A60BA12F4}.Release|ARM64.Build.0 = Release|Any CPU
		{2BAE0DF3-67E1-46DF-851D-CF0A60BA12F4}.Release|x64.ActiveCfg = Release|Any CPU
		{2BAE0DF3-67E1-46DF-851D-CF0A60BA12F4}.Release|x64.Build.0 = Release|Any CPU
		{2BAE0DF3-67E1-46DF-851D-CF0A60BA12F4}.Release|x86.ActiveCfg = Release|Any CPU
		{2BAE0DF3-67E1-46DF-851D-CF0A60BA12F4}.Release|x86.Build.0 = Release|Any CPU
		{A4F74544-6796-4962-9283-603E7C0081A8}.Debug|Any CPU.ActiveCfg = Debug|Any CPU
		{A4F74544-6796-4962-9283-603E7C0081A8}.Debug|Any CPU.Build.0 = Debug|Any CPU
		{A4F74544-6796-4962-9283-603E7C0081A8}.Debug|ARM.ActiveCfg = Debug|Any CPU
		{A4F74544-6796-4962-9283-603E7C0081A8}.Debug|ARM.Build.0 = Debug|Any CPU
		{A4F74544-6796-4962-9283-603E7C0081A8}.Debug|ARM64.ActiveCfg = Debug|Any CPU
		{A4F74544-6796-4962-9283-603E7C0081A8}.Debug|ARM64.Build.0 = Debug|Any CPU
		{A4F74544-6796-4962-9283-603E7C0081A8}.Debug|x64.ActiveCfg = Debug|Any CPU
		{A4F74544-6796-4962-9283-603E7C0081A8}.Debug|x64.Build.0 = Debug|Any CPU
		{A4F74544-6796-4962-9283-603E7C0081A8}.Debug|x86.ActiveCfg = Debug|Any CPU
		{A4F74544-6796-4962-9283-603E7C0081A8}.Debug|x86.Build.0 = Debug|Any CPU
		{A4F74544-6796-4962-9283-603E7C0081A8}.Release|Any CPU.ActiveCfg = Release|Any CPU
		{A4F74544-6796-4962-9283-603E7C0081A8}.Release|Any CPU.Build.0 = Release|Any CPU
		{A4F74544-6796-4962-9283-603E7C0081A8}.Release|ARM.ActiveCfg = Release|Any CPU
		{A4F74544-6796-4962-9283-603E7C0081A8}.Release|ARM.Build.0 = Release|Any CPU
		{A4F74544-6796-4962-9283-603E7C0081A8}.Release|ARM64.ActiveCfg = Release|Any CPU
		{A4F74544-6796-4962-9283-603E7C0081A8}.Release|ARM64.Build.0 = Release|Any CPU
		{A4F74544-6796-4962-9283-603E7C0081A8}.Release|x64.ActiveCfg = Release|Any CPU
		{A4F74544-6796-4962-9283-603E7C0081A8}.Release|x64.Build.0 = Release|Any CPU
		{A4F74544-6796-4962-9283-603E7C0081A8}.Release|x86.ActiveCfg = Release|Any CPU
		{A4F74544-6796-4962-9283-603E7C0081A8}.Release|x86.Build.0 = Release|Any CPU
		{AAB16A69-D4D9-4DA8-A4F1-4417F908B00F}.Debug|Any CPU.ActiveCfg = Debug|Any CPU
		{AAB16A69-D4D9-4DA8-A4F1-4417F908B00F}.Debug|Any CPU.Build.0 = Debug|Any CPU
		{AAB16A69-D4D9-4DA8-A4F1-4417F908B00F}.Debug|ARM.ActiveCfg = Debug|Any CPU
		{AAB16A69-D4D9-4DA8-A4F1-4417F908B00F}.Debug|ARM.Build.0 = Debug|Any CPU
		{AAB16A69-D4D9-4DA8-A4F1-4417F908B00F}.Debug|ARM64.ActiveCfg = Debug|Any CPU
		{AAB16A69-D4D9-4DA8-A4F1-4417F908B00F}.Debug|ARM64.Build.0 = Debug|Any CPU
		{AAB16A69-D4D9-4DA8-A4F1-4417F908B00F}.Debug|x64.ActiveCfg = Debug|Any CPU
		{AAB16A69-D4D9-4DA8-A4F1-4417F908B00F}.Debug|x64.Build.0 = Debug|Any CPU
		{AAB16A69-D4D9-4DA8-A4F1-4417F908B00F}.Debug|x86.ActiveCfg = Debug|Any CPU
		{AAB16A69-D4D9-4DA8-A4F1-4417F908B00F}.Debug|x86.Build.0 = Debug|Any CPU
		{AAB16A69-D4D9-4DA8-A4F1-4417F908B00F}.Release|Any CPU.ActiveCfg = Release|Any CPU
		{AAB16A69-D4D9-4DA8-A4F1-4417F908B00F}.Release|Any CPU.Build.0 = Release|Any CPU
		{AAB16A69-D4D9-4DA8-A4F1-4417F908B00F}.Release|ARM.ActiveCfg = Release|Any CPU
		{AAB16A69-D4D9-4DA8-A4F1-4417F908B00F}.Release|ARM.Build.0 = Release|Any CPU
		{AAB16A69-D4D9-4DA8-A4F1-4417F908B00F}.Release|ARM64.ActiveCfg = Release|Any CPU
		{AAB16A69-D4D9-4DA8-A4F1-4417F908B00F}.Release|ARM64.Build.0 = Release|Any CPU
		{AAB16A69-D4D9-4DA8-A4F1-4417F908B00F}.Release|x64.ActiveCfg = Release|Any CPU
		{AAB16A69-D4D9-4DA8-A4F1-4417F908B00F}.Release|x64.Build.0 = Release|Any CPU
		{AAB16A69-D4D9-4DA8-A4F1-4417F908B00F}.Release|x86.ActiveCfg = Release|Any CPU
		{AAB16A69-D4D9-4DA8-A4F1-4417F908B00F}.Release|x86.Build.0 = Release|Any CPU
	EndGlobalSection
	GlobalSection(SolutionProperties) = preSolution
		HideSolutionNode = FALSE
	EndGlobalSection
	GlobalSection(NestedProjects) = preSolution
		{7B4A3D42-9E6B-4703-B7F7-A17757692808} = {CC266B12-7711-4752-8D59-8229E4AA3004}
		{A05E1496-76B3-4172-AF9B-F3841C4A4FA1} = {A47AB2A1-179B-4109-9A7C-E9C00280EC05}
		{CB8C00C8-0774-465D-80A9-2FB3FB54F4F6} = {7B4A3D42-9E6B-4703-B7F7-A17757692808}
		{1FB1F12E-340F-415A-8AAE-61F54DFE0341} = {7B4A3D42-9E6B-4703-B7F7-A17757692808}
		{2BAE0DF3-67E1-46DF-851D-CF0A60BA12F4} = {CC266B12-7711-4752-8D59-8229E4AA3004}
	EndGlobalSection
	GlobalSection(ExtensibilityGlobals) = postSolution
		SolutionGuid = {DE89E37C-E86B-4D45-9FC4-16522E4D9865}
	EndGlobalSection
EndGlobal
