Microsoft Visual Studio Solution File, Format Version 12.00
# Visual Studio Version 16
VisualStudioVersion = 16.0.30204.135
MinimumVisualStudioVersion = 10.0.40219.1
Project("{9A19103F-16F7-4668-BE54-9A1E7A4F7556}") = "BEditor.Core", "src\BEditor.Core\BEditor.Core.csproj", "{2B42ADD8-B8B0-4333-AD41-66F592107541}"
EndProject
Project("{9A19103F-16F7-4668-BE54-9A1E7A4F7556}") = "BEditor.Drawing", "src\BEditor.Drawing\BEditor.Drawing.csproj", "{FFA62552-EC15-4E58-89B9-E866F39EC0D7}"
EndProject
Project("{9A19103F-16F7-4668-BE54-9A1E7A4F7556}") = "BEditor.Media", "src\BEditor.Media\BEditor.Media.csproj", "{13C4920A-E169-414A-8B66-D76E21DD4C60}"
EndProject
Project("{9A19103F-16F7-4668-BE54-9A1E7A4F7556}") = "BEditor.Settings", "src\BEditor.Settings\BEditor.Settings.csproj", "{F706D349-AC5E-4448-8647-D9839EC1EC2B}"
EndProject
Project("{9A19103F-16F7-4668-BE54-9A1E7A4F7556}") = "BEditor.WPF", "src\BEditor.WPF\BEditor.WPF.csproj", "{05BF235D-9975-4C6B-A8DC-5BFD0C131184}"
EndProject
Project("{9A19103F-16F7-4668-BE54-9A1E7A4F7556}") = "BEditor.WPF.Controls", "src\BEditor.WPF.Controls\BEditor.WPF.Controls.csproj", "{F27D85BD-EB0D-4896-853A-7EB8A80D81E0}"
EndProject
Project("{9A19103F-16F7-4668-BE54-9A1E7A4F7556}") = "BEditor.Graphics", "src\BEditor.Graphics\BEditor.Graphics.csproj", "{A4F74544-6796-4962-9283-603E7C0081A8}"
EndProject
Project("{9A19103F-16F7-4668-BE54-9A1E7A4F7556}") = "BEditor.Primitive", "src\BEditor.Primitive\BEditor.Primitive.csproj", "{AAB16A69-D4D9-4DA8-A4F1-4417F908B00F}"
EndProject
Project("{2150E333-8FDC-42A3-9474-1A3956D46DE8}") = "Solution Items", "Solution Items", "{C965F697-1EAF-48E2-84C4-61234902F7B9}"
	ProjectSection(SolutionItems) = preProject
		.editorconfig = .editorconfig
		.gitignore = .gitignore
		.gitmodules = .gitmodules
		ARCHITECTURE.md = ARCHITECTURE.md
		build.cake = build.cake
		icon.png = icon.png
		LICENSE = LICENSE
		README.md = README.md
		roslynator.ruleset = roslynator.ruleset
		SECURITY.md = SECURITY.md
	EndProjectSection
EndProject
Project("{2150E333-8FDC-42A3-9474-1A3956D46DE8}") = "snippet", "snippet", "{07AD3413-7A32-466C-B70B-988EC917B8B3}"
	ProjectSection(SolutionItems) = preProject
		snippet\EditorProperty.snippet = snippet\EditorProperty.snippet
		snippet\EffectElement.snippet = snippet\EffectElement.snippet
		snippet\PropertyElement.snippet = snippet\PropertyElement.snippet
		snippet\PropertyElementMetadata.snippet = snippet\PropertyElementMetadata.snippet
	EndProjectSection
EndProject
Project("{2150E333-8FDC-42A3-9474-1A3956D46DE8}") = "test", "test", "{F2B6ED4E-9B6C-4228-A317-778BFDEDB18E}"
EndProject
Project("{9A19103F-16F7-4668-BE54-9A1E7A4F7556}") = "NUnitTestProject1", "test\NUnitTestProject1\NUnitTestProject1.csproj", "{0D01C73E-38A0-4463-B27C-89C3435B44AB}"
EndProject
Project("{9A19103F-16F7-4668-BE54-9A1E7A4F7556}") = "TestPlugin1", "test\TestPlugins\TestPlugin1\TestPlugin1.csproj", "{FF4A8179-BC20-4718-B426-2423265CF334}"
EndProject
Project("{9A19103F-16F7-4668-BE54-9A1E7A4F7556}") = "TestPlugin2", "test\TestPlugins\TestPlugin2\TestPlugin2.csproj", "{D320F6FA-71E8-4BE7-B9B0-231E9A21A66C}"
EndProject
Project("{2150E333-8FDC-42A3-9474-1A3956D46DE8}") = "props", "props", "{E5E8C675-AA90-4204-BCF4-D99A9E1F3783}"
	ProjectSection(SolutionItems) = preProject
		props\analyzer.props = props\analyzer.props
		props\common.props = props\common.props
		props\plugin.props = props\plugin.props
	EndProjectSection
EndProject
Project("{9A19103F-16F7-4668-BE54-9A1E7A4F7556}") = "BEditor.Audio", "src\BEditor.Audio\BEditor.Audio.csproj", "{6958A8FB-769F-4EE5-AC92-7407E6FFDD0B}"
EndProject
Project("{2150E333-8FDC-42A3-9474-1A3956D46DE8}") = "BEditor.Extensions", "BEditor.Extensions", "{79EFF8E6-ACFC-4358-B2BC-29507FAB0E7C}"
EndProject
Project("{9A19103F-16F7-4668-BE54-9A1E7A4F7556}") = "BEditor.Extensions.Svg", "src\BEditor.Extensions\BEditor.Extensions.Svg\BEditor.Extensions.Svg.csproj", "{C81E7A34-B7FD-4FA7-A5B3-5A75E4EA5958}"
EndProject
Project("{9A19103F-16F7-4668-BE54-9A1E7A4F7556}") = "BEditor.Console", "src\BEditor.Console\BEditor.Console.csproj", "{A775A576-29E7-4F11-A269-5C17944ED5CD}"
EndProject
Project("{9A19103F-16F7-4668-BE54-9A1E7A4F7556}") = "BEditor.Avalonia", "src\BEditor.Avalonia\BEditor.Avalonia.csproj", "{259028FE-2CFF-4A3A-91E9-8467B8DF7FFB}"
EndProject
Project("{9A19103F-16F7-4668-BE54-9A1E7A4F7556}") = "BEditor.Compute", "src\BEditor.Compute\BEditor.Compute.csproj", "{0B1590A9-A48F-480E-9D4D-5458F5270FEA}"
EndProject
Project("{9A19103F-16F7-4668-BE54-9A1E7A4F7556}") = "OpenCLTest", "test\OpenCLTest\OpenCLTest.csproj", "{914E2689-9B6C-4C2B-A6D5-C036C792FC53}"
EndProject
Project("{9A19103F-16F7-4668-BE54-9A1E7A4F7556}") = "Benchmark", "test\Benchmark\Benchmark.csproj", "{7FB4CA4E-79A3-47AD-801A-75BB4F205CA7}"
EndProject
Global
	GlobalSection(SolutionConfigurationPlatforms) = preSolution
		Debug|Any CPU = Debug|Any CPU
		Debug|ARM = Debug|ARM
		Debug|ARM64 = Debug|ARM64
		Debug|x64 = Debug|x64
		Debug|x86 = Debug|x86
		Release|Any CPU = Release|Any CPU
		Release|ARM = Release|ARM
		Release|ARM64 = Release|ARM64
		Release|x64 = Release|x64
		Release|x86 = Release|x86
	EndGlobalSection
	GlobalSection(ProjectConfigurationPlatforms) = postSolution
		{2B42ADD8-B8B0-4333-AD41-66F592107541}.Debug|Any CPU.ActiveCfg = Debug|Any CPU
		{2B42ADD8-B8B0-4333-AD41-66F592107541}.Debug|Any CPU.Build.0 = Debug|Any CPU
		{2B42ADD8-B8B0-4333-AD41-66F592107541}.Debug|ARM.ActiveCfg = Debug|Any CPU
		{2B42ADD8-B8B0-4333-AD41-66F592107541}.Debug|ARM.Build.0 = Debug|Any CPU
		{2B42ADD8-B8B0-4333-AD41-66F592107541}.Debug|ARM64.ActiveCfg = Debug|Any CPU
		{2B42ADD8-B8B0-4333-AD41-66F592107541}.Debug|ARM64.Build.0 = Debug|Any CPU
		{2B42ADD8-B8B0-4333-AD41-66F592107541}.Debug|x64.ActiveCfg = Debug|Any CPU
		{2B42ADD8-B8B0-4333-AD41-66F592107541}.Debug|x64.Build.0 = Debug|Any CPU
		{2B42ADD8-B8B0-4333-AD41-66F592107541}.Debug|x86.ActiveCfg = Debug|Any CPU
		{2B42ADD8-B8B0-4333-AD41-66F592107541}.Debug|x86.Build.0 = Debug|Any CPU
		{2B42ADD8-B8B0-4333-AD41-66F592107541}.Release|Any CPU.ActiveCfg = Release|Any CPU
		{2B42ADD8-B8B0-4333-AD41-66F592107541}.Release|Any CPU.Build.0 = Release|Any CPU
		{2B42ADD8-B8B0-4333-AD41-66F592107541}.Release|ARM.ActiveCfg = Release|Any CPU
		{2B42ADD8-B8B0-4333-AD41-66F592107541}.Release|ARM.Build.0 = Release|Any CPU
		{2B42ADD8-B8B0-4333-AD41-66F592107541}.Release|ARM64.ActiveCfg = Release|Any CPU
		{2B42ADD8-B8B0-4333-AD41-66F592107541}.Release|ARM64.Build.0 = Release|Any CPU
		{2B42ADD8-B8B0-4333-AD41-66F592107541}.Release|x64.ActiveCfg = Release|Any CPU
		{2B42ADD8-B8B0-4333-AD41-66F592107541}.Release|x64.Build.0 = Release|Any CPU
		{2B42ADD8-B8B0-4333-AD41-66F592107541}.Release|x86.ActiveCfg = Release|Any CPU
		{2B42ADD8-B8B0-4333-AD41-66F592107541}.Release|x86.Build.0 = Release|Any CPU
		{FFA62552-EC15-4E58-89B9-E866F39EC0D7}.Debug|Any CPU.ActiveCfg = Debug|Any CPU
		{FFA62552-EC15-4E58-89B9-E866F39EC0D7}.Debug|Any CPU.Build.0 = Debug|Any CPU
		{FFA62552-EC15-4E58-89B9-E866F39EC0D7}.Debug|ARM.ActiveCfg = Debug|Any CPU
		{FFA62552-EC15-4E58-89B9-E866F39EC0D7}.Debug|ARM.Build.0 = Debug|Any CPU
		{FFA62552-EC15-4E58-89B9-E866F39EC0D7}.Debug|ARM64.ActiveCfg = Debug|Any CPU
		{FFA62552-EC15-4E58-89B9-E866F39EC0D7}.Debug|ARM64.Build.0 = Debug|Any CPU
		{FFA62552-EC15-4E58-89B9-E866F39EC0D7}.Debug|x64.ActiveCfg = Debug|Any CPU
		{FFA62552-EC15-4E58-89B9-E866F39EC0D7}.Debug|x64.Build.0 = Debug|Any CPU
		{FFA62552-EC15-4E58-89B9-E866F39EC0D7}.Debug|x86.ActiveCfg = Debug|Any CPU
		{FFA62552-EC15-4E58-89B9-E866F39EC0D7}.Debug|x86.Build.0 = Debug|Any CPU
		{FFA62552-EC15-4E58-89B9-E866F39EC0D7}.Release|Any CPU.ActiveCfg = Release|Any CPU
		{FFA62552-EC15-4E58-89B9-E866F39EC0D7}.Release|Any CPU.Build.0 = Release|Any CPU
		{FFA62552-EC15-4E58-89B9-E866F39EC0D7}.Release|ARM.ActiveCfg = Release|Any CPU
		{FFA62552-EC15-4E58-89B9-E866F39EC0D7}.Release|ARM.Build.0 = Release|Any CPU
		{FFA62552-EC15-4E58-89B9-E866F39EC0D7}.Release|ARM64.ActiveCfg = Release|Any CPU
		{FFA62552-EC15-4E58-89B9-E866F39EC0D7}.Release|ARM64.Build.0 = Release|Any CPU
		{FFA62552-EC15-4E58-89B9-E866F39EC0D7}.Release|x64.ActiveCfg = Release|Any CPU
		{FFA62552-EC15-4E58-89B9-E866F39EC0D7}.Release|x64.Build.0 = Release|Any CPU
		{FFA62552-EC15-4E58-89B9-E866F39EC0D7}.Release|x86.ActiveCfg = Release|Any CPU
		{FFA62552-EC15-4E58-89B9-E866F39EC0D7}.Release|x86.Build.0 = Release|Any CPU
		{13C4920A-E169-414A-8B66-D76E21DD4C60}.Debug|Any CPU.ActiveCfg = Debug|Any CPU
		{13C4920A-E169-414A-8B66-D76E21DD4C60}.Debug|Any CPU.Build.0 = Debug|Any CPU
		{13C4920A-E169-414A-8B66-D76E21DD4C60}.Debug|ARM.ActiveCfg = Debug|Any CPU
		{13C4920A-E169-414A-8B66-D76E21DD4C60}.Debug|ARM.Build.0 = Debug|Any CPU
		{13C4920A-E169-414A-8B66-D76E21DD4C60}.Debug|ARM64.ActiveCfg = Debug|Any CPU
		{13C4920A-E169-414A-8B66-D76E21DD4C60}.Debug|ARM64.Build.0 = Debug|Any CPU
		{13C4920A-E169-414A-8B66-D76E21DD4C60}.Debug|x64.ActiveCfg = Debug|Any CPU
		{13C4920A-E169-414A-8B66-D76E21DD4C60}.Debug|x64.Build.0 = Debug|Any CPU
		{13C4920A-E169-414A-8B66-D76E21DD4C60}.Debug|x86.ActiveCfg = Debug|Any CPU
		{13C4920A-E169-414A-8B66-D76E21DD4C60}.Debug|x86.Build.0 = Debug|Any CPU
		{13C4920A-E169-414A-8B66-D76E21DD4C60}.Release|Any CPU.ActiveCfg = Release|Any CPU
		{13C4920A-E169-414A-8B66-D76E21DD4C60}.Release|Any CPU.Build.0 = Release|Any CPU
		{13C4920A-E169-414A-8B66-D76E21DD4C60}.Release|ARM.ActiveCfg = Release|Any CPU
		{13C4920A-E169-414A-8B66-D76E21DD4C60}.Release|ARM.Build.0 = Release|Any CPU
		{13C4920A-E169-414A-8B66-D76E21DD4C60}.Release|ARM64.ActiveCfg = Release|Any CPU
		{13C4920A-E169-414A-8B66-D76E21DD4C60}.Release|ARM64.Build.0 = Release|Any CPU
		{13C4920A-E169-414A-8B66-D76E21DD4C60}.Release|x64.ActiveCfg = Release|Any CPU
		{13C4920A-E169-414A-8B66-D76E21DD4C60}.Release|x64.Build.0 = Release|Any CPU
		{13C4920A-E169-414A-8B66-D76E21DD4C60}.Release|x86.ActiveCfg = Release|Any CPU
		{13C4920A-E169-414A-8B66-D76E21DD4C60}.Release|x86.Build.0 = Release|Any CPU
		{F706D349-AC5E-4448-8647-D9839EC1EC2B}.Debug|Any CPU.ActiveCfg = Debug|Any CPU
		{F706D349-AC5E-4448-8647-D9839EC1EC2B}.Debug|Any CPU.Build.0 = Debug|Any CPU
		{F706D349-AC5E-4448-8647-D9839EC1EC2B}.Debug|ARM.ActiveCfg = Debug|Any CPU
		{F706D349-AC5E-4448-8647-D9839EC1EC2B}.Debug|ARM.Build.0 = Debug|Any CPU
		{F706D349-AC5E-4448-8647-D9839EC1EC2B}.Debug|ARM64.ActiveCfg = Debug|Any CPU
		{F706D349-AC5E-4448-8647-D9839EC1EC2B}.Debug|ARM64.Build.0 = Debug|Any CPU
		{F706D349-AC5E-4448-8647-D9839EC1EC2B}.Debug|x64.ActiveCfg = Debug|Any CPU
		{F706D349-AC5E-4448-8647-D9839EC1EC2B}.Debug|x64.Build.0 = Debug|Any CPU
		{F706D349-AC5E-4448-8647-D9839EC1EC2B}.Debug|x86.ActiveCfg = Debug|Any CPU
		{F706D349-AC5E-4448-8647-D9839EC1EC2B}.Debug|x86.Build.0 = Debug|Any CPU
		{F706D349-AC5E-4448-8647-D9839EC1EC2B}.Release|Any CPU.ActiveCfg = Release|Any CPU
		{F706D349-AC5E-4448-8647-D9839EC1EC2B}.Release|Any CPU.Build.0 = Release|Any CPU
		{F706D349-AC5E-4448-8647-D9839EC1EC2B}.Release|ARM.ActiveCfg = Release|Any CPU
		{F706D349-AC5E-4448-8647-D9839EC1EC2B}.Release|ARM.Build.0 = Release|Any CPU
		{F706D349-AC5E-4448-8647-D9839EC1EC2B}.Release|ARM64.ActiveCfg = Release|Any CPU
		{F706D349-AC5E-4448-8647-D9839EC1EC2B}.Release|ARM64.Build.0 = Release|Any CPU
		{F706D349-AC5E-4448-8647-D9839EC1EC2B}.Release|x64.ActiveCfg = Release|Any CPU
		{F706D349-AC5E-4448-8647-D9839EC1EC2B}.Release|x64.Build.0 = Release|Any CPU
		{F706D349-AC5E-4448-8647-D9839EC1EC2B}.Release|x86.ActiveCfg = Release|Any CPU
		{F706D349-AC5E-4448-8647-D9839EC1EC2B}.Release|x86.Build.0 = Release|Any CPU
		{05BF235D-9975-4C6B-A8DC-5BFD0C131184}.Debug|Any CPU.ActiveCfg = Debug|Any CPU
		{05BF235D-9975-4C6B-A8DC-5BFD0C131184}.Debug|Any CPU.Build.0 = Debug|Any CPU
		{05BF235D-9975-4C6B-A8DC-5BFD0C131184}.Debug|ARM.ActiveCfg = Debug|Any CPU
		{05BF235D-9975-4C6B-A8DC-5BFD0C131184}.Debug|ARM.Build.0 = Debug|Any CPU
		{05BF235D-9975-4C6B-A8DC-5BFD0C131184}.Debug|ARM64.ActiveCfg = Debug|Any CPU
		{05BF235D-9975-4C6B-A8DC-5BFD0C131184}.Debug|ARM64.Build.0 = Debug|Any CPU
		{05BF235D-9975-4C6B-A8DC-5BFD0C131184}.Debug|x64.ActiveCfg = Debug|Any CPU
		{05BF235D-9975-4C6B-A8DC-5BFD0C131184}.Debug|x64.Build.0 = Debug|Any CPU
		{05BF235D-9975-4C6B-A8DC-5BFD0C131184}.Debug|x86.ActiveCfg = Debug|Any CPU
		{05BF235D-9975-4C6B-A8DC-5BFD0C131184}.Debug|x86.Build.0 = Debug|Any CPU
		{05BF235D-9975-4C6B-A8DC-5BFD0C131184}.Release|Any CPU.ActiveCfg = Release|Any CPU
		{05BF235D-9975-4C6B-A8DC-5BFD0C131184}.Release|Any CPU.Build.0 = Release|Any CPU
		{05BF235D-9975-4C6B-A8DC-5BFD0C131184}.Release|ARM.ActiveCfg = Release|Any CPU
		{05BF235D-9975-4C6B-A8DC-5BFD0C131184}.Release|ARM.Build.0 = Release|Any CPU
		{05BF235D-9975-4C6B-A8DC-5BFD0C131184}.Release|ARM64.ActiveCfg = Release|Any CPU
		{05BF235D-9975-4C6B-A8DC-5BFD0C131184}.Release|ARM64.Build.0 = Release|Any CPU
		{05BF235D-9975-4C6B-A8DC-5BFD0C131184}.Release|x64.ActiveCfg = Release|x64
		{05BF235D-9975-4C6B-A8DC-5BFD0C131184}.Release|x64.Build.0 = Release|x64
		{05BF235D-9975-4C6B-A8DC-5BFD0C131184}.Release|x86.ActiveCfg = Release|Any CPU
		{05BF235D-9975-4C6B-A8DC-5BFD0C131184}.Release|x86.Build.0 = Release|Any CPU
		{F27D85BD-EB0D-4896-853A-7EB8A80D81E0}.Debug|Any CPU.ActiveCfg = Debug|Any CPU
		{F27D85BD-EB0D-4896-853A-7EB8A80D81E0}.Debug|Any CPU.Build.0 = Debug|Any CPU
		{F27D85BD-EB0D-4896-853A-7EB8A80D81E0}.Debug|ARM.ActiveCfg = Debug|Any CPU
		{F27D85BD-EB0D-4896-853A-7EB8A80D81E0}.Debug|ARM.Build.0 = Debug|Any CPU
		{F27D85BD-EB0D-4896-853A-7EB8A80D81E0}.Debug|ARM64.ActiveCfg = Debug|Any CPU
		{F27D85BD-EB0D-4896-853A-7EB8A80D81E0}.Debug|ARM64.Build.0 = Debug|Any CPU
		{F27D85BD-EB0D-4896-853A-7EB8A80D81E0}.Debug|x64.ActiveCfg = Debug|Any CPU
		{F27D85BD-EB0D-4896-853A-7EB8A80D81E0}.Debug|x64.Build.0 = Debug|Any CPU
		{F27D85BD-EB0D-4896-853A-7EB8A80D81E0}.Debug|x86.ActiveCfg = Debug|Any CPU
		{F27D85BD-EB0D-4896-853A-7EB8A80D81E0}.Debug|x86.Build.0 = Debug|Any CPU
		{F27D85BD-EB0D-4896-853A-7EB8A80D81E0}.Release|Any CPU.ActiveCfg = Release|Any CPU
		{F27D85BD-EB0D-4896-853A-7EB8A80D81E0}.Release|Any CPU.Build.0 = Release|Any CPU
		{F27D85BD-EB0D-4896-853A-7EB8A80D81E0}.Release|ARM.ActiveCfg = Release|Any CPU
		{F27D85BD-EB0D-4896-853A-7EB8A80D81E0}.Release|ARM.Build.0 = Release|Any CPU
		{F27D85BD-EB0D-4896-853A-7EB8A80D81E0}.Release|ARM64.ActiveCfg = Release|Any CPU
		{F27D85BD-EB0D-4896-853A-7EB8A80D81E0}.Release|ARM64.Build.0 = Release|Any CPU
		{F27D85BD-EB0D-4896-853A-7EB8A80D81E0}.Release|x64.ActiveCfg = Release|Any CPU
		{F27D85BD-EB0D-4896-853A-7EB8A80D81E0}.Release|x64.Build.0 = Release|Any CPU
		{F27D85BD-EB0D-4896-853A-7EB8A80D81E0}.Release|x86.ActiveCfg = Release|Any CPU
		{F27D85BD-EB0D-4896-853A-7EB8A80D81E0}.Release|x86.Build.0 = Release|Any CPU
		{A4F74544-6796-4962-9283-603E7C0081A8}.Debug|Any CPU.ActiveCfg = Debug|Any CPU
		{A4F74544-6796-4962-9283-603E7C0081A8}.Debug|Any CPU.Build.0 = Debug|Any CPU
		{A4F74544-6796-4962-9283-603E7C0081A8}.Debug|ARM.ActiveCfg = Debug|Any CPU
		{A4F74544-6796-4962-9283-603E7C0081A8}.Debug|ARM.Build.0 = Debug|Any CPU
		{A4F74544-6796-4962-9283-603E7C0081A8}.Debug|ARM64.ActiveCfg = Debug|Any CPU
		{A4F74544-6796-4962-9283-603E7C0081A8}.Debug|ARM64.Build.0 = Debug|Any CPU
		{A4F74544-6796-4962-9283-603E7C0081A8}.Debug|x64.ActiveCfg = Debug|Any CPU
		{A4F74544-6796-4962-9283-603E7C0081A8}.Debug|x64.Build.0 = Debug|Any CPU
		{A4F74544-6796-4962-9283-603E7C0081A8}.Debug|x86.ActiveCfg = Debug|Any CPU
		{A4F74544-6796-4962-9283-603E7C0081A8}.Debug|x86.Build.0 = Debug|Any CPU
		{A4F74544-6796-4962-9283-603E7C0081A8}.Release|Any CPU.ActiveCfg = Release|Any CPU
		{A4F74544-6796-4962-9283-603E7C0081A8}.Release|Any CPU.Build.0 = Release|Any CPU
		{A4F74544-6796-4962-9283-603E7C0081A8}.Release|ARM.ActiveCfg = Release|Any CPU
		{A4F74544-6796-4962-9283-603E7C0081A8}.Release|ARM.Build.0 = Release|Any CPU
		{A4F74544-6796-4962-9283-603E7C0081A8}.Release|ARM64.ActiveCfg = Release|Any CPU
		{A4F74544-6796-4962-9283-603E7C0081A8}.Release|ARM64.Build.0 = Release|Any CPU
		{A4F74544-6796-4962-9283-603E7C0081A8}.Release|x64.ActiveCfg = Release|Any CPU
		{A4F74544-6796-4962-9283-603E7C0081A8}.Release|x64.Build.0 = Release|Any CPU
		{A4F74544-6796-4962-9283-603E7C0081A8}.Release|x86.ActiveCfg = Release|Any CPU
		{A4F74544-6796-4962-9283-603E7C0081A8}.Release|x86.Build.0 = Release|Any CPU
		{AAB16A69-D4D9-4DA8-A4F1-4417F908B00F}.Debug|Any CPU.ActiveCfg = Debug|Any CPU
		{AAB16A69-D4D9-4DA8-A4F1-4417F908B00F}.Debug|Any CPU.Build.0 = Debug|Any CPU
		{AAB16A69-D4D9-4DA8-A4F1-4417F908B00F}.Debug|ARM.ActiveCfg = Debug|Any CPU
		{AAB16A69-D4D9-4DA8-A4F1-4417F908B00F}.Debug|ARM.Build.0 = Debug|Any CPU
		{AAB16A69-D4D9-4DA8-A4F1-4417F908B00F}.Debug|ARM64.ActiveCfg = Debug|Any CPU
		{AAB16A69-D4D9-4DA8-A4F1-4417F908B00F}.Debug|ARM64.Build.0 = Debug|Any CPU
		{AAB16A69-D4D9-4DA8-A4F1-4417F908B00F}.Debug|x64.ActiveCfg = Debug|Any CPU
		{AAB16A69-D4D9-4DA8-A4F1-4417F908B00F}.Debug|x64.Build.0 = Debug|Any CPU
		{AAB16A69-D4D9-4DA8-A4F1-4417F908B00F}.Debug|x86.ActiveCfg = Debug|Any CPU
		{AAB16A69-D4D9-4DA8-A4F1-4417F908B00F}.Debug|x86.Build.0 = Debug|Any CPU
		{AAB16A69-D4D9-4DA8-A4F1-4417F908B00F}.Release|Any CPU.ActiveCfg = Release|Any CPU
		{AAB16A69-D4D9-4DA8-A4F1-4417F908B00F}.Release|Any CPU.Build.0 = Release|Any CPU
		{AAB16A69-D4D9-4DA8-A4F1-4417F908B00F}.Release|ARM.ActiveCfg = Release|Any CPU
		{AAB16A69-D4D9-4DA8-A4F1-4417F908B00F}.Release|ARM.Build.0 = Release|Any CPU
		{AAB16A69-D4D9-4DA8-A4F1-4417F908B00F}.Release|ARM64.ActiveCfg = Release|Any CPU
		{AAB16A69-D4D9-4DA8-A4F1-4417F908B00F}.Release|ARM64.Build.0 = Release|Any CPU
		{AAB16A69-D4D9-4DA8-A4F1-4417F908B00F}.Release|x64.ActiveCfg = Release|Any CPU
		{AAB16A69-D4D9-4DA8-A4F1-4417F908B00F}.Release|x64.Build.0 = Release|Any CPU
		{AAB16A69-D4D9-4DA8-A4F1-4417F908B00F}.Release|x86.ActiveCfg = Release|Any CPU
		{AAB16A69-D4D9-4DA8-A4F1-4417F908B00F}.Release|x86.Build.0 = Release|Any CPU
		{0D01C73E-38A0-4463-B27C-89C3435B44AB}.Debug|Any CPU.ActiveCfg = Debug|Any CPU
		{0D01C73E-38A0-4463-B27C-89C3435B44AB}.Debug|Any CPU.Build.0 = Debug|Any CPU
		{0D01C73E-38A0-4463-B27C-89C3435B44AB}.Debug|ARM.ActiveCfg = Debug|Any CPU
		{0D01C73E-38A0-4463-B27C-89C3435B44AB}.Debug|ARM.Build.0 = Debug|Any CPU
		{0D01C73E-38A0-4463-B27C-89C3435B44AB}.Debug|ARM64.ActiveCfg = Debug|Any CPU
		{0D01C73E-38A0-4463-B27C-89C3435B44AB}.Debug|ARM64.Build.0 = Debug|Any CPU
		{0D01C73E-38A0-4463-B27C-89C3435B44AB}.Debug|x64.ActiveCfg = Debug|Any CPU
		{0D01C73E-38A0-4463-B27C-89C3435B44AB}.Debug|x64.Build.0 = Debug|Any CPU
		{0D01C73E-38A0-4463-B27C-89C3435B44AB}.Debug|x86.ActiveCfg = Debug|Any CPU
		{0D01C73E-38A0-4463-B27C-89C3435B44AB}.Debug|x86.Build.0 = Debug|Any CPU
		{0D01C73E-38A0-4463-B27C-89C3435B44AB}.Release|Any CPU.ActiveCfg = Release|Any CPU
		{0D01C73E-38A0-4463-B27C-89C3435B44AB}.Release|Any CPU.Build.0 = Release|Any CPU
		{0D01C73E-38A0-4463-B27C-89C3435B44AB}.Release|ARM.ActiveCfg = Release|Any CPU
		{0D01C73E-38A0-4463-B27C-89C3435B44AB}.Release|ARM.Build.0 = Release|Any CPU
		{0D01C73E-38A0-4463-B27C-89C3435B44AB}.Release|ARM64.ActiveCfg = Release|Any CPU
		{0D01C73E-38A0-4463-B27C-89C3435B44AB}.Release|ARM64.Build.0 = Release|Any CPU
		{0D01C73E-38A0-4463-B27C-89C3435B44AB}.Release|x64.ActiveCfg = Release|Any CPU
		{0D01C73E-38A0-4463-B27C-89C3435B44AB}.Release|x64.Build.0 = Release|Any CPU
		{0D01C73E-38A0-4463-B27C-89C3435B44AB}.Release|x86.ActiveCfg = Release|Any CPU
		{0D01C73E-38A0-4463-B27C-89C3435B44AB}.Release|x86.Build.0 = Release|Any CPU
		{FF4A8179-BC20-4718-B426-2423265CF334}.Debug|Any CPU.ActiveCfg = Debug|Any CPU
		{FF4A8179-BC20-4718-B426-2423265CF334}.Debug|Any CPU.Build.0 = Debug|Any CPU
		{FF4A8179-BC20-4718-B426-2423265CF334}.Debug|ARM.ActiveCfg = Debug|Any CPU
		{FF4A8179-BC20-4718-B426-2423265CF334}.Debug|ARM.Build.0 = Debug|Any CPU
		{FF4A8179-BC20-4718-B426-2423265CF334}.Debug|ARM64.ActiveCfg = Debug|Any CPU
		{FF4A8179-BC20-4718-B426-2423265CF334}.Debug|ARM64.Build.0 = Debug|Any CPU
		{FF4A8179-BC20-4718-B426-2423265CF334}.Debug|x64.ActiveCfg = Debug|Any CPU
		{FF4A8179-BC20-4718-B426-2423265CF334}.Debug|x64.Build.0 = Debug|Any CPU
		{FF4A8179-BC20-4718-B426-2423265CF334}.Debug|x86.ActiveCfg = Debug|Any CPU
		{FF4A8179-BC20-4718-B426-2423265CF334}.Debug|x86.Build.0 = Debug|Any CPU
		{FF4A8179-BC20-4718-B426-2423265CF334}.Release|Any CPU.ActiveCfg = Release|Any CPU
		{FF4A8179-BC20-4718-B426-2423265CF334}.Release|Any CPU.Build.0 = Release|Any CPU
		{FF4A8179-BC20-4718-B426-2423265CF334}.Release|ARM.ActiveCfg = Release|Any CPU
		{FF4A8179-BC20-4718-B426-2423265CF334}.Release|ARM.Build.0 = Release|Any CPU
		{FF4A8179-BC20-4718-B426-2423265CF334}.Release|ARM64.ActiveCfg = Release|Any CPU
		{FF4A8179-BC20-4718-B426-2423265CF334}.Release|ARM64.Build.0 = Release|Any CPU
		{FF4A8179-BC20-4718-B426-2423265CF334}.Release|x64.ActiveCfg = Release|Any CPU
		{FF4A8179-BC20-4718-B426-2423265CF334}.Release|x64.Build.0 = Release|Any CPU
		{FF4A8179-BC20-4718-B426-2423265CF334}.Release|x86.ActiveCfg = Release|Any CPU
		{FF4A8179-BC20-4718-B426-2423265CF334}.Release|x86.Build.0 = Release|Any CPU
		{D320F6FA-71E8-4BE7-B9B0-231E9A21A66C}.Debug|Any CPU.ActiveCfg = Debug|Any CPU
		{D320F6FA-71E8-4BE7-B9B0-231E9A21A66C}.Debug|Any CPU.Build.0 = Debug|Any CPU
		{D320F6FA-71E8-4BE7-B9B0-231E9A21A66C}.Debug|ARM.ActiveCfg = Debug|Any CPU
		{D320F6FA-71E8-4BE7-B9B0-231E9A21A66C}.Debug|ARM.Build.0 = Debug|Any CPU
		{D320F6FA-71E8-4BE7-B9B0-231E9A21A66C}.Debug|ARM64.ActiveCfg = Debug|Any CPU
		{D320F6FA-71E8-4BE7-B9B0-231E9A21A66C}.Debug|ARM64.Build.0 = Debug|Any CPU
		{D320F6FA-71E8-4BE7-B9B0-231E9A21A66C}.Debug|x64.ActiveCfg = Debug|Any CPU
		{D320F6FA-71E8-4BE7-B9B0-231E9A21A66C}.Debug|x64.Build.0 = Debug|Any CPU
		{D320F6FA-71E8-4BE7-B9B0-231E9A21A66C}.Debug|x86.ActiveCfg = Debug|Any CPU
		{D320F6FA-71E8-4BE7-B9B0-231E9A21A66C}.Debug|x86.Build.0 = Debug|Any CPU
		{D320F6FA-71E8-4BE7-B9B0-231E9A21A66C}.Release|Any CPU.ActiveCfg = Release|Any CPU
		{D320F6FA-71E8-4BE7-B9B0-231E9A21A66C}.Release|Any CPU.Build.0 = Release|Any CPU
		{D320F6FA-71E8-4BE7-B9B0-231E9A21A66C}.Release|ARM.ActiveCfg = Release|Any CPU
		{D320F6FA-71E8-4BE7-B9B0-231E9A21A66C}.Release|ARM.Build.0 = Release|Any CPU
		{D320F6FA-71E8-4BE7-B9B0-231E9A21A66C}.Release|ARM64.ActiveCfg = Release|Any CPU
		{D320F6FA-71E8-4BE7-B9B0-231E9A21A66C}.Release|ARM64.Build.0 = Release|Any CPU
		{D320F6FA-71E8-4BE7-B9B0-231E9A21A66C}.Release|x64.ActiveCfg = Release|Any CPU
		{D320F6FA-71E8-4BE7-B9B0-231E9A21A66C}.Release|x64.Build.0 = Release|Any CPU
		{D320F6FA-71E8-4BE7-B9B0-231E9A21A66C}.Release|x86.ActiveCfg = Release|Any CPU
		{D320F6FA-71E8-4BE7-B9B0-231E9A21A66C}.Release|x86.Build.0 = Release|Any CPU
		{6958A8FB-769F-4EE5-AC92-7407E6FFDD0B}.Debug|Any CPU.ActiveCfg = Debug|Any CPU
		{6958A8FB-769F-4EE5-AC92-7407E6FFDD0B}.Debug|Any CPU.Build.0 = Debug|Any CPU
		{6958A8FB-769F-4EE5-AC92-7407E6FFDD0B}.Debug|ARM.ActiveCfg = Debug|Any CPU
		{6958A8FB-769F-4EE5-AC92-7407E6FFDD0B}.Debug|ARM.Build.0 = Debug|Any CPU
		{6958A8FB-769F-4EE5-AC92-7407E6FFDD0B}.Debug|ARM64.ActiveCfg = Debug|Any CPU
		{6958A8FB-769F-4EE5-AC92-7407E6FFDD0B}.Debug|ARM64.Build.0 = Debug|Any CPU
		{6958A8FB-769F-4EE5-AC92-7407E6FFDD0B}.Debug|x64.ActiveCfg = Debug|Any CPU
		{6958A8FB-769F-4EE5-AC92-7407E6FFDD0B}.Debug|x64.Build.0 = Debug|Any CPU
		{6958A8FB-769F-4EE5-AC92-7407E6FFDD0B}.Debug|x86.ActiveCfg = Debug|Any CPU
		{6958A8FB-769F-4EE5-AC92-7407E6FFDD0B}.Debug|x86.Build.0 = Debug|Any CPU
		{6958A8FB-769F-4EE5-AC92-7407E6FFDD0B}.Release|Any CPU.ActiveCfg = Release|Any CPU
		{6958A8FB-769F-4EE5-AC92-7407E6FFDD0B}.Release|Any CPU.Build.0 = Release|Any CPU
		{6958A8FB-769F-4EE5-AC92-7407E6FFDD0B}.Release|ARM.ActiveCfg = Release|Any CPU
		{6958A8FB-769F-4EE5-AC92-7407E6FFDD0B}.Release|ARM.Build.0 = Release|Any CPU
		{6958A8FB-769F-4EE5-AC92-7407E6FFDD0B}.Release|ARM64.ActiveCfg = Release|Any CPU
		{6958A8FB-769F-4EE5-AC92-7407E6FFDD0B}.Release|ARM64.Build.0 = Release|Any CPU
		{6958A8FB-769F-4EE5-AC92-7407E6FFDD0B}.Release|x64.ActiveCfg = Release|Any CPU
		{6958A8FB-769F-4EE5-AC92-7407E6FFDD0B}.Release|x64.Build.0 = Release|Any CPU
		{6958A8FB-769F-4EE5-AC92-7407E6FFDD0B}.Release|x86.ActiveCfg = Release|Any CPU
		{6958A8FB-769F-4EE5-AC92-7407E6FFDD0B}.Release|x86.Build.0 = Release|Any CPU
		{C81E7A34-B7FD-4FA7-A5B3-5A75E4EA5958}.Debug|Any CPU.ActiveCfg = Debug|Any CPU
		{C81E7A34-B7FD-4FA7-A5B3-5A75E4EA5958}.Debug|Any CPU.Build.0 = Debug|Any CPU
		{C81E7A34-B7FD-4FA7-A5B3-5A75E4EA5958}.Debug|ARM.ActiveCfg = Debug|Any CPU
		{C81E7A34-B7FD-4FA7-A5B3-5A75E4EA5958}.Debug|ARM.Build.0 = Debug|Any CPU
		{C81E7A34-B7FD-4FA7-A5B3-5A75E4EA5958}.Debug|ARM64.ActiveCfg = Debug|Any CPU
		{C81E7A34-B7FD-4FA7-A5B3-5A75E4EA5958}.Debug|ARM64.Build.0 = Debug|Any CPU
		{C81E7A34-B7FD-4FA7-A5B3-5A75E4EA5958}.Debug|x64.ActiveCfg = Debug|Any CPU
		{C81E7A34-B7FD-4FA7-A5B3-5A75E4EA5958}.Debug|x64.Build.0 = Debug|Any CPU
		{C81E7A34-B7FD-4FA7-A5B3-5A75E4EA5958}.Debug|x86.ActiveCfg = Debug|Any CPU
		{C81E7A34-B7FD-4FA7-A5B3-5A75E4EA5958}.Debug|x86.Build.0 = Debug|Any CPU
		{C81E7A34-B7FD-4FA7-A5B3-5A75E4EA5958}.Release|Any CPU.ActiveCfg = Release|Any CPU
		{C81E7A34-B7FD-4FA7-A5B3-5A75E4EA5958}.Release|Any CPU.Build.0 = Release|Any CPU
		{C81E7A34-B7FD-4FA7-A5B3-5A75E4EA5958}.Release|ARM.ActiveCfg = Release|Any CPU
		{C81E7A34-B7FD-4FA7-A5B3-5A75E4EA5958}.Release|ARM.Build.0 = Release|Any CPU
		{C81E7A34-B7FD-4FA7-A5B3-5A75E4EA5958}.Release|ARM64.ActiveCfg = Release|Any CPU
		{C81E7A34-B7FD-4FA7-A5B3-5A75E4EA5958}.Release|ARM64.Build.0 = Release|Any CPU
		{C81E7A34-B7FD-4FA7-A5B3-5A75E4EA5958}.Release|x64.ActiveCfg = Release|Any CPU
		{C81E7A34-B7FD-4FA7-A5B3-5A75E4EA5958}.Release|x64.Build.0 = Release|Any CPU
		{C81E7A34-B7FD-4FA7-A5B3-5A75E4EA5958}.Release|x86.ActiveCfg = Release|Any CPU
		{C81E7A34-B7FD-4FA7-A5B3-5A75E4EA5958}.Release|x86.Build.0 = Release|Any CPU
		{A775A576-29E7-4F11-A269-5C17944ED5CD}.Debug|Any CPU.ActiveCfg = Debug|Any CPU
		{A775A576-29E7-4F11-A269-5C17944ED5CD}.Debug|Any CPU.Build.0 = Debug|Any CPU
		{A775A576-29E7-4F11-A269-5C17944ED5CD}.Debug|ARM.ActiveCfg = Debug|Any CPU
		{A775A576-29E7-4F11-A269-5C17944ED5CD}.Debug|ARM.Build.0 = Debug|Any CPU
		{A775A576-29E7-4F11-A269-5C17944ED5CD}.Debug|ARM64.ActiveCfg = Debug|Any CPU
		{A775A576-29E7-4F11-A269-5C17944ED5CD}.Debug|ARM64.Build.0 = Debug|Any CPU
		{A775A576-29E7-4F11-A269-5C17944ED5CD}.Debug|x64.ActiveCfg = Debug|Any CPU
		{A775A576-29E7-4F11-A269-5C17944ED5CD}.Debug|x64.Build.0 = Debug|Any CPU
		{A775A576-29E7-4F11-A269-5C17944ED5CD}.Debug|x86.ActiveCfg = Debug|Any CPU
		{A775A576-29E7-4F11-A269-5C17944ED5CD}.Debug|x86.Build.0 = Debug|Any CPU
		{A775A576-29E7-4F11-A269-5C17944ED5CD}.Release|Any CPU.ActiveCfg = Release|Any CPU
		{A775A576-29E7-4F11-A269-5C17944ED5CD}.Release|Any CPU.Build.0 = Release|Any CPU
		{A775A576-29E7-4F11-A269-5C17944ED5CD}.Release|ARM.ActiveCfg = Release|Any CPU
		{A775A576-29E7-4F11-A269-5C17944ED5CD}.Release|ARM.Build.0 = Release|Any CPU
		{A775A576-29E7-4F11-A269-5C17944ED5CD}.Release|ARM64.ActiveCfg = Release|Any CPU
		{A775A576-29E7-4F11-A269-5C17944ED5CD}.Release|ARM64.Build.0 = Release|Any CPU
		{A775A576-29E7-4F11-A269-5C17944ED5CD}.Release|x64.ActiveCfg = Release|Any CPU
		{A775A576-29E7-4F11-A269-5C17944ED5CD}.Release|x64.Build.0 = Release|Any CPU
		{A775A576-29E7-4F11-A269-5C17944ED5CD}.Release|x86.ActiveCfg = Release|Any CPU
		{A775A576-29E7-4F11-A269-5C17944ED5CD}.Release|x86.Build.0 = Release|Any CPU
		{259028FE-2CFF-4A3A-91E9-8467B8DF7FFB}.Debug|Any CPU.ActiveCfg = Debug|Any CPU
		{259028FE-2CFF-4A3A-91E9-8467B8DF7FFB}.Debug|Any CPU.Build.0 = Debug|Any CPU
		{259028FE-2CFF-4A3A-91E9-8467B8DF7FFB}.Debug|ARM.ActiveCfg = Debug|Any CPU
		{259028FE-2CFF-4A3A-91E9-8467B8DF7FFB}.Debug|ARM.Build.0 = Debug|Any CPU
		{259028FE-2CFF-4A3A-91E9-8467B8DF7FFB}.Debug|ARM64.ActiveCfg = Debug|Any CPU
		{259028FE-2CFF-4A3A-91E9-8467B8DF7FFB}.Debug|ARM64.Build.0 = Debug|Any CPU
		{259028FE-2CFF-4A3A-91E9-8467B8DF7FFB}.Debug|x64.ActiveCfg = Debug|Any CPU
		{259028FE-2CFF-4A3A-91E9-8467B8DF7FFB}.Debug|x64.Build.0 = Debug|Any CPU
		{259028FE-2CFF-4A3A-91E9-8467B8DF7FFB}.Debug|x86.ActiveCfg = Debug|Any CPU
		{259028FE-2CFF-4A3A-91E9-8467B8DF7FFB}.Debug|x86.Build.0 = Debug|Any CPU
		{259028FE-2CFF-4A3A-91E9-8467B8DF7FFB}.Release|Any CPU.ActiveCfg = Release|Any CPU
		{259028FE-2CFF-4A3A-91E9-8467B8DF7FFB}.Release|Any CPU.Build.0 = Release|Any CPU
		{259028FE-2CFF-4A3A-91E9-8467B8DF7FFB}.Release|ARM.ActiveCfg = Release|Any CPU
		{259028FE-2CFF-4A3A-91E9-8467B8DF7FFB}.Release|ARM.Build.0 = Release|Any CPU
		{259028FE-2CFF-4A3A-91E9-8467B8DF7FFB}.Release|ARM64.ActiveCfg = Release|Any CPU
		{259028FE-2CFF-4A3A-91E9-8467B8DF7FFB}.Release|ARM64.Build.0 = Release|Any CPU
		{259028FE-2CFF-4A3A-91E9-8467B8DF7FFB}.Release|x64.ActiveCfg = Release|Any CPU
		{259028FE-2CFF-4A3A-91E9-8467B8DF7FFB}.Release|x64.Build.0 = Release|Any CPU
		{259028FE-2CFF-4A3A-91E9-8467B8DF7FFB}.Release|x86.ActiveCfg = Release|Any CPU
		{259028FE-2CFF-4A3A-91E9-8467B8DF7FFB}.Release|x86.Build.0 = Release|Any CPU
		{0B1590A9-A48F-480E-9D4D-5458F5270FEA}.Debug|Any CPU.ActiveCfg = Debug|Any CPU
		{0B1590A9-A48F-480E-9D4D-5458F5270FEA}.Debug|Any CPU.Build.0 = Debug|Any CPU
		{0B1590A9-A48F-480E-9D4D-5458F5270FEA}.Debug|ARM.ActiveCfg = Debug|Any CPU
		{0B1590A9-A48F-480E-9D4D-5458F5270FEA}.Debug|ARM.Build.0 = Debug|Any CPU
		{0B1590A9-A48F-480E-9D4D-5458F5270FEA}.Debug|ARM64.ActiveCfg = Debug|Any CPU
		{0B1590A9-A48F-480E-9D4D-5458F5270FEA}.Debug|ARM64.Build.0 = Debug|Any CPU
		{0B1590A9-A48F-480E-9D4D-5458F5270FEA}.Debug|x64.ActiveCfg = Debug|Any CPU
		{0B1590A9-A48F-480E-9D4D-5458F5270FEA}.Debug|x64.Build.0 = Debug|Any CPU
		{0B1590A9-A48F-480E-9D4D-5458F5270FEA}.Debug|x86.ActiveCfg = Debug|Any CPU
		{0B1590A9-A48F-480E-9D4D-5458F5270FEA}.Debug|x86.Build.0 = Debug|Any CPU
		{0B1590A9-A48F-480E-9D4D-5458F5270FEA}.Release|Any CPU.ActiveCfg = Release|Any CPU
		{0B1590A9-A48F-480E-9D4D-5458F5270FEA}.Release|Any CPU.Build.0 = Release|Any CPU
		{0B1590A9-A48F-480E-9D4D-5458F5270FEA}.Release|ARM.ActiveCfg = Release|Any CPU
		{0B1590A9-A48F-480E-9D4D-5458F5270FEA}.Release|ARM.Build.0 = Release|Any CPU
		{0B1590A9-A48F-480E-9D4D-5458F5270FEA}.Release|ARM64.ActiveCfg = Release|Any CPU
		{0B1590A9-A48F-480E-9D4D-5458F5270FEA}.Release|ARM64.Build.0 = Release|Any CPU
		{0B1590A9-A48F-480E-9D4D-5458F5270FEA}.Release|x64.ActiveCfg = Release|Any CPU
		{0B1590A9-A48F-480E-9D4D-5458F5270FEA}.Release|x64.Build.0 = Release|Any CPU
		{0B1590A9-A48F-480E-9D4D-5458F5270FEA}.Release|x86.ActiveCfg = Release|Any CPU
		{0B1590A9-A48F-480E-9D4D-5458F5270FEA}.Release|x86.Build.0 = Release|Any CPU
		{914E2689-9B6C-4C2B-A6D5-C036C792FC53}.Debug|Any CPU.ActiveCfg = Debug|Any CPU
		{914E2689-9B6C-4C2B-A6D5-C036C792FC53}.Debug|Any CPU.Build.0 = Debug|Any CPU
		{914E2689-9B6C-4C2B-A6D5-C036C792FC53}.Debug|ARM.ActiveCfg = Debug|Any CPU
		{914E2689-9B6C-4C2B-A6D5-C036C792FC53}.Debug|ARM.Build.0 = Debug|Any CPU
		{914E2689-9B6C-4C2B-A6D5-C036C792FC53}.Debug|ARM64.ActiveCfg = Debug|Any CPU
		{914E2689-9B6C-4C2B-A6D5-C036C792FC53}.Debug|ARM64.Build.0 = Debug|Any CPU
		{914E2689-9B6C-4C2B-A6D5-C036C792FC53}.Debug|x64.ActiveCfg = Debug|Any CPU
		{914E2689-9B6C-4C2B-A6D5-C036C792FC53}.Debug|x64.Build.0 = Debug|Any CPU
		{914E2689-9B6C-4C2B-A6D5-C036C792FC53}.Debug|x86.ActiveCfg = Debug|Any CPU
		{914E2689-9B6C-4C2B-A6D5-C036C792FC53}.Debug|x86.Build.0 = Debug|Any CPU
		{914E2689-9B6C-4C2B-A6D5-C036C792FC53}.Release|Any CPU.ActiveCfg = Release|Any CPU
		{914E2689-9B6C-4C2B-A6D5-C036C792FC53}.Release|Any CPU.Build.0 = Release|Any CPU
		{914E2689-9B6C-4C2B-A6D5-C036C792FC53}.Release|ARM.ActiveCfg = Release|Any CPU
		{914E2689-9B6C-4C2B-A6D5-C036C792FC53}.Release|ARM.Build.0 = Release|Any CPU
		{914E2689-9B6C-4C2B-A6D5-C036C792FC53}.Release|ARM64.ActiveCfg = Release|Any CPU
		{914E2689-9B6C-4C2B-A6D5-C036C792FC53}.Release|ARM64.Build.0 = Release|Any CPU
		{914E2689-9B6C-4C2B-A6D5-C036C792FC53}.Release|x64.ActiveCfg = Release|Any CPU
		{914E2689-9B6C-4C2B-A6D5-C036C792FC53}.Release|x64.Build.0 = Release|Any CPU
		{914E2689-9B6C-4C2B-A6D5-C036C792FC53}.Release|x86.ActiveCfg = Release|Any CPU
		{914E2689-9B6C-4C2B-A6D5-C036C792FC53}.Release|x86.Build.0 = Release|Any CPU
		{7FB4CA4E-79A3-47AD-801A-75BB4F205CA7}.Debug|Any CPU.ActiveCfg = Debug|Any CPU
		{7FB4CA4E-79A3-47AD-801A-75BB4F205CA7}.Debug|Any CPU.Build.0 = Debug|Any CPU
		{7FB4CA4E-79A3-47AD-801A-75BB4F205CA7}.Debug|ARM.ActiveCfg = Debug|Any CPU
		{7FB4CA4E-79A3-47AD-801A-75BB4F205CA7}.Debug|ARM.Build.0 = Debug|Any CPU
		{7FB4CA4E-79A3-47AD-801A-75BB4F205CA7}.Debug|ARM64.ActiveCfg = Debug|Any CPU
		{7FB4CA4E-79A3-47AD-801A-75BB4F205CA7}.Debug|ARM64.Build.0 = Debug|Any CPU
		{7FB4CA4E-79A3-47AD-801A-75BB4F205CA7}.Debug|x64.ActiveCfg = Debug|Any CPU
		{7FB4CA4E-79A3-47AD-801A-75BB4F205CA7}.Debug|x64.Build.0 = Debug|Any CPU
		{7FB4CA4E-79A3-47AD-801A-75BB4F205CA7}.Debug|x86.ActiveCfg = Debug|Any CPU
		{7FB4CA4E-79A3-47AD-801A-75BB4F205CA7}.Debug|x86.Build.0 = Debug|Any CPU
		{7FB4CA4E-79A3-47AD-801A-75BB4F205CA7}.Release|Any CPU.ActiveCfg = Release|Any CPU
		{7FB4CA4E-79A3-47AD-801A-75BB4F205CA7}.Release|Any CPU.Build.0 = Release|Any CPU
		{7FB4CA4E-79A3-47AD-801A-75BB4F205CA7}.Release|ARM.ActiveCfg = Release|Any CPU
		{7FB4CA4E-79A3-47AD-801A-75BB4F205CA7}.Release|ARM.Build.0 = Release|Any CPU
		{7FB4CA4E-79A3-47AD-801A-75BB4F205CA7}.Release|ARM64.ActiveCfg = Release|Any CPU
		{7FB4CA4E-79A3-47AD-801A-75BB4F205CA7}.Release|ARM64.Build.0 = Release|Any CPU
		{7FB4CA4E-79A3-47AD-801A-75BB4F205CA7}.Release|x64.ActiveCfg = Release|Any CPU
		{7FB4CA4E-79A3-47AD-801A-75BB4F205CA7}.Release|x64.Build.0 = Release|Any CPU
		{7FB4CA4E-79A3-47AD-801A-75BB4F205CA7}.Release|x86.ActiveCfg = Release|Any CPU
		{7FB4CA4E-79A3-47AD-801A-75BB4F205CA7}.Release|x86.Build.0 = Release|Any CPU
	EndGlobalSection
	GlobalSection(SolutionProperties) = preSolution
		HideSolutionNode = FALSE
	EndGlobalSection
	GlobalSection(NestedProjects) = preSolution
		{0D01C73E-38A0-4463-B27C-89C3435B44AB} = {F2B6ED4E-9B6C-4228-A317-778BFDEDB18E}
		{FF4A8179-BC20-4718-B426-2423265CF334} = {F2B6ED4E-9B6C-4228-A317-778BFDEDB18E}
		{D320F6FA-71E8-4BE7-B9B0-231E9A21A66C} = {F2B6ED4E-9B6C-4228-A317-778BFDEDB18E}
		{C81E7A34-B7FD-4FA7-A5B3-5A75E4EA5958} = {79EFF8E6-ACFC-4358-B2BC-29507FAB0E7C}
		{914E2689-9B6C-4C2B-A6D5-C036C792FC53} = {F2B6ED4E-9B6C-4228-A317-778BFDEDB18E}
		{7FB4CA4E-79A3-47AD-801A-75BB4F205CA7} = {F2B6ED4E-9B6C-4228-A317-778BFDEDB18E}
	EndGlobalSection
	GlobalSection(ExtensibilityGlobals) = postSolution
		SolutionGuid = {DE89E37C-E86B-4D45-9FC4-16522E4D9865}
	EndGlobalSection
EndGlobal
