
Microsoft Visual Studio Solution File, Format Version 12.00
# Visual Studio Version 16
VisualStudioVersion = 16.0.30114.105
MinimumVisualStudioVersion = 10.0.40219.1
Project("{2150E333-8FDC-42A3-9474-1A3956D46DE8}") = "src", "src", "{7FE512B7-E1B4-4275-9FBA-916877D3509F}"
	ProjectSection(SolutionItems) = preProject
		src\Directory.Build.props = src\Directory.Build.props
	EndProjectSection
EndProject
Project("{2150E333-8FDC-42A3-9474-1A3956D46DE8}") = "extensions", "extensions", "{3437934B-324E-4296-B776-F6433FC9CD98}"
EndProject
Project("{2150E333-8FDC-42A3-9474-1A3956D46DE8}") = "generator", "generator", "{BEDB6856-1463-4C6D-8490-511C1A9D78A4}"
EndProject
Project("{2150E333-8FDC-42A3-9474-1A3956D46DE8}") = "props", "props", "{9D217EAA-DF88-42D7-A0CA-02E5B7F9CD05}"
	ProjectSection(SolutionItems) = preProject
		props\analyzer.props = props\analyzer.props
		props\plugin.props = props\plugin.props
	EndProjectSection
EndProject
Project("{2150E333-8FDC-42A3-9474-1A3956D46DE8}") = "snippet", "snippet", "{39BF96E6-55EC-47FD-8201-568935D041DD}"
	ProjectSection(SolutionItems) = preProject
		snippet\EditingProperty.snippet = snippet\EditingProperty.snippet
		snippet\EditingPropertyOptions.snippet = snippet\EditingPropertyOptions.snippet
		snippet\EffectElement.snippet = snippet\EffectElement.snippet
		snippet\PropertyElement.snippet = snippet\PropertyElement.snippet
	EndProjectSection
EndProject
Project("{2150E333-8FDC-42A3-9474-1A3956D46DE8}") = "test", "test", "{F406E94E-67F5-43BA-AD63-6CC5E526BA89}"
EndProject
Project("{2150E333-8FDC-42A3-9474-1A3956D46DE8}") = "root", "root", "{65A7968B-18D8-4457-8EDE-7AAEFDEA288D}"
	ProjectSection(SolutionItems) = preProject
		.editorconfig = .editorconfig
		.gitignore = .gitignore
		ARCHITECTURE.md = ARCHITECTURE.md
		BEditor.code-workspace = BEditor.code-workspace
		build.cake = build.cake
		CodeAnalysis.ruleset = CodeAnalysis.ruleset
		CONTRIBUTING.md = CONTRIBUTING.md
		icon.png = icon.png
		icon.svg = icon.svg
		LICENSE = LICENSE
		LICENSES.md = LICENSES.md
		NuGet.Config = NuGet.Config
		README.md = README.md
		RELEASE_NOTES.md = RELEASE_NOTES.md
		SECURITY.md = SECURITY.md
		stylecop.json = stylecop.json
	EndProjectSection
EndProject
Project("{9A19103F-16F7-4668-BE54-9A1E7A4F7556}") = "SourceGenerator", "generator\SourceGenerator\SourceGenerator.csproj", "{EA6FFECF-270F-48E5-A30C-880BB431BB29}"
EndProject
Project("{9A19103F-16F7-4668-BE54-9A1E7A4F7556}") = "SourceGenerator.Tests", "generator\SourceGenerator.Tests\SourceGenerator.Tests.csproj", "{70158913-5B7F-4CD6-8A5E-3D9F8C1A9E1F}"
EndProject
Project("{9A19103F-16F7-4668-BE54-9A1E7A4F7556}") = "BEditor.Extensions.AviUtl", "extensions\BEditor.Extensions.AviUtl\BEditor.Extensions.AviUtl.csproj", "{98E77B53-EAC3-490F-A34F-171699980943}"
EndProject
Project("{9A19103F-16F7-4668-BE54-9A1E7A4F7556}") = "BEditor.Extensions.FFmpeg", "extensions\BEditor.Extensions.FFmpeg\BEditor.Extensions.FFmpeg.csproj", "{D50D99BE-4A36-4F34-84C5-34B3588115CA}"
EndProject
Project("{9A19103F-16F7-4668-BE54-9A1E7A4F7556}") = "BEditor.Extensions.Svg", "extensions\BEditor.Extensions.Svg\BEditor.Extensions.Svg.csproj", "{23964879-3FDC-43AF-8D52-2D2CD410E9EB}"
EndProject
Project("{9A19103F-16F7-4668-BE54-9A1E7A4F7556}") = "Benchmark", "test\Benchmark\Benchmark.csproj", "{83CDC7D5-C21F-4476-A616-D8EBC646F5DA}"
EndProject
Project("{9A19103F-16F7-4668-BE54-9A1E7A4F7556}") = "DrawingTest", "test\DrawingTest\DrawingTest.csproj", "{C7615B0C-40A1-480E-AEEC-6D594CB6BBF1}"
EndProject
Project("{9A19103F-16F7-4668-BE54-9A1E7A4F7556}") = "NUnitTestProject1", "test\NUnitTestProject1\NUnitTestProject1.csproj", "{7C66D730-5BF3-482C-B535-F3E6548FA26A}"
EndProject
Project("{9A19103F-16F7-4668-BE54-9A1E7A4F7556}") = "OpenCLTest", "test\OpenCLTest\OpenCLTest.csproj", "{675D47AF-BB2D-4BDA-AA9B-89311F7E541B}"
EndProject
Project("{2150E333-8FDC-42A3-9474-1A3956D46DE8}") = "executable", "executable", "{6DA49B16-349F-4513-8590-D2B4632B6A0D}"
EndProject
Project("{9A19103F-16F7-4668-BE54-9A1E7A4F7556}") = "BEditor.Avalonia", "src\executable\BEditor.Avalonia\BEditor.Avalonia.csproj", "{2853FDAB-51B8-4A2B-8375-B5E89E1DEEFD}"
EndProject
Project("{9A19103F-16F7-4668-BE54-9A1E7A4F7556}") = "BEditor.PackageInstaller", "src\executable\BEditor.PackageInstaller\BEditor.PackageInstaller.csproj", "{D7EAEDF7-EFC1-4690-885F-363F861E2077}"
EndProject
Project("{2150E333-8FDC-42A3-9474-1A3956D46DE8}") = "libraries", "libraries", "{C8421BCD-75F3-47F8-85C8-FD47D2807F9C}"
EndProject
Project("{9A19103F-16F7-4668-BE54-9A1E7A4F7556}") = "BEditor.Audio", "src\libraries\BEditor.Audio\BEditor.Audio.csproj", "{76DBAFC6-374A-4D1D-B4E7-C387A4D3DF86}"
EndProject
Project("{9A19103F-16F7-4668-BE54-9A1E7A4F7556}") = "BEditor.Base", "src\libraries\BEditor.Base\BEditor.Base.csproj", "{33AAC9D3-7927-4C8E-AAF4-E166F61F4130}"
EndProject
Project("{9A19103F-16F7-4668-BE54-9A1E7A4F7556}") = "BEditor.Compute", "src\libraries\BEditor.Compute\BEditor.Compute.csproj", "{80C5AF8F-3209-4FBF-9592-7DF182FC94E0}"
EndProject
Project("{9A19103F-16F7-4668-BE54-9A1E7A4F7556}") = "BEditor.Core", "src\libraries\BEditor.Core\BEditor.Core.csproj", "{342BBF67-FE7E-4406-8167-FD66BB57B85F}"
EndProject
Project("{9A19103F-16F7-4668-BE54-9A1E7A4F7556}") = "BEditor.Drawing", "src\libraries\BEditor.Drawing\BEditor.Drawing.csproj", "{89EF11AB-317D-4568-BD0E-7A63C8B648B3}"
EndProject
Project("{9A19103F-16F7-4668-BE54-9A1E7A4F7556}") = "BEditor.Media", "src\libraries\BEditor.Media\BEditor.Media.csproj", "{09FAE411-8986-49FF-BD78-BF8E183F5340}"
EndProject
Project("{9A19103F-16F7-4668-BE54-9A1E7A4F7556}") = "BEditor.Packaging", "src\libraries\BEditor.Packaging\BEditor.Packaging.csproj", "{207E8719-532A-4D76-B89E-D0EB0552B673}"
EndProject
Project("{9A19103F-16F7-4668-BE54-9A1E7A4F7556}") = "BEditor.Primitive", "src\libraries\BEditor.Primitive\BEditor.Primitive.csproj", "{06802D60-FE1C-4C7A-974F-20DCE729BDB5}"
EndProject
Project("{9A19103F-16F7-4668-BE54-9A1E7A4F7556}") = "BEditor.Settings", "src\libraries\BEditor.Settings\BEditor.Settings.csproj", "{E07ED3D1-0D6C-4696-B756-7ECA627DF953}"
EndProject
Project("{D954291E-2A0B-460D-934E-DC6B0785DB48}") = "Shared", "src\libraries\Shared\Shared.shproj", "{865E19ED-CB17-4F80-80BD-5300D135B598}"
EndProject
Project("{9A19103F-16F7-4668-BE54-9A1E7A4F7556}") = "BEditor.Graphics", "src\libraries\BEditor.Graphics\BEditor.Graphics.csproj", "{339FD8A4-79C6-4773-A7E3-85D2AADCDD74}"
EndProject
Project("{9A19103F-16F7-4668-BE54-9A1E7A4F7556}") = "BEditor.Graphics.OpenGL", "src\libraries\BEditor.Graphics.OpenGL\BEditor.Graphics.OpenGL.csproj", "{A9A06B48-9E26-4094-AF1D-057A9D225A39}"
EndProject
Project("{9A19103F-16F7-4668-BE54-9A1E7A4F7556}") = "BEditor.Graphics.Skia", "src\libraries\BEditor.Graphics.Skia\BEditor.Graphics.Skia.csproj", "{C9AB399C-CA41-4F78-BA14-D4695451DD35}"
EndProject
Project("{9A19103F-16F7-4668-BE54-9A1E7A4F7556}") = "BEditor.Graphics.Veldrid", "src\libraries\BEditor.Graphics.Veldrid\BEditor.Graphics.Veldrid.csproj", "{BB2E2B01-5EBD-44F7-97CD-614C08A6AF01}"
EndProject
Project("{FAE04EC0-301F-11D3-BF4B-00C04F79EFBC}") = "BEditor.Graphics.Mock", "src\libraries\BEditor.Graphics.Mock\BEditor.Graphics.Mock.csproj", "{37C7AA5F-01F6-4BB5-83AE-636A85A2E0DC}"
EndProject
Global
	GlobalSection(SharedMSBuildProjectFiles) = preSolution
		src\libraries\Shared\Shared.projitems*{06802d60-fe1c-4c7a-974f-20dce729bdb5}*SharedItemsImports = 5
		src\libraries\Shared\Shared.projitems*{09fae411-8986-49ff-bd78-bf8e183f5340}*SharedItemsImports = 5
		src\libraries\Shared\Shared.projitems*{865e19ed-cb17-4f80-80bd-5300d135b598}*SharedItemsImports = 13
		src\libraries\Shared\Shared.projitems*{89ef11ab-317d-4568-bd0e-7a63c8b648b3}*SharedItemsImports = 5
	EndGlobalSection
	GlobalSection(SolutionConfigurationPlatforms) = preSolution
		Debug|Any CPU = Debug|Any CPU
		Release|Any CPU = Release|Any CPU
	EndGlobalSection
	GlobalSection(ProjectConfigurationPlatforms) = postSolution
		{EA6FFECF-270F-48E5-A30C-880BB431BB29}.Debug|Any CPU.ActiveCfg = Debug|Any CPU
		{EA6FFECF-270F-48E5-A30C-880BB431BB29}.Debug|Any CPU.Build.0 = Debug|Any CPU
		{EA6FFECF-270F-48E5-A30C-880BB431BB29}.Release|Any CPU.ActiveCfg = Release|Any CPU
		{EA6FFECF-270F-48E5-A30C-880BB431BB29}.Release|Any CPU.Build.0 = Release|Any CPU
		{70158913-5B7F-4CD6-8A5E-3D9F8C1A9E1F}.Debug|Any CPU.ActiveCfg = Debug|Any CPU
		{70158913-5B7F-4CD6-8A5E-3D9F8C1A9E1F}.Debug|Any CPU.Build.0 = Debug|Any CPU
		{70158913-5B7F-4CD6-8A5E-3D9F8C1A9E1F}.Release|Any CPU.ActiveCfg = Release|Any CPU
		{70158913-5B7F-4CD6-8A5E-3D9F8C1A9E1F}.Release|Any CPU.Build.0 = Release|Any CPU
		{98E77B53-EAC3-490F-A34F-171699980943}.Debug|Any CPU.ActiveCfg = Debug|Any CPU
		{98E77B53-EAC3-490F-A34F-171699980943}.Debug|Any CPU.Build.0 = Debug|Any CPU
		{98E77B53-EAC3-490F-A34F-171699980943}.Release|Any CPU.ActiveCfg = Release|Any CPU
		{98E77B53-EAC3-490F-A34F-171699980943}.Release|Any CPU.Build.0 = Release|Any CPU
		{D50D99BE-4A36-4F34-84C5-34B3588115CA}.Debug|Any CPU.ActiveCfg = Debug|Any CPU
		{D50D99BE-4A36-4F34-84C5-34B3588115CA}.Debug|Any CPU.Build.0 = Debug|Any CPU
		{D50D99BE-4A36-4F34-84C5-34B3588115CA}.Release|Any CPU.ActiveCfg = Release|Any CPU
		{D50D99BE-4A36-4F34-84C5-34B3588115CA}.Release|Any CPU.Build.0 = Release|Any CPU
		{23964879-3FDC-43AF-8D52-2D2CD410E9EB}.Debug|Any CPU.ActiveCfg = Debug|Any CPU
		{23964879-3FDC-43AF-8D52-2D2CD410E9EB}.Debug|Any CPU.Build.0 = Debug|Any CPU
		{23964879-3FDC-43AF-8D52-2D2CD410E9EB}.Release|Any CPU.ActiveCfg = Release|Any CPU
		{23964879-3FDC-43AF-8D52-2D2CD410E9EB}.Release|Any CPU.Build.0 = Release|Any CPU
		{83CDC7D5-C21F-4476-A616-D8EBC646F5DA}.Debug|Any CPU.ActiveCfg = Debug|Any CPU
		{83CDC7D5-C21F-4476-A616-D8EBC646F5DA}.Debug|Any CPU.Build.0 = Debug|Any CPU
		{83CDC7D5-C21F-4476-A616-D8EBC646F5DA}.Release|Any CPU.ActiveCfg = Release|Any CPU
		{83CDC7D5-C21F-4476-A616-D8EBC646F5DA}.Release|Any CPU.Build.0 = Release|Any CPU
		{C7615B0C-40A1-480E-AEEC-6D594CB6BBF1}.Debug|Any CPU.ActiveCfg = Debug|Any CPU
		{C7615B0C-40A1-480E-AEEC-6D594CB6BBF1}.Debug|Any CPU.Build.0 = Debug|Any CPU
		{C7615B0C-40A1-480E-AEEC-6D594CB6BBF1}.Release|Any CPU.ActiveCfg = Release|Any CPU
		{C7615B0C-40A1-480E-AEEC-6D594CB6BBF1}.Release|Any CPU.Build.0 = Release|Any CPU
		{7C66D730-5BF3-482C-B535-F3E6548FA26A}.Debug|Any CPU.ActiveCfg = Debug|Any CPU
		{7C66D730-5BF3-482C-B535-F3E6548FA26A}.Debug|Any CPU.Build.0 = Debug|Any CPU
		{7C66D730-5BF3-482C-B535-F3E6548FA26A}.Release|Any CPU.ActiveCfg = Release|Any CPU
		{7C66D730-5BF3-482C-B535-F3E6548FA26A}.Release|Any CPU.Build.0 = Release|Any CPU
		{675D47AF-BB2D-4BDA-AA9B-89311F7E541B}.Debug|Any CPU.ActiveCfg = Debug|Any CPU
		{675D47AF-BB2D-4BDA-AA9B-89311F7E541B}.Debug|Any CPU.Build.0 = Debug|Any CPU
		{675D47AF-BB2D-4BDA-AA9B-89311F7E541B}.Release|Any CPU.ActiveCfg = Release|Any CPU
		{675D47AF-BB2D-4BDA-AA9B-89311F7E541B}.Release|Any CPU.Build.0 = Release|Any CPU
		{2853FDAB-51B8-4A2B-8375-B5E89E1DEEFD}.Debug|Any CPU.ActiveCfg = Debug|Any CPU
		{2853FDAB-51B8-4A2B-8375-B5E89E1DEEFD}.Debug|Any CPU.Build.0 = Debug|Any CPU
		{2853FDAB-51B8-4A2B-8375-B5E89E1DEEFD}.Release|Any CPU.ActiveCfg = Release|Any CPU
		{2853FDAB-51B8-4A2B-8375-B5E89E1DEEFD}.Release|Any CPU.Build.0 = Release|Any CPU
		{D7EAEDF7-EFC1-4690-885F-363F861E2077}.Debug|Any CPU.ActiveCfg = Debug|Any CPU
		{D7EAEDF7-EFC1-4690-885F-363F861E2077}.Debug|Any CPU.Build.0 = Debug|Any CPU
		{D7EAEDF7-EFC1-4690-885F-363F861E2077}.Release|Any CPU.ActiveCfg = Release|Any CPU
		{D7EAEDF7-EFC1-4690-885F-363F861E2077}.Release|Any CPU.Build.0 = Release|Any CPU
		{76DBAFC6-374A-4D1D-B4E7-C387A4D3DF86}.Debug|Any CPU.ActiveCfg = Debug|Any CPU
		{76DBAFC6-374A-4D1D-B4E7-C387A4D3DF86}.Debug|Any CPU.Build.0 = Debug|Any CPU
		{76DBAFC6-374A-4D1D-B4E7-C387A4D3DF86}.Release|Any CPU.ActiveCfg = Release|Any CPU
		{76DBAFC6-374A-4D1D-B4E7-C387A4D3DF86}.Release|Any CPU.Build.0 = Release|Any CPU
		{33AAC9D3-7927-4C8E-AAF4-E166F61F4130}.Debug|Any CPU.ActiveCfg = Debug|Any CPU
		{33AAC9D3-7927-4C8E-AAF4-E166F61F4130}.Debug|Any CPU.Build.0 = Debug|Any CPU
		{33AAC9D3-7927-4C8E-AAF4-E166F61F4130}.Release|Any CPU.ActiveCfg = Release|Any CPU
		{33AAC9D3-7927-4C8E-AAF4-E166F61F4130}.Release|Any CPU.Build.0 = Release|Any CPU
		{80C5AF8F-3209-4FBF-9592-7DF182FC94E0}.Debug|Any CPU.ActiveCfg = Debug|Any CPU
		{80C5AF8F-3209-4FBF-9592-7DF182FC94E0}.Debug|Any CPU.Build.0 = Debug|Any CPU
		{80C5AF8F-3209-4FBF-9592-7DF182FC94E0}.Release|Any CPU.ActiveCfg = Release|Any CPU
		{80C5AF8F-3209-4FBF-9592-7DF182FC94E0}.Release|Any CPU.Build.0 = Release|Any CPU
		{342BBF67-FE7E-4406-8167-FD66BB57B85F}.Debug|Any CPU.ActiveCfg = Debug|Any CPU
		{342BBF67-FE7E-4406-8167-FD66BB57B85F}.Debug|Any CPU.Build.0 = Debug|Any CPU
		{342BBF67-FE7E-4406-8167-FD66BB57B85F}.Release|Any CPU.ActiveCfg = Release|Any CPU
		{342BBF67-FE7E-4406-8167-FD66BB57B85F}.Release|Any CPU.Build.0 = Release|Any CPU
		{89EF11AB-317D-4568-BD0E-7A63C8B648B3}.Debug|Any CPU.ActiveCfg = Debug|Any CPU
		{89EF11AB-317D-4568-BD0E-7A63C8B648B3}.Debug|Any CPU.Build.0 = Debug|Any CPU
		{89EF11AB-317D-4568-BD0E-7A63C8B648B3}.Release|Any CPU.ActiveCfg = Release|Any CPU
		{89EF11AB-317D-4568-BD0E-7A63C8B648B3}.Release|Any CPU.Build.0 = Release|Any CPU
		{09FAE411-8986-49FF-BD78-BF8E183F5340}.Debug|Any CPU.ActiveCfg = Debug|Any CPU
		{09FAE411-8986-49FF-BD78-BF8E183F5340}.Debug|Any CPU.Build.0 = Debug|Any CPU
		{09FAE411-8986-49FF-BD78-BF8E183F5340}.Release|Any CPU.ActiveCfg = Release|Any CPU
		{09FAE411-8986-49FF-BD78-BF8E183F5340}.Release|Any CPU.Build.0 = Release|Any CPU
		{207E8719-532A-4D76-B89E-D0EB0552B673}.Debug|Any CPU.ActiveCfg = Debug|Any CPU
		{207E8719-532A-4D76-B89E-D0EB0552B673}.Debug|Any CPU.Build.0 = Debug|Any CPU
		{207E8719-532A-4D76-B89E-D0EB0552B673}.Release|Any CPU.ActiveCfg = Release|Any CPU
		{207E8719-532A-4D76-B89E-D0EB0552B673}.Release|Any CPU.Build.0 = Release|Any CPU
		{06802D60-FE1C-4C7A-974F-20DCE729BDB5}.Debug|Any CPU.ActiveCfg = Debug|Any CPU
		{06802D60-FE1C-4C7A-974F-20DCE729BDB5}.Debug|Any CPU.Build.0 = Debug|Any CPU
		{06802D60-FE1C-4C7A-974F-20DCE729BDB5}.Release|Any CPU.ActiveCfg = Release|Any CPU
		{06802D60-FE1C-4C7A-974F-20DCE729BDB5}.Release|Any CPU.Build.0 = Release|Any CPU
		{E07ED3D1-0D6C-4696-B756-7ECA627DF953}.Debug|Any CPU.ActiveCfg = Debug|Any CPU
		{E07ED3D1-0D6C-4696-B756-7ECA627DF953}.Debug|Any CPU.Build.0 = Debug|Any CPU
		{E07ED3D1-0D6C-4696-B756-7ECA627DF953}.Release|Any CPU.ActiveCfg = Release|Any CPU
		{E07ED3D1-0D6C-4696-B756-7ECA627DF953}.Release|Any CPU.Build.0 = Release|Any CPU
		{339FD8A4-79C6-4773-A7E3-85D2AADCDD74}.Debug|Any CPU.ActiveCfg = Debug|Any CPU
		{339FD8A4-79C6-4773-A7E3-85D2AADCDD74}.Debug|Any CPU.Build.0 = Debug|Any CPU
		{339FD8A4-79C6-4773-A7E3-85D2AADCDD74}.Release|Any CPU.ActiveCfg = Release|Any CPU
		{339FD8A4-79C6-4773-A7E3-85D2AADCDD74}.Release|Any CPU.Build.0 = Release|Any CPU
		{A9A06B48-9E26-4094-AF1D-057A9D225A39}.Debug|Any CPU.ActiveCfg = Debug|Any CPU
		{A9A06B48-9E26-4094-AF1D-057A9D225A39}.Debug|Any CPU.Build.0 = Debug|Any CPU
		{A9A06B48-9E26-4094-AF1D-057A9D225A39}.Release|Any CPU.ActiveCfg = Release|Any CPU
		{A9A06B48-9E26-4094-AF1D-057A9D225A39}.Release|Any CPU.Build.0 = Release|Any CPU
		{C9AB399C-CA41-4F78-BA14-D4695451DD35}.Debug|Any CPU.ActiveCfg = Debug|Any CPU
		{C9AB399C-CA41-4F78-BA14-D4695451DD35}.Debug|Any CPU.Build.0 = Debug|Any CPU
		{C9AB399C-CA41-4F78-BA14-D4695451DD35}.Release|Any CPU.ActiveCfg = Release|Any CPU
		{C9AB399C-CA41-4F78-BA14-D4695451DD35}.Release|Any CPU.Build.0 = Release|Any CPU
		{BB2E2B01-5EBD-44F7-97CD-614C08A6AF01}.Debug|Any CPU.ActiveCfg = Debug|Any CPU
		{BB2E2B01-5EBD-44F7-97CD-614C08A6AF01}.Debug|Any CPU.Build.0 = Debug|Any CPU
		{BB2E2B01-5EBD-44F7-97CD-614C08A6AF01}.Release|Any CPU.ActiveCfg = Release|Any CPU
		{BB2E2B01-5EBD-44F7-97CD-614C08A6AF01}.Release|Any CPU.Build.0 = Release|Any CPU
		{37C7AA5F-01F6-4BB5-83AE-636A85A2E0DC}.Debug|Any CPU.ActiveCfg = Debug|Any CPU
		{37C7AA5F-01F6-4BB5-83AE-636A85A2E0DC}.Debug|Any CPU.Build.0 = Debug|Any CPU
		{37C7AA5F-01F6-4BB5-83AE-636A85A2E0DC}.Release|Any CPU.ActiveCfg = Release|Any CPU
		{37C7AA5F-01F6-4BB5-83AE-636A85A2E0DC}.Release|Any CPU.Build.0 = Release|Any CPU
	EndGlobalSection
	GlobalSection(SolutionProperties) = preSolution
		HideSolutionNode = FALSE
	EndGlobalSection
	GlobalSection(NestedProjects) = preSolution
		{EA6FFECF-270F-48E5-A30C-880BB431BB29} = {BEDB6856-1463-4C6D-8490-511C1A9D78A4}
		{70158913-5B7F-4CD6-8A5E-3D9F8C1A9E1F} = {BEDB6856-1463-4C6D-8490-511C1A9D78A4}
		{98E77B53-EAC3-490F-A34F-171699980943} = {3437934B-324E-4296-B776-F6433FC9CD98}
		{D50D99BE-4A36-4F34-84C5-34B3588115CA} = {3437934B-324E-4296-B776-F6433FC9CD98}
		{23964879-3FDC-43AF-8D52-2D2CD410E9EB} = {3437934B-324E-4296-B776-F6433FC9CD98}
		{83CDC7D5-C21F-4476-A616-D8EBC646F5DA} = {F406E94E-67F5-43BA-AD63-6CC5E526BA89}
		{C7615B0C-40A1-480E-AEEC-6D594CB6BBF1} = {F406E94E-67F5-43BA-AD63-6CC5E526BA89}
		{7C66D730-5BF3-482C-B535-F3E6548FA26A} = {F406E94E-67F5-43BA-AD63-6CC5E526BA89}
		{675D47AF-BB2D-4BDA-AA9B-89311F7E541B} = {F406E94E-67F5-43BA-AD63-6CC5E526BA89}
		{6DA49B16-349F-4513-8590-D2B4632B6A0D} = {7FE512B7-E1B4-4275-9FBA-916877D3509F}
		{2853FDAB-51B8-4A2B-8375-B5E89E1DEEFD} = {6DA49B16-349F-4513-8590-D2B4632B6A0D}
		{D7EAEDF7-EFC1-4690-885F-363F861E2077} = {6DA49B16-349F-4513-8590-D2B4632B6A0D}
		{C8421BCD-75F3-47F8-85C8-FD47D2807F9C} = {7FE512B7-E1B4-4275-9FBA-916877D3509F}
		{76DBAFC6-374A-4D1D-B4E7-C387A4D3DF86} = {C8421BCD-75F3-47F8-85C8-FD47D2807F9C}
		{33AAC9D3-7927-4C8E-AAF4-E166F61F4130} = {C8421BCD-75F3-47F8-85C8-FD47D2807F9C}
		{80C5AF8F-3209-4FBF-9592-7DF182FC94E0} = {C8421BCD-75F3-47F8-85C8-FD47D2807F9C}
		{342BBF67-FE7E-4406-8167-FD66BB57B85F} = {C8421BCD-75F3-47F8-85C8-FD47D2807F9C}
		{89EF11AB-317D-4568-BD0E-7A63C8B648B3} = {C8421BCD-75F3-47F8-85C8-FD47D2807F9C}
		{09FAE411-8986-49FF-BD78-BF8E183F5340} = {C8421BCD-75F3-47F8-85C8-FD47D2807F9C}
		{207E8719-532A-4D76-B89E-D0EB0552B673} = {C8421BCD-75F3-47F8-85C8-FD47D2807F9C}
		{06802D60-FE1C-4C7A-974F-20DCE729BDB5} = {C8421BCD-75F3-47F8-85C8-FD47D2807F9C}
		{E07ED3D1-0D6C-4696-B756-7ECA627DF953} = {C8421BCD-75F3-47F8-85C8-FD47D2807F9C}
		{865E19ED-CB17-4F80-80BD-5300D135B598} = {C8421BCD-75F3-47F8-85C8-FD47D2807F9C}
		{339FD8A4-79C6-4773-A7E3-85D2AADCDD74} = {C8421BCD-75F3-47F8-85C8-FD47D2807F9C}
		{A9A06B48-9E26-4094-AF1D-057A9D225A39} = {C8421BCD-75F3-47F8-85C8-FD47D2807F9C}
		{C9AB399C-CA41-4F78-BA14-D4695451DD35} = {C8421BCD-75F3-47F8-85C8-FD47D2807F9C}
		{BB2E2B01-5EBD-44F7-97CD-614C08A6AF01} = {C8421BCD-75F3-47F8-85C8-FD47D2807F9C}
		{37C7AA5F-01F6-4BB5-83AE-636A85A2E0DC} = {C8421BCD-75F3-47F8-85C8-FD47D2807F9C}
	EndGlobalSection
	GlobalSection(ExtensibilityGlobals) = postSolution
		SolutionGuid = {3B52C4A6-734E-450D-8986-22485F07D198}
	EndGlobalSection
EndGlobal
