
Microsoft Visual Studio Solution File, Format Version 12.00
Project("{FAE04EC0-301F-11D3-BF4B-00C04F79EFBC}") = "_build", "nukebuild\_build.csproj", "{C67BC64A-C385-5418-CF3F-5BB077180362}"
EndProject
Project("{FAE04EC0-301F-11D3-BF4B-00C04F79EFBC}") = "Beutl.Api.Generated", "src\Beutl.Api.Generated\Beutl.Api.Generated.csproj", "{A5D415C0-AED1-2104-742A-7536EB04CF22}"
EndProject
Project("{FAE04EC0-301F-11D3-BF4B-00C04F79EFBC}") = "Beutl.Api", "src\Beutl.Api\Beutl.Api.csproj", "{59981F2F-A6BD-7601-8EAE-B5D2B16C08E9}"
EndProject
Project("{FAE04EC0-301F-11D3-BF4B-00C04F79EFBC}") = "Beutl.Configuration", "src\Beutl.Configuration\Beutl.Configuration.csproj", "{599A1FEF-5853-3B97-A7B1-AD934003EF1A}"
EndProject
Project("{FAE04EC0-301F-11D3-BF4B-00C04F79EFBC}") = "Beutl.Controls", "src\Beutl.Controls\Beutl.Controls.csproj", "{3A61E839-30E1-A9D3-0769-20ABC52EA838}"
EndProject
Project("{FAE04EC0-301F-11D3-BF4B-00C04F79EFBC}") = "Beutl.Core", "src\Beutl.Core\Beutl.Core.csproj", "{376F33AF-2474-888D-CBAD-C9F5630D2C1D}"
EndProject
Project("{FAE04EC0-301F-11D3-BF4B-00C04F79EFBC}") = "Beutl.Engine", "src\Beutl.Engine\Beutl.Engine.csproj", "{6CAEDAF4-EAB8-BFE1-A2D2-7D1CA78256F3}"
EndProject
Project("{FAE04EC0-301F-11D3-BF4B-00C04F79EFBC}") = "Beutl.ExceptionHandler", "src\Beutl.ExceptionHandler\Beutl.ExceptionHandler.csproj", "{7A7C3138-7CF0-3C32-B696-0C7BB1AB4AD8}"
EndProject
Project("{FAE04EC0-301F-11D3-BF4B-00C04F79EFBC}") = "Beutl.Extensibility", "src\Beutl.Extensibility\Beutl.Extensibility.csproj", "{15A7AFB4-0069-41DF-2AE3-856A6A627B56}"
EndProject
Project("{FAE04EC0-301F-11D3-BF4B-00C04F79EFBC}") = "Beutl.Extensions.AVFoundation", "src\Beutl.Extensions.AVFoundation\Beutl.Extensions.AVFoundation.csproj", "{2B933928-CBF3-09DD-870F-85A87D01E091}"
EndProject
Project("{FAE04EC0-301F-11D3-BF4B-00C04F79EFBC}") = "Beutl.Extensions.FFmpeg", "src\Beutl.Extensions.FFmpeg\Beutl.Extensions.FFmpeg.csproj", "{12551599-9D04-8BFF-18F1-D1AEAF4CD6A2}"
EndProject
Project("{FAE04EC0-301F-11D3-BF4B-00C04F79EFBC}") = "Beutl.Extensions.MediaFoundation", "src\Beutl.Extensions.MediaFoundation\Beutl.Extensions.MediaFoundation.csproj", "{473550D3-C97C-BF9E-CA06-F4988CFBF179}"
EndProject
Project("{FAE04EC0-301F-11D3-BF4B-00C04F79EFBC}") = "Beutl.Language", "src\Beutl.Language\Beutl.Language.csproj", "{8A73D6F7-2131-AA47-377E-F3C8BBE2DB8F}"
EndProject
Project("{FAE04EC0-301F-11D3-BF4B-00C04F79EFBC}") = "Beutl.Operators", "src\Beutl.Operators\Beutl.Operators.csproj", "{C45933E7-9F83-024F-B726-0C45D2CED86F}"
EndProject
Project("{FAE04EC0-301F-11D3-BF4B-00C04F79EFBC}") = "Beutl.PackageTools.UI", "src\Beutl.PackageTools.UI\Beutl.PackageTools.UI.csproj", "{C22560C3-AA30-9E8A-EAE6-311BB17C7809}"
EndProject
Project("{FAE04EC0-301F-11D3-BF4B-00C04F79EFBC}") = "Beutl.PackageTools", "src\Beutl.PackageTools\Beutl.PackageTools.csproj", "{70EE1D8D-2AF7-6718-BAA9-07D136671554}"
EndProject
Project("{FAE04EC0-301F-11D3-BF4B-00C04F79EFBC}") = "Beutl.ProjectSystem", "src\Beutl.ProjectSystem\Beutl.ProjectSystem.csproj", "{A06FA9A7-0B64-01C0-25F4-275841C77E28}"
EndProject
Project("{FAE04EC0-301F-11D3-BF4B-00C04F79EFBC}") = "Beutl.Threading", "src\Beutl.Threading\Beutl.Threading.csproj", "{6C219877-B174-031A-4E74-147015B9A07D}"
EndProject
Project("{FAE04EC0-301F-11D3-BF4B-00C04F79EFBC}") = "Beutl.Utilities", "src\Beutl.Utilities\Beutl.Utilities.csproj", "{5AD78697-CBE3-32DD-B541-F11E7B716802}"
EndProject
Project("{FAE04EC0-301F-11D3-BF4B-00C04F79EFBC}") = "Beutl.WaitingDialog", "src\Beutl.WaitingDialog\Beutl.WaitingDialog.csproj", "{41061CF1-7B93-FF2D-D8F3-752F1F85E84F}"
EndProject
Project("{FAE04EC0-301F-11D3-BF4B-00C04F79EFBC}") = "Beutl", "src\Beutl\Beutl.csproj", "{8EB3793E-226A-93FF-4545-CC9FC48165C4}"
EndProject
Project("{2150E333-8FDC-42A3-9474-1A3956D46DE8}") = "Build", "Build", "{F70CD8BB-DEE2-EFD5-ED8F-4EE9151AB57A}"
EndProject
Project("{2150E333-8FDC-42A3-9474-1A3956D46DE8}") = "Props", "Props", "{5E396282-DD58-6BFA-4A4D-FD5A8C5AD447}"
	ProjectSection(SolutionItems) = preProject
		build\props\CoreLibraries.props = build\props\CoreLibraries.props
	EndProjectSection
EndProject
Project("{2150E333-8FDC-42A3-9474-1A3956D46DE8}") = "GitHub", "GitHub", "{B6E24254-A04F-6497-B9F5-93867E59A972}"
	ProjectSection(SolutionItems) = preProject
		.github\dependabot.yml = .github\dependabot.yml
	EndProjectSection
EndProject
Project("{2150E333-8FDC-42A3-9474-1A3956D46DE8}") = "Workflows", "Workflows", "{5FDA30C8-3C3D-D262-5886-4A5768FAC33A}"
	ProjectSection(SolutionItems) = preProject
		.github\workflows\daily-build.yml = .github\workflows\daily-build.yml
		.github\workflows\dotnet.yml = .github\workflows\dotnet.yml
		.github\workflows\release.yml = .github\workflows\release.yml
	EndProjectSection
EndProject
Project("{2150E333-8FDC-42A3-9474-1A3956D46DE8}") = "Root", "Root", "{C55768E9-718F-0461-CAEA-D648EE6AA61A}"
	ProjectSection(SolutionItems) = preProject
		.editorconfig = .editorconfig
		.gitattributes = .gitattributes
		.gitignore = .gitignore
		Directory.Build.props = Directory.Build.props
		Directory.Build.targets = Directory.Build.targets
		Directory.Packages.props = Directory.Packages.props
		LICENSE = LICENSE
		README.md = README.md
		version.json = version.json
	EndProjectSection
EndProject
Project("{2150E333-8FDC-42A3-9474-1A3956D46DE8}") = "Tests", "Tests", "{11ECFD39-D994-1242-B871-A28B2AA04A73}"
	ProjectSection(SolutionItems) = preProject
		tests\ArtifactProvider.cs = tests\ArtifactProvider.cs
		tests\Directory.Build.props = tests\Directory.Build.props
	EndProjectSection
EndProject
Project("{FAE04EC0-301F-11D3-BF4B-00C04F79EFBC}") = "Beutl.Benchmarks", "tests\Beutl.Benchmarks\Beutl.Benchmarks.csproj", "{7FCAD304-BF8D-8CBA-0BBC-CE23CE816D90}"
EndProject
Project("{FAE04EC0-301F-11D3-BF4B-00C04F79EFBC}") = "Beutl.UnitTests", "tests\Beutl.UnitTests\Beutl.UnitTests.csproj", "{5B730887-8B20-138D-9266-A8DEA0357FB3}"
EndProject
Project("{FAE04EC0-301F-11D3-BF4B-00C04F79EFBC}") = "DirectoryViewTest", "tests\DirectoryViewTest\DirectoryViewTest.csproj", "{365AE82F-19AD-124F-BFD7-D7B9C0AA5E15}"
EndProject
Project("{FAE04EC0-301F-11D3-BF4B-00C04F79EFBC}") = "EnumerateFontFamilies", "tests\EnumerateFontFamilies\EnumerateFontFamilies.csproj", "{377C66E1-F289-2AE3-CB5F-F9BD4CCDE142}"
EndProject
Project("{FAE04EC0-301F-11D3-BF4B-00C04F79EFBC}") = "KeySplineEditor", "tests\KeySplineEditor\KeySplineEditor.csproj", "{5CF86E36-42DA-C269-85B7-9F397F06A43A}"
EndProject
Project("{FAE04EC0-301F-11D3-BF4B-00C04F79EFBC}") = "PackageSample", "tests\PackageSample\PackageSample.csproj", "{F473DA0D-38F8-2EFA-F6DA-5F46E952648F}"
EndProject
Project("{FAE04EC0-301F-11D3-BF4B-00C04F79EFBC}") = "PropertyEditorViewTests", "tests\PropertyEditorViewTests\PropertyEditorViewTests.csproj", "{09FEEB0B-4726-2A0C-C0C1-4932AD44A949}"
EndProject
Project("{FAE04EC0-301F-11D3-BF4B-00C04F79EFBC}") = "TextFormattingPlayground", "tests\TextFormattingPlayground\TextFormattingPlayground.csproj", "{168D6996-0813-A1F6-8694-DCCA2B3B98A9}"
EndProject
Project("{FAE04EC0-301F-11D3-BF4B-00C04F79EFBC}") = "XamlPreview", "tests\XamlPreview\XamlPreview.csproj", "{B999605A-CA98-9FDE-F021-8E657472E672}"
EndProject
Global
	GlobalSection(SolutionConfigurationPlatforms) = preSolution
		Debug|Any CPU = Debug|Any CPU
		Release|Any CPU = Release|Any CPU
	EndGlobalSection
	GlobalSection(ProjectConfigurationPlatforms) = postSolution
		{C67BC64A-C385-5418-CF3F-5BB077180362}.Debug|Any CPU.ActiveCfg = Debug|Any CPU
		{C67BC64A-C385-5418-CF3F-5BB077180362}.Debug|Any CPU.Build.0 = Debug|Any CPU
		{C67BC64A-C385-5418-CF3F-5BB077180362}.Release|Any CPU.ActiveCfg = Release|Any CPU
		{C67BC64A-C385-5418-CF3F-5BB077180362}.Release|Any CPU.Build.0 = Release|Any CPU
		{A5D415C0-AED1-2104-742A-7536EB04CF22}.Debug|Any CPU.ActiveCfg = Debug|Any CPU
		{A5D415C0-AED1-2104-742A-7536EB04CF22}.Debug|Any CPU.Build.0 = Debug|Any CPU
		{A5D415C0-AED1-2104-742A-7536EB04CF22}.Release|Any CPU.ActiveCfg = Release|Any CPU
		{A5D415C0-AED1-2104-742A-7536EB04CF22}.Release|Any CPU.Build.0 = Release|Any CPU
		{59981F2F-A6BD-7601-8EAE-B5D2B16C08E9}.Debug|Any CPU.ActiveCfg = Debug|Any CPU
		{59981F2F-A6BD-7601-8EAE-B5D2B16C08E9}.Debug|Any CPU.Build.0 = Debug|Any CPU
		{59981F2F-A6BD-7601-8EAE-B5D2B16C08E9}.Release|Any CPU.ActiveCfg = Release|Any CPU
		{59981F2F-A6BD-7601-8EAE-B5D2B16C08E9}.Release|Any CPU.Build.0 = Release|Any CPU
		{599A1FEF-5853-3B97-A7B1-AD934003EF1A}.Debug|Any CPU.ActiveCfg = Debug|Any CPU
		{599A1FEF-5853-3B97-A7B1-AD934003EF1A}.Debug|Any CPU.Build.0 = Debug|Any CPU
		{599A1FEF-5853-3B97-A7B1-AD934003EF1A}.Release|Any CPU.ActiveCfg = Release|Any CPU
		{599A1FEF-5853-3B97-A7B1-AD934003EF1A}.Release|Any CPU.Build.0 = Release|Any CPU
		{3A61E839-30E1-A9D3-0769-20ABC52EA838}.Debug|Any CPU.ActiveCfg = Debug|Any CPU
		{3A61E839-30E1-A9D3-0769-20ABC52EA838}.Debug|Any CPU.Build.0 = Debug|Any CPU
		{3A61E839-30E1-A9D3-0769-20ABC52EA838}.Release|Any CPU.ActiveCfg = Release|Any CPU
		{3A61E839-30E1-A9D3-0769-20ABC52EA838}.Release|Any CPU.Build.0 = Release|Any CPU
		{376F33AF-2474-888D-CBAD-C9F5630D2C1D}.Debug|Any CPU.ActiveCfg = Debug|Any CPU
		{376F33AF-2474-888D-CBAD-C9F5630D2C1D}.Debug|Any CPU.Build.0 = Debug|Any CPU
		{376F33AF-2474-888D-CBAD-C9F5630D2C1D}.Release|Any CPU.ActiveCfg = Release|Any CPU
		{376F33AF-2474-888D-CBAD-C9F5630D2C1D}.Release|Any CPU.Build.0 = Release|Any CPU
		{6CAEDAF4-EAB8-BFE1-A2D2-7D1CA78256F3}.Debug|Any CPU.ActiveCfg = Debug|Any CPU
		{6CAEDAF4-EAB8-BFE1-A2D2-7D1CA78256F3}.Debug|Any CPU.Build.0 = Debug|Any CPU
		{6CAEDAF4-EAB8-BFE1-A2D2-7D1CA78256F3}.Release|Any CPU.ActiveCfg = Release|Any CPU
		{6CAEDAF4-EAB8-BFE1-A2D2-7D1CA78256F3}.Release|Any CPU.Build.0 = Release|Any CPU
		{7A7C3138-7CF0-3C32-B696-0C7BB1AB4AD8}.Debug|Any CPU.ActiveCfg = Debug|Any CPU
		{7A7C3138-7CF0-3C32-B696-0C7BB1AB4AD8}.Debug|Any CPU.Build.0 = Debug|Any CPU
		{7A7C3138-7CF0-3C32-B696-0C7BB1AB4AD8}.Release|Any CPU.ActiveCfg = Release|Any CPU
		{7A7C3138-7CF0-3C32-B696-0C7BB1AB4AD8}.Release|Any CPU.Build.0 = Release|Any CPU
		{15A7AFB4-0069-41DF-2AE3-856A6A627B56}.Debug|Any CPU.ActiveCfg = Debug|Any CPU
		{15A7AFB4-0069-41DF-2AE3-856A6A627B56}.Debug|Any CPU.Build.0 = Debug|Any CPU
		{15A7AFB4-0069-41DF-2AE3-856A6A627B56}.Release|Any CPU.ActiveCfg = Release|Any CPU
		{15A7AFB4-0069-41DF-2AE3-856A6A627B56}.Release|Any CPU.Build.0 = Release|Any CPU
		{2B933928-CBF3-09DD-870F-85A87D01E091}.Debug|Any CPU.ActiveCfg = Debug|Any CPU
		{2B933928-CBF3-09DD-870F-85A87D01E091}.Debug|Any CPU.Build.0 = Debug|Any CPU
		{2B933928-CBF3-09DD-870F-85A87D01E091}.Release|Any CPU.ActiveCfg = Release|Any CPU
		{2B933928-CBF3-09DD-870F-85A87D01E091}.Release|Any CPU.Build.0 = Release|Any CPU
		{12551599-9D04-8BFF-18F1-D1AEAF4CD6A2}.Debug|Any CPU.ActiveCfg = Debug|Any CPU
		{12551599-9D04-8BFF-18F1-D1AEAF4CD6A2}.Debug|Any CPU.Build.0 = Debug|Any CPU
		{12551599-9D04-8BFF-18F1-D1AEAF4CD6A2}.Release|Any CPU.ActiveCfg = Release|Any CPU
		{12551599-9D04-8BFF-18F1-D1AEAF4CD6A2}.Release|Any CPU.Build.0 = Release|Any CPU
		{473550D3-C97C-BF9E-CA06-F4988CFBF179}.Debug|Any CPU.ActiveCfg = Debug|Any CPU
		{473550D3-C97C-BF9E-CA06-F4988CFBF179}.Debug|Any CPU.Build.0 = Debug|Any CPU
		{473550D3-C97C-BF9E-CA06-F4988CFBF179}.Release|Any CPU.ActiveCfg = Release|Any CPU
		{473550D3-C97C-BF9E-CA06-F4988CFBF179}.Release|Any CPU.Build.0 = Release|Any CPU
		{8A73D6F7-2131-AA47-377E-F3C8BBE2DB8F}.Debug|Any CPU.ActiveCfg = Debug|Any CPU
		{8A73D6F7-2131-AA47-377E-F3C8BBE2DB8F}.Debug|Any CPU.Build.0 = Debug|Any CPU
		{8A73D6F7-2131-AA47-377E-F3C8BBE2DB8F}.Release|Any CPU.ActiveCfg = Release|Any CPU
		{8A73D6F7-2131-AA47-377E-F3C8BBE2DB8F}.Release|Any CPU.Build.0 = Release|Any CPU
		{C45933E7-9F83-024F-B726-0C45D2CED86F}.Debug|Any CPU.ActiveCfg = Debug|Any CPU
		{C45933E7-9F83-024F-B726-0C45D2CED86F}.Debug|Any CPU.Build.0 = Debug|Any CPU
		{C45933E7-9F83-024F-B726-0C45D2CED86F}.Release|Any CPU.ActiveCfg = Release|Any CPU
		{C45933E7-9F83-024F-B726-0C45D2CED86F}.Release|Any CPU.Build.0 = Release|Any CPU
		{C22560C3-AA30-9E8A-EAE6-311BB17C7809}.Debug|Any CPU.ActiveCfg = Debug|Any CPU
		{C22560C3-AA30-9E8A-EAE6-311BB17C7809}.Debug|Any CPU.Build.0 = Debug|Any CPU
		{C22560C3-AA30-9E8A-EAE6-311BB17C7809}.Release|Any CPU.ActiveCfg = Release|Any CPU
		{C22560C3-AA30-9E8A-EAE6-311BB17C7809}.Release|Any CPU.Build.0 = Release|Any CPU
		{70EE1D8D-2AF7-6718-BAA9-07D136671554}.Debug|Any CPU.ActiveCfg = Debug|Any CPU
		{70EE1D8D-2AF7-6718-BAA9-07D136671554}.Debug|Any CPU.Build.0 = Debug|Any CPU
		{70EE1D8D-2AF7-6718-BAA9-07D136671554}.Release|Any CPU.ActiveCfg = Release|Any CPU
		{70EE1D8D-2AF7-6718-BAA9-07D136671554}.Release|Any CPU.Build.0 = Release|Any CPU
		{A06FA9A7-0B64-01C0-25F4-275841C77E28}.Debug|Any CPU.ActiveCfg = Debug|Any CPU
		{A06FA9A7-0B64-01C0-25F4-275841C77E28}.Debug|Any CPU.Build.0 = Debug|Any CPU
		{A06FA9A7-0B64-01C0-25F4-275841C77E28}.Release|Any CPU.ActiveCfg = Release|Any CPU
		{A06FA9A7-0B64-01C0-25F4-275841C77E28}.Release|Any CPU.Build.0 = Release|Any CPU
		{6C219877-B174-031A-4E74-147015B9A07D}.Debug|Any CPU.ActiveCfg = Debug|Any CPU
		{6C219877-B174-031A-4E74-147015B9A07D}.Debug|Any CPU.Build.0 = Debug|Any CPU
		{6C219877-B174-031A-4E74-147015B9A07D}.Release|Any CPU.ActiveCfg = Release|Any CPU
		{6C219877-B174-031A-4E74-147015B9A07D}.Release|Any CPU.Build.0 = Release|Any CPU
		{5AD78697-CBE3-32DD-B541-F11E7B716802}.Debug|Any CPU.ActiveCfg = Debug|Any CPU
		{5AD78697-CBE3-32DD-B541-F11E7B716802}.Debug|Any CPU.Build.0 = Debug|Any CPU
		{5AD78697-CBE3-32DD-B541-F11E7B716802}.Release|Any CPU.ActiveCfg = Release|Any CPU
		{5AD78697-CBE3-32DD-B541-F11E7B716802}.Release|Any CPU.Build.0 = Release|Any CPU
		{41061CF1-7B93-FF2D-D8F3-752F1F85E84F}.Debug|Any CPU.ActiveCfg = Debug|Any CPU
		{41061CF1-7B93-FF2D-D8F3-752F1F85E84F}.Debug|Any CPU.Build.0 = Debug|Any CPU
		{41061CF1-7B93-FF2D-D8F3-752F1F85E84F}.Release|Any CPU.ActiveCfg = Release|Any CPU
		{41061CF1-7B93-FF2D-D8F3-752F1F85E84F}.Release|Any CPU.Build.0 = Release|Any CPU
		{8EB3793E-226A-93FF-4545-CC9FC48165C4}.Debug|Any CPU.ActiveCfg = Debug|Any CPU
		{8EB3793E-226A-93FF-4545-CC9FC48165C4}.Debug|Any CPU.Build.0 = Debug|Any CPU
		{8EB3793E-226A-93FF-4545-CC9FC48165C4}.Release|Any CPU.ActiveCfg = Release|Any CPU
		{8EB3793E-226A-93FF-4545-CC9FC48165C4}.Release|Any CPU.Build.0 = Release|Any CPU
		{7FCAD304-BF8D-8CBA-0BBC-CE23CE816D90}.Debug|Any CPU.ActiveCfg = Debug|Any CPU
		{7FCAD304-BF8D-8CBA-0BBC-CE23CE816D90}.Debug|Any CPU.Build.0 = Debug|Any CPU
		{7FCAD304-BF8D-8CBA-0BBC-CE23CE816D90}.Release|Any CPU.ActiveCfg = Release|Any CPU
		{7FCAD304-BF8D-8CBA-0BBC-CE23CE816D90}.Release|Any CPU.Build.0 = Release|Any CPU
		{5B730887-8B20-138D-9266-A8DEA0357FB3}.Debug|Any CPU.ActiveCfg = Debug|Any CPU
		{5B730887-8B20-138D-9266-A8DEA0357FB3}.Debug|Any CPU.Build.0 = Debug|Any CPU
		{5B730887-8B20-138D-9266-A8DEA0357FB3}.Release|Any CPU.ActiveCfg = Release|Any CPU
		{5B730887-8B20-138D-9266-A8DEA0357FB3}.Release|Any CPU.Build.0 = Release|Any CPU
		{365AE82F-19AD-124F-BFD7-D7B9C0AA5E15}.Debug|Any CPU.ActiveCfg = Debug|Any CPU
		{365AE82F-19AD-124F-BFD7-D7B9C0AA5E15}.Debug|Any CPU.Build.0 = Debug|Any CPU
		{365AE82F-19AD-124F-BFD7-D7B9C0AA5E15}.Release|Any CPU.ActiveCfg = Release|Any CPU
		{365AE82F-19AD-124F-BFD7-D7B9C0AA5E15}.Release|Any CPU.Build.0 = Release|Any CPU
		{377C66E1-F289-2AE3-CB5F-F9BD4CCDE142}.Debug|Any CPU.ActiveCfg = Debug|Any CPU
		{377C66E1-F289-2AE3-CB5F-F9BD4CCDE142}.Debug|Any CPU.Build.0 = Debug|Any CPU
		{377C66E1-F289-2AE3-CB5F-F9BD4CCDE142}.Release|Any CPU.ActiveCfg = Release|Any CPU
		{377C66E1-F289-2AE3-CB5F-F9BD4CCDE142}.Release|Any CPU.Build.0 = Release|Any CPU
		{5CF86E36-42DA-C269-85B7-9F397F06A43A}.Debug|Any CPU.ActiveCfg = Debug|Any CPU
		{5CF86E36-42DA-C269-85B7-9F397F06A43A}.Debug|Any CPU.Build.0 = Debug|Any CPU
		{5CF86E36-42DA-C269-85B7-9F397F06A43A}.Release|Any CPU.ActiveCfg = Release|Any CPU
		{5CF86E36-42DA-C269-85B7-9F397F06A43A}.Release|Any CPU.Build.0 = Release|Any CPU
		{F473DA0D-38F8-2EFA-F6DA-5F46E952648F}.Debug|Any CPU.ActiveCfg = Debug|Any CPU
		{F473DA0D-38F8-2EFA-F6DA-5F46E952648F}.Debug|Any CPU.Build.0 = Debug|Any CPU
		{F473DA0D-38F8-2EFA-F6DA-5F46E952648F}.Release|Any CPU.ActiveCfg = Release|Any CPU
		{F473DA0D-38F8-2EFA-F6DA-5F46E952648F}.Release|Any CPU.Build.0 = Release|Any CPU
		{09FEEB0B-4726-2A0C-C0C1-4932AD44A949}.Debug|Any CPU.ActiveCfg = Debug|Any CPU
		{09FEEB0B-4726-2A0C-C0C1-4932AD44A949}.Debug|Any CPU.Build.0 = Debug|Any CPU
		{09FEEB0B-4726-2A0C-C0C1-4932AD44A949}.Release|Any CPU.ActiveCfg = Release|Any CPU
		{09FEEB0B-4726-2A0C-C0C1-4932AD44A949}.Release|Any CPU.Build.0 = Release|Any CPU
		{168D6996-0813-A1F6-8694-DCCA2B3B98A9}.Debug|Any CPU.ActiveCfg = Debug|Any CPU
		{168D6996-0813-A1F6-8694-DCCA2B3B98A9}.Debug|Any CPU.Build.0 = Debug|Any CPU
		{168D6996-0813-A1F6-8694-DCCA2B3B98A9}.Release|Any CPU.ActiveCfg = Release|Any CPU
		{168D6996-0813-A1F6-8694-DCCA2B3B98A9}.Release|Any CPU.Build.0 = Release|Any CPU
		{B999605A-CA98-9FDE-F021-8E657472E672}.Debug|Any CPU.ActiveCfg = Debug|Any CPU
		{B999605A-CA98-9FDE-F021-8E657472E672}.Debug|Any CPU.Build.0 = Debug|Any CPU
		{B999605A-CA98-9FDE-F021-8E657472E672}.Release|Any CPU.ActiveCfg = Release|Any CPU
		{B999605A-CA98-9FDE-F021-8E657472E672}.Release|Any CPU.Build.0 = Release|Any CPU
	EndGlobalSection
	GlobalSection(NestedProjects) = preSolution
		{5E396282-DD58-6BFA-4A4D-FD5A8C5AD447} = {F70CD8BB-DEE2-EFD5-ED8F-4EE9151AB57A}
		{5FDA30C8-3C3D-D262-5886-4A5768FAC33A} = {B6E24254-A04F-6497-B9F5-93867E59A972}
		{7FCAD304-BF8D-8CBA-0BBC-CE23CE816D90} = {11ECFD39-D994-1242-B871-A28B2AA04A73}
		{5B730887-8B20-138D-9266-A8DEA0357FB3} = {11ECFD39-D994-1242-B871-A28B2AA04A73}
		{365AE82F-19AD-124F-BFD7-D7B9C0AA5E15} = {11ECFD39-D994-1242-B871-A28B2AA04A73}
		{377C66E1-F289-2AE3-CB5F-F9BD4CCDE142} = {11ECFD39-D994-1242-B871-A28B2AA04A73}
		{5CF86E36-42DA-C269-85B7-9F397F06A43A} = {11ECFD39-D994-1242-B871-A28B2AA04A73}
		{F473DA0D-38F8-2EFA-F6DA-5F46E952648F} = {11ECFD39-D994-1242-B871-A28B2AA04A73}
		{09FEEB0B-4726-2A0C-C0C1-4932AD44A949} = {11ECFD39-D994-1242-B871-A28B2AA04A73}
		{168D6996-0813-A1F6-8694-DCCA2B3B98A9} = {11ECFD39-D994-1242-B871-A28B2AA04A73}
		{B999605A-CA98-9FDE-F021-8E657472E672} = {11ECFD39-D994-1242-B871-A28B2AA04A73}
	EndGlobalSection
EndGlobal
