
Microsoft Visual Studio Solution File, Format Version 12.00
# Visual Studio Version 16
VisualStudioVersion = 16.0.30204.135
MinimumVisualStudioVersion = 10.0.40219.1
Project("{9A19103F-16F7-4668-BE54-9A1E7A4F7556}") = "BEditor.WPF", "BEditor.WPF\BEditor.WPF.csproj", "{65EA9149-55FC-42CF-A5A2-EE2C75D18AE9}"
EndProject
Project("{2150E333-8FDC-42A3-9474-1A3956D46DE8}") = "Solution Items", "Solution Items", "{F5525077-037D-4A7B-9B46-C461BE03FCB4}"
	ProjectSection(SolutionItems) = preProject
		.editorconfig = .editorconfig
	EndProjectSection
EndProject
Project("{9A19103F-16F7-4668-BE54-9A1E7A4F7556}") = "BEditor.Core", "BEditor.Core\BEditor.Core.csproj", "{64A936C0-5B2A-4AF2-9AFE-5840BAEDF482}"
EndProject
Project("{2150E333-8FDC-42A3-9474-1A3956D46DE8}") = "Document", "Document", "{BF87B613-95C1-4AD0-915A-BB751D0A3E77}"
EndProject
Project("{9A19103F-16F7-4668-BE54-9A1E7A4F7556}") = "BEditor.Page", "BEditor.Page\BEditor.Page.csproj", "{ACB52ABE-D62A-4769-8604-3E6641E4E1B1}"
EndProject
Project("{9A19103F-16F7-4668-BE54-9A1E7A4F7556}") = "NUnitTestProject1", "NUnitTestProject1\NUnitTestProject1.csproj", "{E5465A41-2325-4E59-BFDC-EF16B159C055}"
EndProject
Project("{2150E333-8FDC-42A3-9474-1A3956D46DE8}") = "TestPlugins", "TestPlugins", "{C8D44B01-D983-401D-B431-5968EBE75054}"
EndProject
Project("{9A19103F-16F7-4668-BE54-9A1E7A4F7556}") = "BEditor.Drawing", "BEditor.Drawing\BEditor.Drawing.csproj", "{8EF33D67-8CE7-463C-B26E-EE75B091660F}"
	ProjectSection(ProjectDependencies) = postProject
		{A3C3A643-02E2-4FD2-A57B-B205274FD12E} = {A3C3A643-02E2-4FD2-A57B-B205274FD12E}
	EndProjectSection
EndProject
Project("{8BC9CEB8-8B4A-11D0-8D11-00A0C91BC942}") = "BEditor.Drawing.Interop", "BEditor.Drawing.Interop\BEditor.Drawing.Interop.vcxproj", "{A3C3A643-02E2-4FD2-A57B-B205274FD12E}"
EndProject
Project("{9A19103F-16F7-4668-BE54-9A1E7A4F7556}") = "TestPlugin1", "TestPlugins\TestPlugin1\TestPlugin1.csproj", "{606D2AC2-9A85-4BB9-AAFC-83F8D01A1A8B}"
EndProject
Project("{9A19103F-16F7-4668-BE54-9A1E7A4F7556}") = "TestPlugin2", "TestPlugins\TestPlugin2\TestPlugin2.csproj", "{B608C289-2F02-430A-990E-F95295F3CBDA}"
EndProject
Project("{FAE04EC0-301F-11D3-BF4B-00C04F79EFBC}") = "BEditor.Electron", "BEditor.Electron\BEditor.Electron.csproj", "{609BB855-2EB9-4A44-87CA-CC434410A846}"
EndProject
Global
	GlobalSection(SolutionConfigurationPlatforms) = preSolution
		Ad-Hoc|Any CPU = Ad-Hoc|Any CPU
		Ad-Hoc|ARM = Ad-Hoc|ARM
		Ad-Hoc|ARM64 = Ad-Hoc|ARM64
		Ad-Hoc|iPhone = Ad-Hoc|iPhone
		Ad-Hoc|iPhoneSimulator = Ad-Hoc|iPhoneSimulator
		Ad-Hoc|x64 = Ad-Hoc|x64
		Ad-Hoc|x86 = Ad-Hoc|x86
		AppStore|Any CPU = AppStore|Any CPU
		AppStore|ARM = AppStore|ARM
		AppStore|ARM64 = AppStore|ARM64
		AppStore|iPhone = AppStore|iPhone
		AppStore|iPhoneSimulator = AppStore|iPhoneSimulator
		AppStore|x64 = AppStore|x64
		AppStore|x86 = AppStore|x86
		Debug|Any CPU = Debug|Any CPU
		Debug|ARM = Debug|ARM
		Debug|ARM64 = Debug|ARM64
		Debug|iPhone = Debug|iPhone
		Debug|iPhoneSimulator = Debug|iPhoneSimulator
		Debug|x64 = Debug|x64
		Debug|x86 = Debug|x86
		Release|Any CPU = Release|Any CPU
		Release|ARM = Release|ARM
		Release|ARM64 = Release|ARM64
		Release|iPhone = Release|iPhone
		Release|iPhoneSimulator = Release|iPhoneSimulator
		Release|x64 = Release|x64
		Release|x86 = Release|x86
	EndGlobalSection
	GlobalSection(ProjectConfigurationPlatforms) = postSolution
		{65EA9149-55FC-42CF-A5A2-EE2C75D18AE9}.Ad-Hoc|Any CPU.ActiveCfg = Release|Any CPU
		{65EA9149-55FC-42CF-A5A2-EE2C75D18AE9}.Ad-Hoc|Any CPU.Build.0 = Release|Any CPU
		{65EA9149-55FC-42CF-A5A2-EE2C75D18AE9}.Ad-Hoc|ARM.ActiveCfg = Release|Any CPU
		{65EA9149-55FC-42CF-A5A2-EE2C75D18AE9}.Ad-Hoc|ARM.Build.0 = Release|Any CPU
		{65EA9149-55FC-42CF-A5A2-EE2C75D18AE9}.Ad-Hoc|ARM64.ActiveCfg = Release|Any CPU
		{65EA9149-55FC-42CF-A5A2-EE2C75D18AE9}.Ad-Hoc|ARM64.Build.0 = Release|Any CPU
		{65EA9149-55FC-42CF-A5A2-EE2C75D18AE9}.Ad-Hoc|iPhone.ActiveCfg = Release|Any CPU
		{65EA9149-55FC-42CF-A5A2-EE2C75D18AE9}.Ad-Hoc|iPhone.Build.0 = Release|Any CPU
		{65EA9149-55FC-42CF-A5A2-EE2C75D18AE9}.Ad-Hoc|iPhoneSimulator.ActiveCfg = Release|Any CPU
		{65EA9149-55FC-42CF-A5A2-EE2C75D18AE9}.Ad-Hoc|iPhoneSimulator.Build.0 = Release|Any CPU
		{65EA9149-55FC-42CF-A5A2-EE2C75D18AE9}.Ad-Hoc|x64.ActiveCfg = Release|x64
		{65EA9149-55FC-42CF-A5A2-EE2C75D18AE9}.Ad-Hoc|x64.Build.0 = Release|x64
		{65EA9149-55FC-42CF-A5A2-EE2C75D18AE9}.Ad-Hoc|x86.ActiveCfg = Release|Any CPU
		{65EA9149-55FC-42CF-A5A2-EE2C75D18AE9}.Ad-Hoc|x86.Build.0 = Release|Any CPU
		{65EA9149-55FC-42CF-A5A2-EE2C75D18AE9}.AppStore|Any CPU.ActiveCfg = Release|Any CPU
		{65EA9149-55FC-42CF-A5A2-EE2C75D18AE9}.AppStore|Any CPU.Build.0 = Release|Any CPU
		{65EA9149-55FC-42CF-A5A2-EE2C75D18AE9}.AppStore|ARM.ActiveCfg = Release|Any CPU
		{65EA9149-55FC-42CF-A5A2-EE2C75D18AE9}.AppStore|ARM.Build.0 = Release|Any CPU
		{65EA9149-55FC-42CF-A5A2-EE2C75D18AE9}.AppStore|ARM64.ActiveCfg = Release|Any CPU
		{65EA9149-55FC-42CF-A5A2-EE2C75D18AE9}.AppStore|ARM64.Build.0 = Release|Any CPU
		{65EA9149-55FC-42CF-A5A2-EE2C75D18AE9}.AppStore|iPhone.ActiveCfg = Release|Any CPU
		{65EA9149-55FC-42CF-A5A2-EE2C75D18AE9}.AppStore|iPhone.Build.0 = Release|Any CPU
		{65EA9149-55FC-42CF-A5A2-EE2C75D18AE9}.AppStore|iPhoneSimulator.ActiveCfg = Release|Any CPU
		{65EA9149-55FC-42CF-A5A2-EE2C75D18AE9}.AppStore|iPhoneSimulator.Build.0 = Release|Any CPU
		{65EA9149-55FC-42CF-A5A2-EE2C75D18AE9}.AppStore|x64.ActiveCfg = Release|x64
		{65EA9149-55FC-42CF-A5A2-EE2C75D18AE9}.AppStore|x64.Build.0 = Release|x64
		{65EA9149-55FC-42CF-A5A2-EE2C75D18AE9}.AppStore|x86.ActiveCfg = Release|Any CPU
		{65EA9149-55FC-42CF-A5A2-EE2C75D18AE9}.AppStore|x86.Build.0 = Release|Any CPU
		{65EA9149-55FC-42CF-A5A2-EE2C75D18AE9}.Debug|Any CPU.ActiveCfg = Debug|Any CPU
		{65EA9149-55FC-42CF-A5A2-EE2C75D18AE9}.Debug|Any CPU.Build.0 = Debug|Any CPU
		{65EA9149-55FC-42CF-A5A2-EE2C75D18AE9}.Debug|ARM.ActiveCfg = Debug|Any CPU
		{65EA9149-55FC-42CF-A5A2-EE2C75D18AE9}.Debug|ARM.Build.0 = Debug|Any CPU
		{65EA9149-55FC-42CF-A5A2-EE2C75D18AE9}.Debug|ARM64.ActiveCfg = Debug|Any CPU
		{65EA9149-55FC-42CF-A5A2-EE2C75D18AE9}.Debug|ARM64.Build.0 = Debug|Any CPU
		{65EA9149-55FC-42CF-A5A2-EE2C75D18AE9}.Debug|iPhone.ActiveCfg = Debug|Any CPU
		{65EA9149-55FC-42CF-A5A2-EE2C75D18AE9}.Debug|iPhone.Build.0 = Debug|Any CPU
		{65EA9149-55FC-42CF-A5A2-EE2C75D18AE9}.Debug|iPhoneSimulator.ActiveCfg = Debug|Any CPU
		{65EA9149-55FC-42CF-A5A2-EE2C75D18AE9}.Debug|iPhoneSimulator.Build.0 = Debug|Any CPU
		{65EA9149-55FC-42CF-A5A2-EE2C75D18AE9}.Debug|x64.ActiveCfg = Debug|x64
		{65EA9149-55FC-42CF-A5A2-EE2C75D18AE9}.Debug|x64.Build.0 = Debug|x64
		{65EA9149-55FC-42CF-A5A2-EE2C75D18AE9}.Debug|x86.ActiveCfg = Debug|Any CPU
		{65EA9149-55FC-42CF-A5A2-EE2C75D18AE9}.Debug|x86.Build.0 = Debug|Any CPU
		{65EA9149-55FC-42CF-A5A2-EE2C75D18AE9}.Release|Any CPU.ActiveCfg = Release|Any CPU
		{65EA9149-55FC-42CF-A5A2-EE2C75D18AE9}.Release|Any CPU.Build.0 = Release|Any CPU
		{65EA9149-55FC-42CF-A5A2-EE2C75D18AE9}.Release|ARM.ActiveCfg = Release|Any CPU
		{65EA9149-55FC-42CF-A5A2-EE2C75D18AE9}.Release|ARM.Build.0 = Release|Any CPU
		{65EA9149-55FC-42CF-A5A2-EE2C75D18AE9}.Release|ARM64.ActiveCfg = Release|Any CPU
		{65EA9149-55FC-42CF-A5A2-EE2C75D18AE9}.Release|ARM64.Build.0 = Release|Any CPU
		{65EA9149-55FC-42CF-A5A2-EE2C75D18AE9}.Release|iPhone.ActiveCfg = Release|Any CPU
		{65EA9149-55FC-42CF-A5A2-EE2C75D18AE9}.Release|iPhone.Build.0 = Release|Any CPU
		{65EA9149-55FC-42CF-A5A2-EE2C75D18AE9}.Release|iPhoneSimulator.ActiveCfg = Release|Any CPU
		{65EA9149-55FC-42CF-A5A2-EE2C75D18AE9}.Release|iPhoneSimulator.Build.0 = Release|Any CPU
		{65EA9149-55FC-42CF-A5A2-EE2C75D18AE9}.Release|x64.ActiveCfg = Release|x64
		{65EA9149-55FC-42CF-A5A2-EE2C75D18AE9}.Release|x64.Build.0 = Release|x64
		{65EA9149-55FC-42CF-A5A2-EE2C75D18AE9}.Release|x86.ActiveCfg = Release|Any CPU
		{65EA9149-55FC-42CF-A5A2-EE2C75D18AE9}.Release|x86.Build.0 = Release|Any CPU
		{64A936C0-5B2A-4AF2-9AFE-5840BAEDF482}.Ad-Hoc|Any CPU.ActiveCfg = Release|Any CPU
		{64A936C0-5B2A-4AF2-9AFE-5840BAEDF482}.Ad-Hoc|Any CPU.Build.0 = Release|Any CPU
		{64A936C0-5B2A-4AF2-9AFE-5840BAEDF482}.Ad-Hoc|ARM.ActiveCfg = Release|Any CPU
		{64A936C0-5B2A-4AF2-9AFE-5840BAEDF482}.Ad-Hoc|ARM.Build.0 = Release|Any CPU
		{64A936C0-5B2A-4AF2-9AFE-5840BAEDF482}.Ad-Hoc|ARM64.ActiveCfg = Release|Any CPU
		{64A936C0-5B2A-4AF2-9AFE-5840BAEDF482}.Ad-Hoc|ARM64.Build.0 = Release|Any CPU
		{64A936C0-5B2A-4AF2-9AFE-5840BAEDF482}.Ad-Hoc|iPhone.ActiveCfg = Release|Any CPU
		{64A936C0-5B2A-4AF2-9AFE-5840BAEDF482}.Ad-Hoc|iPhone.Build.0 = Release|Any CPU
		{64A936C0-5B2A-4AF2-9AFE-5840BAEDF482}.Ad-Hoc|iPhoneSimulator.ActiveCfg = Release|Any CPU
		{64A936C0-5B2A-4AF2-9AFE-5840BAEDF482}.Ad-Hoc|iPhoneSimulator.Build.0 = Release|Any CPU
		{64A936C0-5B2A-4AF2-9AFE-5840BAEDF482}.Ad-Hoc|x64.ActiveCfg = Release|Any CPU
		{64A936C0-5B2A-4AF2-9AFE-5840BAEDF482}.Ad-Hoc|x64.Build.0 = Release|Any CPU
		{64A936C0-5B2A-4AF2-9AFE-5840BAEDF482}.Ad-Hoc|x86.ActiveCfg = Release|Any CPU
		{64A936C0-5B2A-4AF2-9AFE-5840BAEDF482}.Ad-Hoc|x86.Build.0 = Release|Any CPU
		{64A936C0-5B2A-4AF2-9AFE-5840BAEDF482}.AppStore|Any CPU.ActiveCfg = Release|Any CPU
		{64A936C0-5B2A-4AF2-9AFE-5840BAEDF482}.AppStore|Any CPU.Build.0 = Release|Any CPU
		{64A936C0-5B2A-4AF2-9AFE-5840BAEDF482}.AppStore|ARM.ActiveCfg = Release|Any CPU
		{64A936C0-5B2A-4AF2-9AFE-5840BAEDF482}.AppStore|ARM.Build.0 = Release|Any CPU
		{64A936C0-5B2A-4AF2-9AFE-5840BAEDF482}.AppStore|ARM64.ActiveCfg = Release|Any CPU
		{64A936C0-5B2A-4AF2-9AFE-5840BAEDF482}.AppStore|ARM64.Build.0 = Release|Any CPU
		{64A936C0-5B2A-4AF2-9AFE-5840BAEDF482}.AppStore|iPhone.ActiveCfg = Release|Any CPU
		{64A936C0-5B2A-4AF2-9AFE-5840BAEDF482}.AppStore|iPhone.Build.0 = Release|Any CPU
		{64A936C0-5B2A-4AF2-9AFE-5840BAEDF482}.AppStore|iPhoneSimulator.ActiveCfg = Release|Any CPU
		{64A936C0-5B2A-4AF2-9AFE-5840BAEDF482}.AppStore|iPhoneSimulator.Build.0 = Release|Any CPU
		{64A936C0-5B2A-4AF2-9AFE-5840BAEDF482}.AppStore|x64.ActiveCfg = Release|Any CPU
		{64A936C0-5B2A-4AF2-9AFE-5840BAEDF482}.AppStore|x64.Build.0 = Release|Any CPU
		{64A936C0-5B2A-4AF2-9AFE-5840BAEDF482}.AppStore|x86.ActiveCfg = Release|Any CPU
		{64A936C0-5B2A-4AF2-9AFE-5840BAEDF482}.AppStore|x86.Build.0 = Release|Any CPU
		{64A936C0-5B2A-4AF2-9AFE-5840BAEDF482}.Debug|Any CPU.ActiveCfg = Debug|Any CPU
		{64A936C0-5B2A-4AF2-9AFE-5840BAEDF482}.Debug|Any CPU.Build.0 = Debug|Any CPU
		{64A936C0-5B2A-4AF2-9AFE-5840BAEDF482}.Debug|ARM.ActiveCfg = Debug|Any CPU
		{64A936C0-5B2A-4AF2-9AFE-5840BAEDF482}.Debug|ARM.Build.0 = Debug|Any CPU
		{64A936C0-5B2A-4AF2-9AFE-5840BAEDF482}.Debug|ARM64.ActiveCfg = Debug|Any CPU
		{64A936C0-5B2A-4AF2-9AFE-5840BAEDF482}.Debug|ARM64.Build.0 = Debug|Any CPU
		{64A936C0-5B2A-4AF2-9AFE-5840BAEDF482}.Debug|iPhone.ActiveCfg = Debug|Any CPU
		{64A936C0-5B2A-4AF2-9AFE-5840BAEDF482}.Debug|iPhone.Build.0 = Debug|Any CPU
		{64A936C0-5B2A-4AF2-9AFE-5840BAEDF482}.Debug|iPhoneSimulator.ActiveCfg = Debug|Any CPU
		{64A936C0-5B2A-4AF2-9AFE-5840BAEDF482}.Debug|iPhoneSimulator.Build.0 = Debug|Any CPU
		{64A936C0-5B2A-4AF2-9AFE-5840BAEDF482}.Debug|x64.ActiveCfg = Debug|Any CPU
		{64A936C0-5B2A-4AF2-9AFE-5840BAEDF482}.Debug|x64.Build.0 = Debug|Any CPU
		{64A936C0-5B2A-4AF2-9AFE-5840BAEDF482}.Debug|x86.ActiveCfg = Debug|Any CPU
		{64A936C0-5B2A-4AF2-9AFE-5840BAEDF482}.Debug|x86.Build.0 = Debug|Any CPU
		{64A936C0-5B2A-4AF2-9AFE-5840BAEDF482}.Release|Any CPU.ActiveCfg = Release|Any CPU
		{64A936C0-5B2A-4AF2-9AFE-5840BAEDF482}.Release|Any CPU.Build.0 = Release|Any CPU
		{64A936C0-5B2A-4AF2-9AFE-5840BAEDF482}.Release|ARM.ActiveCfg = Release|Any CPU
		{64A936C0-5B2A-4AF2-9AFE-5840BAEDF482}.Release|ARM.Build.0 = Release|Any CPU
		{64A936C0-5B2A-4AF2-9AFE-5840BAEDF482}.Release|ARM64.ActiveCfg = Release|Any CPU
		{64A936C0-5B2A-4AF2-9AFE-5840BAEDF482}.Release|ARM64.Build.0 = Release|Any CPU
		{64A936C0-5B2A-4AF2-9AFE-5840BAEDF482}.Release|iPhone.ActiveCfg = Release|Any CPU
		{64A936C0-5B2A-4AF2-9AFE-5840BAEDF482}.Release|iPhone.Build.0 = Release|Any CPU
		{64A936C0-5B2A-4AF2-9AFE-5840BAEDF482}.Release|iPhoneSimulator.ActiveCfg = Release|Any CPU
		{64A936C0-5B2A-4AF2-9AFE-5840BAEDF482}.Release|iPhoneSimulator.Build.0 = Release|Any CPU
		{64A936C0-5B2A-4AF2-9AFE-5840BAEDF482}.Release|x64.ActiveCfg = Release|Any CPU
		{64A936C0-5B2A-4AF2-9AFE-5840BAEDF482}.Release|x64.Build.0 = Release|Any CPU
		{64A936C0-5B2A-4AF2-9AFE-5840BAEDF482}.Release|x86.ActiveCfg = Release|Any CPU
		{64A936C0-5B2A-4AF2-9AFE-5840BAEDF482}.Release|x86.Build.0 = Release|Any CPU
		{ACB52ABE-D62A-4769-8604-3E6641E4E1B1}.Ad-Hoc|Any CPU.ActiveCfg = Release|Any CPU
		{ACB52ABE-D62A-4769-8604-3E6641E4E1B1}.Ad-Hoc|Any CPU.Build.0 = Release|Any CPU
		{ACB52ABE-D62A-4769-8604-3E6641E4E1B1}.Ad-Hoc|ARM.ActiveCfg = Release|Any CPU
		{ACB52ABE-D62A-4769-8604-3E6641E4E1B1}.Ad-Hoc|ARM.Build.0 = Release|Any CPU
		{ACB52ABE-D62A-4769-8604-3E6641E4E1B1}.Ad-Hoc|ARM64.ActiveCfg = Release|Any CPU
		{ACB52ABE-D62A-4769-8604-3E6641E4E1B1}.Ad-Hoc|ARM64.Build.0 = Release|Any CPU
		{ACB52ABE-D62A-4769-8604-3E6641E4E1B1}.Ad-Hoc|iPhone.ActiveCfg = Release|Any CPU
		{ACB52ABE-D62A-4769-8604-3E6641E4E1B1}.Ad-Hoc|iPhone.Build.0 = Release|Any CPU
		{ACB52ABE-D62A-4769-8604-3E6641E4E1B1}.Ad-Hoc|iPhoneSimulator.ActiveCfg = Release|Any CPU
		{ACB52ABE-D62A-4769-8604-3E6641E4E1B1}.Ad-Hoc|iPhoneSimulator.Build.0 = Release|Any CPU
		{ACB52ABE-D62A-4769-8604-3E6641E4E1B1}.Ad-Hoc|x64.ActiveCfg = Release|Any CPU
		{ACB52ABE-D62A-4769-8604-3E6641E4E1B1}.Ad-Hoc|x64.Build.0 = Release|Any CPU
		{ACB52ABE-D62A-4769-8604-3E6641E4E1B1}.Ad-Hoc|x86.ActiveCfg = Release|Any CPU
		{ACB52ABE-D62A-4769-8604-3E6641E4E1B1}.Ad-Hoc|x86.Build.0 = Release|Any CPU
		{ACB52ABE-D62A-4769-8604-3E6641E4E1B1}.AppStore|Any CPU.ActiveCfg = Release|Any CPU
		{ACB52ABE-D62A-4769-8604-3E6641E4E1B1}.AppStore|Any CPU.Build.0 = Release|Any CPU
		{ACB52ABE-D62A-4769-8604-3E6641E4E1B1}.AppStore|ARM.ActiveCfg = Release|Any CPU
		{ACB52ABE-D62A-4769-8604-3E6641E4E1B1}.AppStore|ARM.Build.0 = Release|Any CPU
		{ACB52ABE-D62A-4769-8604-3E6641E4E1B1}.AppStore|ARM64.ActiveCfg = Release|Any CPU
		{ACB52ABE-D62A-4769-8604-3E6641E4E1B1}.AppStore|ARM64.Build.0 = Release|Any CPU
		{ACB52ABE-D62A-4769-8604-3E6641E4E1B1}.AppStore|iPhone.ActiveCfg = Release|Any CPU
		{ACB52ABE-D62A-4769-8604-3E6641E4E1B1}.AppStore|iPhone.Build.0 = Release|Any CPU
		{ACB52ABE-D62A-4769-8604-3E6641E4E1B1}.AppStore|iPhoneSimulator.ActiveCfg = Release|Any CPU
		{ACB52ABE-D62A-4769-8604-3E6641E4E1B1}.AppStore|iPhoneSimulator.Build.0 = Release|Any CPU
		{ACB52ABE-D62A-4769-8604-3E6641E4E1B1}.AppStore|x64.ActiveCfg = Release|Any CPU
		{ACB52ABE-D62A-4769-8604-3E6641E4E1B1}.AppStore|x64.Build.0 = Release|Any CPU
		{ACB52ABE-D62A-4769-8604-3E6641E4E1B1}.AppStore|x86.ActiveCfg = Release|Any CPU
		{ACB52ABE-D62A-4769-8604-3E6641E4E1B1}.AppStore|x86.Build.0 = Release|Any CPU
		{ACB52ABE-D62A-4769-8604-3E6641E4E1B1}.Debug|Any CPU.ActiveCfg = Debug|Any CPU
		{ACB52ABE-D62A-4769-8604-3E6641E4E1B1}.Debug|Any CPU.Build.0 = Debug|Any CPU
		{ACB52ABE-D62A-4769-8604-3E6641E4E1B1}.Debug|ARM.ActiveCfg = Debug|Any CPU
		{ACB52ABE-D62A-4769-8604-3E6641E4E1B1}.Debug|ARM.Build.0 = Debug|Any CPU
		{ACB52ABE-D62A-4769-8604-3E6641E4E1B1}.Debug|ARM64.ActiveCfg = Debug|Any CPU
		{ACB52ABE-D62A-4769-8604-3E6641E4E1B1}.Debug|ARM64.Build.0 = Debug|Any CPU
		{ACB52ABE-D62A-4769-8604-3E6641E4E1B1}.Debug|iPhone.ActiveCfg = Debug|Any CPU
		{ACB52ABE-D62A-4769-8604-3E6641E4E1B1}.Debug|iPhone.Build.0 = Debug|Any CPU
		{ACB52ABE-D62A-4769-8604-3E6641E4E1B1}.Debug|iPhoneSimulator.ActiveCfg = Debug|Any CPU
		{ACB52ABE-D62A-4769-8604-3E6641E4E1B1}.Debug|iPhoneSimulator.Build.0 = Debug|Any CPU
		{ACB52ABE-D62A-4769-8604-3E6641E4E1B1}.Debug|x64.ActiveCfg = Debug|Any CPU
		{ACB52ABE-D62A-4769-8604-3E6641E4E1B1}.Debug|x64.Build.0 = Debug|Any CPU
		{ACB52ABE-D62A-4769-8604-3E6641E4E1B1}.Debug|x86.ActiveCfg = Debug|Any CPU
		{ACB52ABE-D62A-4769-8604-3E6641E4E1B1}.Debug|x86.Build.0 = Debug|Any CPU
		{ACB52ABE-D62A-4769-8604-3E6641E4E1B1}.Release|Any CPU.ActiveCfg = Release|Any CPU
		{ACB52ABE-D62A-4769-8604-3E6641E4E1B1}.Release|Any CPU.Build.0 = Release|Any CPU
		{ACB52ABE-D62A-4769-8604-3E6641E4E1B1}.Release|ARM.ActiveCfg = Release|Any CPU
		{ACB52ABE-D62A-4769-8604-3E6641E4E1B1}.Release|ARM.Build.0 = Release|Any CPU
		{ACB52ABE-D62A-4769-8604-3E6641E4E1B1}.Release|ARM64.ActiveCfg = Release|Any CPU
		{ACB52ABE-D62A-4769-8604-3E6641E4E1B1}.Release|ARM64.Build.0 = Release|Any CPU
		{ACB52ABE-D62A-4769-8604-3E6641E4E1B1}.Release|iPhone.ActiveCfg = Release|Any CPU
		{ACB52ABE-D62A-4769-8604-3E6641E4E1B1}.Release|iPhone.Build.0 = Release|Any CPU
		{ACB52ABE-D62A-4769-8604-3E6641E4E1B1}.Release|iPhoneSimulator.ActiveCfg = Release|Any CPU
		{ACB52ABE-D62A-4769-8604-3E6641E4E1B1}.Release|iPhoneSimulator.Build.0 = Release|Any CPU
		{ACB52ABE-D62A-4769-8604-3E6641E4E1B1}.Release|x64.ActiveCfg = Release|Any CPU
		{ACB52ABE-D62A-4769-8604-3E6641E4E1B1}.Release|x64.Build.0 = Release|Any CPU
		{ACB52ABE-D62A-4769-8604-3E6641E4E1B1}.Release|x86.ActiveCfg = Release|Any CPU
		{ACB52ABE-D62A-4769-8604-3E6641E4E1B1}.Release|x86.Build.0 = Release|Any CPU
		{E5465A41-2325-4E59-BFDC-EF16B159C055}.Ad-Hoc|Any CPU.ActiveCfg = Release|Any CPU
		{E5465A41-2325-4E59-BFDC-EF16B159C055}.Ad-Hoc|Any CPU.Build.0 = Release|Any CPU
		{E5465A41-2325-4E59-BFDC-EF16B159C055}.Ad-Hoc|ARM.ActiveCfg = Release|Any CPU
		{E5465A41-2325-4E59-BFDC-EF16B159C055}.Ad-Hoc|ARM.Build.0 = Release|Any CPU
		{E5465A41-2325-4E59-BFDC-EF16B159C055}.Ad-Hoc|ARM64.ActiveCfg = Release|Any CPU
		{E5465A41-2325-4E59-BFDC-EF16B159C055}.Ad-Hoc|ARM64.Build.0 = Release|Any CPU
		{E5465A41-2325-4E59-BFDC-EF16B159C055}.Ad-Hoc|iPhone.ActiveCfg = Release|Any CPU
		{E5465A41-2325-4E59-BFDC-EF16B159C055}.Ad-Hoc|iPhone.Build.0 = Release|Any CPU
		{E5465A41-2325-4E59-BFDC-EF16B159C055}.Ad-Hoc|iPhoneSimulator.ActiveCfg = Release|Any CPU
		{E5465A41-2325-4E59-BFDC-EF16B159C055}.Ad-Hoc|iPhoneSimulator.Build.0 = Release|Any CPU
		{E5465A41-2325-4E59-BFDC-EF16B159C055}.Ad-Hoc|x64.ActiveCfg = Release|Any CPU
		{E5465A41-2325-4E59-BFDC-EF16B159C055}.Ad-Hoc|x64.Build.0 = Release|Any CPU
		{E5465A41-2325-4E59-BFDC-EF16B159C055}.Ad-Hoc|x86.ActiveCfg = Release|Any CPU
		{E5465A41-2325-4E59-BFDC-EF16B159C055}.Ad-Hoc|x86.Build.0 = Release|Any CPU
		{E5465A41-2325-4E59-BFDC-EF16B159C055}.AppStore|Any CPU.ActiveCfg = Release|Any CPU
		{E5465A41-2325-4E59-BFDC-EF16B159C055}.AppStore|Any CPU.Build.0 = Release|Any CPU
		{E5465A41-2325-4E59-BFDC-EF16B159C055}.AppStore|ARM.ActiveCfg = Release|Any CPU
		{E5465A41-2325-4E59-BFDC-EF16B159C055}.AppStore|ARM.Build.0 = Release|Any CPU
		{E5465A41-2325-4E59-BFDC-EF16B159C055}.AppStore|ARM64.ActiveCfg = Release|Any CPU
		{E5465A41-2325-4E59-BFDC-EF16B159C055}.AppStore|ARM64.Build.0 = Release|Any CPU
		{E5465A41-2325-4E59-BFDC-EF16B159C055}.AppStore|iPhone.ActiveCfg = Release|Any CPU
		{E5465A41-2325-4E59-BFDC-EF16B159C055}.AppStore|iPhone.Build.0 = Release|Any CPU
		{E5465A41-2325-4E59-BFDC-EF16B159C055}.AppStore|iPhoneSimulator.ActiveCfg = Release|Any CPU
		{E5465A41-2325-4E59-BFDC-EF16B159C055}.AppStore|iPhoneSimulator.Build.0 = Release|Any CPU
		{E5465A41-2325-4E59-BFDC-EF16B159C055}.AppStore|x64.ActiveCfg = Release|Any CPU
		{E5465A41-2325-4E59-BFDC-EF16B159C055}.AppStore|x64.Build.0 = Release|Any CPU
		{E5465A41-2325-4E59-BFDC-EF16B159C055}.AppStore|x86.ActiveCfg = Release|Any CPU
		{E5465A41-2325-4E59-BFDC-EF16B159C055}.AppStore|x86.Build.0 = Release|Any CPU
		{E5465A41-2325-4E59-BFDC-EF16B159C055}.Debug|Any CPU.ActiveCfg = Debug|Any CPU
		{E5465A41-2325-4E59-BFDC-EF16B159C055}.Debug|Any CPU.Build.0 = Debug|Any CPU
		{E5465A41-2325-4E59-BFDC-EF16B159C055}.Debug|ARM.ActiveCfg = Debug|Any CPU
		{E5465A41-2325-4E59-BFDC-EF16B159C055}.Debug|ARM.Build.0 = Debug|Any CPU
		{E5465A41-2325-4E59-BFDC-EF16B159C055}.Debug|ARM64.ActiveCfg = Debug|Any CPU
		{E5465A41-2325-4E59-BFDC-EF16B159C055}.Debug|ARM64.Build.0 = Debug|Any CPU
		{E5465A41-2325-4E59-BFDC-EF16B159C055}.Debug|iPhone.ActiveCfg = Debug|Any CPU
		{E5465A41-2325-4E59-BFDC-EF16B159C055}.Debug|iPhone.Build.0 = Debug|Any CPU
		{E5465A41-2325-4E59-BFDC-EF16B159C055}.Debug|iPhoneSimulator.ActiveCfg = Debug|Any CPU
		{E5465A41-2325-4E59-BFDC-EF16B159C055}.Debug|iPhoneSimulator.Build.0 = Debug|Any CPU
		{E5465A41-2325-4E59-BFDC-EF16B159C055}.Debug|x64.ActiveCfg = Debug|Any CPU
		{E5465A41-2325-4E59-BFDC-EF16B159C055}.Debug|x64.Build.0 = Debug|Any CPU
		{E5465A41-2325-4E59-BFDC-EF16B159C055}.Debug|x86.ActiveCfg = Debug|Any CPU
		{E5465A41-2325-4E59-BFDC-EF16B159C055}.Debug|x86.Build.0 = Debug|Any CPU
		{E5465A41-2325-4E59-BFDC-EF16B159C055}.Release|Any CPU.ActiveCfg = Release|Any CPU
		{E5465A41-2325-4E59-BFDC-EF16B159C055}.Release|Any CPU.Build.0 = Release|Any CPU
		{E5465A41-2325-4E59-BFDC-EF16B159C055}.Release|ARM.ActiveCfg = Release|Any CPU
		{E5465A41-2325-4E59-BFDC-EF16B159C055}.Release|ARM.Build.0 = Release|Any CPU
		{E5465A41-2325-4E59-BFDC-EF16B159C055}.Release|ARM64.ActiveCfg = Release|Any CPU
		{E5465A41-2325-4E59-BFDC-EF16B159C055}.Release|ARM64.Build.0 = Release|Any CPU
		{E5465A41-2325-4E59-BFDC-EF16B159C055}.Release|iPhone.ActiveCfg = Release|Any CPU
		{E5465A41-2325-4E59-BFDC-EF16B159C055}.Release|iPhone.Build.0 = Release|Any CPU
		{E5465A41-2325-4E59-BFDC-EF16B159C055}.Release|iPhoneSimulator.ActiveCfg = Release|Any CPU
		{E5465A41-2325-4E59-BFDC-EF16B159C055}.Release|iPhoneSimulator.Build.0 = Release|Any CPU
		{E5465A41-2325-4E59-BFDC-EF16B159C055}.Release|x64.ActiveCfg = Release|Any CPU
		{E5465A41-2325-4E59-BFDC-EF16B159C055}.Release|x64.Build.0 = Release|Any CPU
		{E5465A41-2325-4E59-BFDC-EF16B159C055}.Release|x86.ActiveCfg = Release|Any CPU
		{E5465A41-2325-4E59-BFDC-EF16B159C055}.Release|x86.Build.0 = Release|Any CPU
		{8EF33D67-8CE7-463C-B26E-EE75B091660F}.Ad-Hoc|Any CPU.ActiveCfg = Debug|Any CPU
		{8EF33D67-8CE7-463C-B26E-EE75B091660F}.Ad-Hoc|Any CPU.Build.0 = Debug|Any CPU
		{8EF33D67-8CE7-463C-B26E-EE75B091660F}.Ad-Hoc|ARM.ActiveCfg = Debug|Any CPU
		{8EF33D67-8CE7-463C-B26E-EE75B091660F}.Ad-Hoc|ARM.Build.0 = Debug|Any CPU
		{8EF33D67-8CE7-463C-B26E-EE75B091660F}.Ad-Hoc|ARM64.ActiveCfg = Debug|Any CPU
		{8EF33D67-8CE7-463C-B26E-EE75B091660F}.Ad-Hoc|ARM64.Build.0 = Debug|Any CPU
		{8EF33D67-8CE7-463C-B26E-EE75B091660F}.Ad-Hoc|iPhone.ActiveCfg = Debug|Any CPU
		{8EF33D67-8CE7-463C-B26E-EE75B091660F}.Ad-Hoc|iPhone.Build.0 = Debug|Any CPU
		{8EF33D67-8CE7-463C-B26E-EE75B091660F}.Ad-Hoc|iPhoneSimulator.ActiveCfg = Debug|Any CPU
		{8EF33D67-8CE7-463C-B26E-EE75B091660F}.Ad-Hoc|iPhoneSimulator.Build.0 = Debug|Any CPU
		{8EF33D67-8CE7-463C-B26E-EE75B091660F}.Ad-Hoc|x64.ActiveCfg = Debug|Any CPU
		{8EF33D67-8CE7-463C-B26E-EE75B091660F}.Ad-Hoc|x64.Build.0 = Debug|Any CPU
		{8EF33D67-8CE7-463C-B26E-EE75B091660F}.Ad-Hoc|x86.ActiveCfg = Debug|Any CPU
		{8EF33D67-8CE7-463C-B26E-EE75B091660F}.Ad-Hoc|x86.Build.0 = Debug|Any CPU
		{8EF33D67-8CE7-463C-B26E-EE75B091660F}.AppStore|Any CPU.ActiveCfg = Debug|Any CPU
		{8EF33D67-8CE7-463C-B26E-EE75B091660F}.AppStore|Any CPU.Build.0 = Debug|Any CPU
		{8EF33D67-8CE7-463C-B26E-EE75B091660F}.AppStore|ARM.ActiveCfg = Debug|Any CPU
		{8EF33D67-8CE7-463C-B26E-EE75B091660F}.AppStore|ARM.Build.0 = Debug|Any CPU
		{8EF33D67-8CE7-463C-B26E-EE75B091660F}.AppStore|ARM64.ActiveCfg = Debug|Any CPU
		{8EF33D67-8CE7-463C-B26E-EE75B091660F}.AppStore|ARM64.Build.0 = Debug|Any CPU
		{8EF33D67-8CE7-463C-B26E-EE75B091660F}.AppStore|iPhone.ActiveCfg = Debug|Any CPU
		{8EF33D67-8CE7-463C-B26E-EE75B091660F}.AppStore|iPhone.Build.0 = Debug|Any CPU
		{8EF33D67-8CE7-463C-B26E-EE75B091660F}.AppStore|iPhoneSimulator.ActiveCfg = Debug|Any CPU
		{8EF33D67-8CE7-463C-B26E-EE75B091660F}.AppStore|iPhoneSimulator.Build.0 = Debug|Any CPU
		{8EF33D67-8CE7-463C-B26E-EE75B091660F}.AppStore|x64.ActiveCfg = Debug|Any CPU
		{8EF33D67-8CE7-463C-B26E-EE75B091660F}.AppStore|x64.Build.0 = Debug|Any CPU
		{8EF33D67-8CE7-463C-B26E-EE75B091660F}.AppStore|x86.ActiveCfg = Debug|Any CPU
		{8EF33D67-8CE7-463C-B26E-EE75B091660F}.AppStore|x86.Build.0 = Debug|Any CPU
		{8EF33D67-8CE7-463C-B26E-EE75B091660F}.Debug|Any CPU.ActiveCfg = Debug|Any CPU
		{8EF33D67-8CE7-463C-B26E-EE75B091660F}.Debug|Any CPU.Build.0 = Debug|Any CPU
		{8EF33D67-8CE7-463C-B26E-EE75B091660F}.Debug|ARM.ActiveCfg = Debug|Any CPU
		{8EF33D67-8CE7-463C-B26E-EE75B091660F}.Debug|ARM.Build.0 = Debug|Any CPU
		{8EF33D67-8CE7-463C-B26E-EE75B091660F}.Debug|ARM64.ActiveCfg = Debug|Any CPU
		{8EF33D67-8CE7-463C-B26E-EE75B091660F}.Debug|ARM64.Build.0 = Debug|Any CPU
		{8EF33D67-8CE7-463C-B26E-EE75B091660F}.Debug|iPhone.ActiveCfg = Debug|Any CPU
		{8EF33D67-8CE7-463C-B26E-EE75B091660F}.Debug|iPhone.Build.0 = Debug|Any CPU
		{8EF33D67-8CE7-463C-B26E-EE75B091660F}.Debug|iPhoneSimulator.ActiveCfg = Debug|Any CPU
		{8EF33D67-8CE7-463C-B26E-EE75B091660F}.Debug|iPhoneSimulator.Build.0 = Debug|Any CPU
		{8EF33D67-8CE7-463C-B26E-EE75B091660F}.Debug|x64.ActiveCfg = Debug|Any CPU
		{8EF33D67-8CE7-463C-B26E-EE75B091660F}.Debug|x64.Build.0 = Debug|Any CPU
		{8EF33D67-8CE7-463C-B26E-EE75B091660F}.Debug|x86.ActiveCfg = Debug|Any CPU
		{8EF33D67-8CE7-463C-B26E-EE75B091660F}.Debug|x86.Build.0 = Debug|Any CPU
		{8EF33D67-8CE7-463C-B26E-EE75B091660F}.Release|Any CPU.ActiveCfg = Release|Any CPU
		{8EF33D67-8CE7-463C-B26E-EE75B091660F}.Release|Any CPU.Build.0 = Release|Any CPU
		{8EF33D67-8CE7-463C-B26E-EE75B091660F}.Release|ARM.ActiveCfg = Release|Any CPU
		{8EF33D67-8CE7-463C-B26E-EE75B091660F}.Release|ARM.Build.0 = Release|Any CPU
		{8EF33D67-8CE7-463C-B26E-EE75B091660F}.Release|ARM64.ActiveCfg = Release|Any CPU
		{8EF33D67-8CE7-463C-B26E-EE75B091660F}.Release|ARM64.Build.0 = Release|Any CPU
		{8EF33D67-8CE7-463C-B26E-EE75B091660F}.Release|iPhone.ActiveCfg = Release|Any CPU
		{8EF33D67-8CE7-463C-B26E-EE75B091660F}.Release|iPhone.Build.0 = Release|Any CPU
		{8EF33D67-8CE7-463C-B26E-EE75B091660F}.Release|iPhoneSimulator.ActiveCfg = Release|Any CPU
		{8EF33D67-8CE7-463C-B26E-EE75B091660F}.Release|iPhoneSimulator.Build.0 = Release|Any CPU
		{8EF33D67-8CE7-463C-B26E-EE75B091660F}.Release|x64.ActiveCfg = Release|Any CPU
		{8EF33D67-8CE7-463C-B26E-EE75B091660F}.Release|x64.Build.0 = Release|Any CPU
		{8EF33D67-8CE7-463C-B26E-EE75B091660F}.Release|x86.ActiveCfg = Release|Any CPU
		{8EF33D67-8CE7-463C-B26E-EE75B091660F}.Release|x86.Build.0 = Release|Any CPU
		{A3C3A643-02E2-4FD2-A57B-B205274FD12E}.Ad-Hoc|Any CPU.ActiveCfg = Debug|Win32
		{A3C3A643-02E2-4FD2-A57B-B205274FD12E}.Ad-Hoc|Any CPU.Build.0 = Debug|Win32
		{A3C3A643-02E2-4FD2-A57B-B205274FD12E}.Ad-Hoc|ARM.ActiveCfg = Debug|Win32
		{A3C3A643-02E2-4FD2-A57B-B205274FD12E}.Ad-Hoc|ARM.Build.0 = Debug|Win32
		{A3C3A643-02E2-4FD2-A57B-B205274FD12E}.Ad-Hoc|ARM64.ActiveCfg = Debug|Win32
		{A3C3A643-02E2-4FD2-A57B-B205274FD12E}.Ad-Hoc|ARM64.Build.0 = Debug|Win32
		{A3C3A643-02E2-4FD2-A57B-B205274FD12E}.Ad-Hoc|iPhone.ActiveCfg = Debug|Win32
		{A3C3A643-02E2-4FD2-A57B-B205274FD12E}.Ad-Hoc|iPhone.Build.0 = Debug|Win32
		{A3C3A643-02E2-4FD2-A57B-B205274FD12E}.Ad-Hoc|iPhoneSimulator.ActiveCfg = Debug|Win32
		{A3C3A643-02E2-4FD2-A57B-B205274FD12E}.Ad-Hoc|iPhoneSimulator.Build.0 = Debug|Win32
		{A3C3A643-02E2-4FD2-A57B-B205274FD12E}.Ad-Hoc|x64.ActiveCfg = Debug|x64
		{A3C3A643-02E2-4FD2-A57B-B205274FD12E}.Ad-Hoc|x64.Build.0 = Debug|x64
		{A3C3A643-02E2-4FD2-A57B-B205274FD12E}.Ad-Hoc|x86.ActiveCfg = Debug|Win32
		{A3C3A643-02E2-4FD2-A57B-B205274FD12E}.Ad-Hoc|x86.Build.0 = Debug|Win32
		{A3C3A643-02E2-4FD2-A57B-B205274FD12E}.AppStore|Any CPU.ActiveCfg = Debug|Win32
		{A3C3A643-02E2-4FD2-A57B-B205274FD12E}.AppStore|Any CPU.Build.0 = Debug|Win32
		{A3C3A643-02E2-4FD2-A57B-B205274FD12E}.AppStore|ARM.ActiveCfg = Debug|Win32
		{A3C3A643-02E2-4FD2-A57B-B205274FD12E}.AppStore|ARM.Build.0 = Debug|Win32
		{A3C3A643-02E2-4FD2-A57B-B205274FD12E}.AppStore|ARM64.ActiveCfg = Debug|Win32
		{A3C3A643-02E2-4FD2-A57B-B205274FD12E}.AppStore|ARM64.Build.0 = Debug|Win32
		{A3C3A643-02E2-4FD2-A57B-B205274FD12E}.AppStore|iPhone.ActiveCfg = Debug|Win32
		{A3C3A643-02E2-4FD2-A57B-B205274FD12E}.AppStore|iPhone.Build.0 = Debug|Win32
		{A3C3A643-02E2-4FD2-A57B-B205274FD12E}.AppStore|iPhoneSimulator.ActiveCfg = Debug|Win32
		{A3C3A643-02E2-4FD2-A57B-B205274FD12E}.AppStore|iPhoneSimulator.Build.0 = Debug|Win32
		{A3C3A643-02E2-4FD2-A57B-B205274FD12E}.AppStore|x64.ActiveCfg = Debug|x64
		{A3C3A643-02E2-4FD2-A57B-B205274FD12E}.AppStore|x64.Build.0 = Debug|x64
		{A3C3A643-02E2-4FD2-A57B-B205274FD12E}.AppStore|x86.ActiveCfg = Debug|Win32
		{A3C3A643-02E2-4FD2-A57B-B205274FD12E}.AppStore|x86.Build.0 = Debug|Win32
		{A3C3A643-02E2-4FD2-A57B-B205274FD12E}.Debug|Any CPU.ActiveCfg = Debug|Win32
		{A3C3A643-02E2-4FD2-A57B-B205274FD12E}.Debug|ARM.ActiveCfg = Debug|Win32
		{A3C3A643-02E2-4FD2-A57B-B205274FD12E}.Debug|ARM64.ActiveCfg = Debug|Win32
		{A3C3A643-02E2-4FD2-A57B-B205274FD12E}.Debug|iPhone.ActiveCfg = Debug|Win32
		{A3C3A643-02E2-4FD2-A57B-B205274FD12E}.Debug|iPhoneSimulator.ActiveCfg = Debug|Win32
		{A3C3A643-02E2-4FD2-A57B-B205274FD12E}.Debug|x64.ActiveCfg = Debug|x64
		{A3C3A643-02E2-4FD2-A57B-B205274FD12E}.Debug|x64.Build.0 = Debug|x64
		{A3C3A643-02E2-4FD2-A57B-B205274FD12E}.Debug|x86.ActiveCfg = Debug|Win32
		{A3C3A643-02E2-4FD2-A57B-B205274FD12E}.Debug|x86.Build.0 = Debug|Win32
		{A3C3A643-02E2-4FD2-A57B-B205274FD12E}.Release|Any CPU.ActiveCfg = Release|Win32
		{A3C3A643-02E2-4FD2-A57B-B205274FD12E}.Release|ARM.ActiveCfg = Release|Win32
		{A3C3A643-02E2-4FD2-A57B-B205274FD12E}.Release|ARM64.ActiveCfg = Release|Win32
		{A3C3A643-02E2-4FD2-A57B-B205274FD12E}.Release|iPhone.ActiveCfg = Release|Win32
		{A3C3A643-02E2-4FD2-A57B-B205274FD12E}.Release|iPhoneSimulator.ActiveCfg = Release|Win32
		{A3C3A643-02E2-4FD2-A57B-B205274FD12E}.Release|x64.ActiveCfg = Release|x64
		{A3C3A643-02E2-4FD2-A57B-B205274FD12E}.Release|x64.Build.0 = Release|x64
		{A3C3A643-02E2-4FD2-A57B-B205274FD12E}.Release|x86.ActiveCfg = Release|Win32
		{A3C3A643-02E2-4FD2-A57B-B205274FD12E}.Release|x86.Build.0 = Release|Win32
		{606D2AC2-9A85-4BB9-AAFC-83F8D01A1A8B}.Ad-Hoc|Any CPU.ActiveCfg = Debug|Any CPU
		{606D2AC2-9A85-4BB9-AAFC-83F8D01A1A8B}.Ad-Hoc|Any CPU.Build.0 = Debug|Any CPU
		{606D2AC2-9A85-4BB9-AAFC-83F8D01A1A8B}.Ad-Hoc|ARM.ActiveCfg = Debug|Any CPU
		{606D2AC2-9A85-4BB9-AAFC-83F8D01A1A8B}.Ad-Hoc|ARM.Build.0 = Debug|Any CPU
		{606D2AC2-9A85-4BB9-AAFC-83F8D01A1A8B}.Ad-Hoc|ARM64.ActiveCfg = Debug|Any CPU
		{606D2AC2-9A85-4BB9-AAFC-83F8D01A1A8B}.Ad-Hoc|ARM64.Build.0 = Debug|Any CPU
		{606D2AC2-9A85-4BB9-AAFC-83F8D01A1A8B}.Ad-Hoc|iPhone.ActiveCfg = Debug|Any CPU
		{606D2AC2-9A85-4BB9-AAFC-83F8D01A1A8B}.Ad-Hoc|iPhone.Build.0 = Debug|Any CPU
		{606D2AC2-9A85-4BB9-AAFC-83F8D01A1A8B}.Ad-Hoc|iPhoneSimulator.ActiveCfg = Debug|Any CPU
		{606D2AC2-9A85-4BB9-AAFC-83F8D01A1A8B}.Ad-Hoc|iPhoneSimulator.Build.0 = Debug|Any CPU
		{606D2AC2-9A85-4BB9-AAFC-83F8D01A1A8B}.Ad-Hoc|x64.ActiveCfg = Debug|Any CPU
		{606D2AC2-9A85-4BB9-AAFC-83F8D01A1A8B}.Ad-Hoc|x64.Build.0 = Debug|Any CPU
		{606D2AC2-9A85-4BB9-AAFC-83F8D01A1A8B}.Ad-Hoc|x86.ActiveCfg = Debug|Any CPU
		{606D2AC2-9A85-4BB9-AAFC-83F8D01A1A8B}.Ad-Hoc|x86.Build.0 = Debug|Any CPU
		{606D2AC2-9A85-4BB9-AAFC-83F8D01A1A8B}.AppStore|Any CPU.ActiveCfg = Debug|Any CPU
		{606D2AC2-9A85-4BB9-AAFC-83F8D01A1A8B}.AppStore|Any CPU.Build.0 = Debug|Any CPU
		{606D2AC2-9A85-4BB9-AAFC-83F8D01A1A8B}.AppStore|ARM.ActiveCfg = Debug|Any CPU
		{606D2AC2-9A85-4BB9-AAFC-83F8D01A1A8B}.AppStore|ARM.Build.0 = Debug|Any CPU
		{606D2AC2-9A85-4BB9-AAFC-83F8D01A1A8B}.AppStore|ARM64.ActiveCfg = Debug|Any CPU
		{606D2AC2-9A85-4BB9-AAFC-83F8D01A1A8B}.AppStore|ARM64.Build.0 = Debug|Any CPU
		{606D2AC2-9A85-4BB9-AAFC-83F8D01A1A8B}.AppStore|iPhone.ActiveCfg = Debug|Any CPU
		{606D2AC2-9A85-4BB9-AAFC-83F8D01A1A8B}.AppStore|iPhone.Build.0 = Debug|Any CPU
		{606D2AC2-9A85-4BB9-AAFC-83F8D01A1A8B}.AppStore|iPhoneSimulator.ActiveCfg = Debug|Any CPU
		{606D2AC2-9A85-4BB9-AAFC-83F8D01A1A8B}.AppStore|iPhoneSimulator.Build.0 = Debug|Any CPU
		{606D2AC2-9A85-4BB9-AAFC-83F8D01A1A8B}.AppStore|x64.ActiveCfg = Debug|Any CPU
		{606D2AC2-9A85-4BB9-AAFC-83F8D01A1A8B}.AppStore|x64.Build.0 = Debug|Any CPU
		{606D2AC2-9A85-4BB9-AAFC-83F8D01A1A8B}.AppStore|x86.ActiveCfg = Debug|Any CPU
		{606D2AC2-9A85-4BB9-AAFC-83F8D01A1A8B}.AppStore|x86.Build.0 = Debug|Any CPU
		{606D2AC2-9A85-4BB9-AAFC-83F8D01A1A8B}.Debug|Any CPU.ActiveCfg = Debug|Any CPU
		{606D2AC2-9A85-4BB9-AAFC-83F8D01A1A8B}.Debug|Any CPU.Build.0 = Debug|Any CPU
		{606D2AC2-9A85-4BB9-AAFC-83F8D01A1A8B}.Debug|ARM.ActiveCfg = Debug|Any CPU
		{606D2AC2-9A85-4BB9-AAFC-83F8D01A1A8B}.Debug|ARM.Build.0 = Debug|Any CPU
		{606D2AC2-9A85-4BB9-AAFC-83F8D01A1A8B}.Debug|ARM64.ActiveCfg = Debug|Any CPU
		{606D2AC2-9A85-4BB9-AAFC-83F8D01A1A8B}.Debug|ARM64.Build.0 = Debug|Any CPU
		{606D2AC2-9A85-4BB9-AAFC-83F8D01A1A8B}.Debug|iPhone.ActiveCfg = Debug|Any CPU
		{606D2AC2-9A85-4BB9-AAFC-83F8D01A1A8B}.Debug|iPhone.Build.0 = Debug|Any CPU
		{606D2AC2-9A85-4BB9-AAFC-83F8D01A1A8B}.Debug|iPhoneSimulator.ActiveCfg = Debug|Any CPU
		{606D2AC2-9A85-4BB9-AAFC-83F8D01A1A8B}.Debug|iPhoneSimulator.Build.0 = Debug|Any CPU
		{606D2AC2-9A85-4BB9-AAFC-83F8D01A1A8B}.Debug|x64.ActiveCfg = Debug|Any CPU
		{606D2AC2-9A85-4BB9-AAFC-83F8D01A1A8B}.Debug|x64.Build.0 = Debug|Any CPU
		{606D2AC2-9A85-4BB9-AAFC-83F8D01A1A8B}.Debug|x86.ActiveCfg = Debug|Any CPU
		{606D2AC2-9A85-4BB9-AAFC-83F8D01A1A8B}.Debug|x86.Build.0 = Debug|Any CPU
		{606D2AC2-9A85-4BB9-AAFC-83F8D01A1A8B}.Release|Any CPU.ActiveCfg = Release|Any CPU
		{606D2AC2-9A85-4BB9-AAFC-83F8D01A1A8B}.Release|Any CPU.Build.0 = Release|Any CPU
		{606D2AC2-9A85-4BB9-AAFC-83F8D01A1A8B}.Release|ARM.ActiveCfg = Release|Any CPU
		{606D2AC2-9A85-4BB9-AAFC-83F8D01A1A8B}.Release|ARM.Build.0 = Release|Any CPU
		{606D2AC2-9A85-4BB9-AAFC-83F8D01A1A8B}.Release|ARM64.ActiveCfg = Release|Any CPU
		{606D2AC2-9A85-4BB9-AAFC-83F8D01A1A8B}.Release|ARM64.Build.0 = Release|Any CPU
		{606D2AC2-9A85-4BB9-AAFC-83F8D01A1A8B}.Release|iPhone.ActiveCfg = Release|Any CPU
		{606D2AC2-9A85-4BB9-AAFC-83F8D01A1A8B}.Release|iPhone.Build.0 = Release|Any CPU
		{606D2AC2-9A85-4BB9-AAFC-83F8D01A1A8B}.Release|iPhoneSimulator.ActiveCfg = Release|Any CPU
		{606D2AC2-9A85-4BB9-AAFC-83F8D01A1A8B}.Release|iPhoneSimulator.Build.0 = Release|Any CPU
		{606D2AC2-9A85-4BB9-AAFC-83F8D01A1A8B}.Release|x64.ActiveCfg = Release|Any CPU
		{606D2AC2-9A85-4BB9-AAFC-83F8D01A1A8B}.Release|x64.Build.0 = Release|Any CPU
		{606D2AC2-9A85-4BB9-AAFC-83F8D01A1A8B}.Release|x86.ActiveCfg = Release|Any CPU
		{606D2AC2-9A85-4BB9-AAFC-83F8D01A1A8B}.Release|x86.Build.0 = Release|Any CPU
		{B608C289-2F02-430A-990E-F95295F3CBDA}.Ad-Hoc|Any CPU.ActiveCfg = Debug|Any CPU
		{B608C289-2F02-430A-990E-F95295F3CBDA}.Ad-Hoc|Any CPU.Build.0 = Debug|Any CPU
		{B608C289-2F02-430A-990E-F95295F3CBDA}.Ad-Hoc|ARM.ActiveCfg = Debug|Any CPU
		{B608C289-2F02-430A-990E-F95295F3CBDA}.Ad-Hoc|ARM.Build.0 = Debug|Any CPU
		{B608C289-2F02-430A-990E-F95295F3CBDA}.Ad-Hoc|ARM64.ActiveCfg = Debug|Any CPU
		{B608C289-2F02-430A-990E-F95295F3CBDA}.Ad-Hoc|ARM64.Build.0 = Debug|Any CPU
		{B608C289-2F02-430A-990E-F95295F3CBDA}.Ad-Hoc|iPhone.ActiveCfg = Debug|Any CPU
		{B608C289-2F02-430A-990E-F95295F3CBDA}.Ad-Hoc|iPhone.Build.0 = Debug|Any CPU
		{B608C289-2F02-430A-990E-F95295F3CBDA}.Ad-Hoc|iPhoneSimulator.ActiveCfg = Debug|Any CPU
		{B608C289-2F02-430A-990E-F95295F3CBDA}.Ad-Hoc|iPhoneSimulator.Build.0 = Debug|Any CPU
		{B608C289-2F02-430A-990E-F95295F3CBDA}.Ad-Hoc|x64.ActiveCfg = Debug|Any CPU
		{B608C289-2F02-430A-990E-F95295F3CBDA}.Ad-Hoc|x64.Build.0 = Debug|Any CPU
		{B608C289-2F02-430A-990E-F95295F3CBDA}.Ad-Hoc|x86.ActiveCfg = Debug|Any CPU
		{B608C289-2F02-430A-990E-F95295F3CBDA}.Ad-Hoc|x86.Build.0 = Debug|Any CPU
		{B608C289-2F02-430A-990E-F95295F3CBDA}.AppStore|Any CPU.ActiveCfg = Debug|Any CPU
		{B608C289-2F02-430A-990E-F95295F3CBDA}.AppStore|Any CPU.Build.0 = Debug|Any CPU
		{B608C289-2F02-430A-990E-F95295F3CBDA}.AppStore|ARM.ActiveCfg = Debug|Any CPU
		{B608C289-2F02-430A-990E-F95295F3CBDA}.AppStore|ARM.Build.0 = Debug|Any CPU
		{B608C289-2F02-430A-990E-F95295F3CBDA}.AppStore|ARM64.ActiveCfg = Debug|Any CPU
		{B608C289-2F02-430A-990E-F95295F3CBDA}.AppStore|ARM64.Build.0 = Debug|Any CPU
		{B608C289-2F02-430A-990E-F95295F3CBDA}.AppStore|iPhone.ActiveCfg = Debug|Any CPU
		{B608C289-2F02-430A-990E-F95295F3CBDA}.AppStore|iPhone.Build.0 = Debug|Any CPU
		{B608C289-2F02-430A-990E-F95295F3CBDA}.AppStore|iPhoneSimulator.ActiveCfg = Debug|Any CPU
		{B608C289-2F02-430A-990E-F95295F3CBDA}.AppStore|iPhoneSimulator.Build.0 = Debug|Any CPU
		{B608C289-2F02-430A-990E-F95295F3CBDA}.AppStore|x64.ActiveCfg = Debug|Any CPU
		{B608C289-2F02-430A-990E-F95295F3CBDA}.AppStore|x64.Build.0 = Debug|Any CPU
		{B608C289-2F02-430A-990E-F95295F3CBDA}.AppStore|x86.ActiveCfg = Debug|Any CPU
		{B608C289-2F02-430A-990E-F95295F3CBDA}.AppStore|x86.Build.0 = Debug|Any CPU
		{B608C289-2F02-430A-990E-F95295F3CBDA}.Debug|Any CPU.ActiveCfg = Debug|Any CPU
		{B608C289-2F02-430A-990E-F95295F3CBDA}.Debug|Any CPU.Build.0 = Debug|Any CPU
		{B608C289-2F02-430A-990E-F95295F3CBDA}.Debug|ARM.ActiveCfg = Debug|Any CPU
		{B608C289-2F02-430A-990E-F95295F3CBDA}.Debug|ARM.Build.0 = Debug|Any CPU
		{B608C289-2F02-430A-990E-F95295F3CBDA}.Debug|ARM64.ActiveCfg = Debug|Any CPU
		{B608C289-2F02-430A-990E-F95295F3CBDA}.Debug|ARM64.Build.0 = Debug|Any CPU
		{B608C289-2F02-430A-990E-F95295F3CBDA}.Debug|iPhone.ActiveCfg = Debug|Any CPU
		{B608C289-2F02-430A-990E-F95295F3CBDA}.Debug|iPhone.Build.0 = Debug|Any CPU
		{B608C289-2F02-430A-990E-F95295F3CBDA}.Debug|iPhoneSimulator.ActiveCfg = Debug|Any CPU
		{B608C289-2F02-430A-990E-F95295F3CBDA}.Debug|iPhoneSimulator.Build.0 = Debug|Any CPU
		{B608C289-2F02-430A-990E-F95295F3CBDA}.Debug|x64.ActiveCfg = Debug|Any CPU
		{B608C289-2F02-430A-990E-F95295F3CBDA}.Debug|x64.Build.0 = Debug|Any CPU
		{B608C289-2F02-430A-990E-F95295F3CBDA}.Debug|x86.ActiveCfg = Debug|Any CPU
		{B608C289-2F02-430A-990E-F95295F3CBDA}.Debug|x86.Build.0 = Debug|Any CPU
		{B608C289-2F02-430A-990E-F95295F3CBDA}.Release|Any CPU.ActiveCfg = Release|Any CPU
		{B608C289-2F02-430A-990E-F95295F3CBDA}.Release|Any CPU.Build.0 = Release|Any CPU
		{B608C289-2F02-430A-990E-F95295F3CBDA}.Release|ARM.ActiveCfg = Release|Any CPU
		{B608C289-2F02-430A-990E-F95295F3CBDA}.Release|ARM.Build.0 = Release|Any CPU
		{B608C289-2F02-430A-990E-F95295F3CBDA}.Release|ARM64.ActiveCfg = Release|Any CPU
		{B608C289-2F02-430A-990E-F95295F3CBDA}.Release|ARM64.Build.0 = Release|Any CPU
		{B608C289-2F02-430A-990E-F95295F3CBDA}.Release|iPhone.ActiveCfg = Release|Any CPU
		{B608C289-2F02-430A-990E-F95295F3CBDA}.Release|iPhone.Build.0 = Release|Any CPU
		{B608C289-2F02-430A-990E-F95295F3CBDA}.Release|iPhoneSimulator.ActiveCfg = Release|Any CPU
		{B608C289-2F02-430A-990E-F95295F3CBDA}.Release|iPhoneSimulator.Build.0 = Release|Any CPU
		{B608C289-2F02-430A-990E-F95295F3CBDA}.Release|x64.ActiveCfg = Release|Any CPU
		{B608C289-2F02-430A-990E-F95295F3CBDA}.Release|x64.Build.0 = Release|Any CPU
		{B608C289-2F02-430A-990E-F95295F3CBDA}.Release|x86.ActiveCfg = Release|Any CPU
		{B608C289-2F02-430A-990E-F95295F3CBDA}.Release|x86.Build.0 = Release|Any CPU
		{609BB855-2EB9-4A44-87CA-CC434410A846}.Ad-Hoc|Any CPU.ActiveCfg = Debug|Any CPU
		{609BB855-2EB9-4A44-87CA-CC434410A846}.Ad-Hoc|Any CPU.Build.0 = Debug|Any CPU
		{609BB855-2EB9-4A44-87CA-CC434410A846}.Ad-Hoc|ARM.ActiveCfg = Debug|Any CPU
		{609BB855-2EB9-4A44-87CA-CC434410A846}.Ad-Hoc|ARM.Build.0 = Debug|Any CPU
		{609BB855-2EB9-4A44-87CA-CC434410A846}.Ad-Hoc|ARM64.ActiveCfg = Debug|Any CPU
		{609BB855-2EB9-4A44-87CA-CC434410A846}.Ad-Hoc|ARM64.Build.0 = Debug|Any CPU
		{609BB855-2EB9-4A44-87CA-CC434410A846}.Ad-Hoc|iPhone.ActiveCfg = Debug|Any CPU
		{609BB855-2EB9-4A44-87CA-CC434410A846}.Ad-Hoc|iPhone.Build.0 = Debug|Any CPU
		{609BB855-2EB9-4A44-87CA-CC434410A846}.Ad-Hoc|iPhoneSimulator.ActiveCfg = Debug|Any CPU
		{609BB855-2EB9-4A44-87CA-CC434410A846}.Ad-Hoc|iPhoneSimulator.Build.0 = Debug|Any CPU
		{609BB855-2EB9-4A44-87CA-CC434410A846}.Ad-Hoc|x64.ActiveCfg = Debug|Any CPU
		{609BB855-2EB9-4A44-87CA-CC434410A846}.Ad-Hoc|x64.Build.0 = Debug|Any CPU
		{609BB855-2EB9-4A44-87CA-CC434410A846}.Ad-Hoc|x86.ActiveCfg = Debug|Any CPU
		{609BB855-2EB9-4A44-87CA-CC434410A846}.Ad-Hoc|x86.Build.0 = Debug|Any CPU
		{609BB855-2EB9-4A44-87CA-CC434410A846}.AppStore|Any CPU.ActiveCfg = Debug|Any CPU
		{609BB855-2EB9-4A44-87CA-CC434410A846}.AppStore|Any CPU.Build.0 = Debug|Any CPU
		{609BB855-2EB9-4A44-87CA-CC434410A846}.AppStore|ARM.ActiveCfg = Debug|Any CPU
		{609BB855-2EB9-4A44-87CA-CC434410A846}.AppStore|ARM.Build.0 = Debug|Any CPU
		{609BB855-2EB9-4A44-87CA-CC434410A846}.AppStore|ARM64.ActiveCfg = Debug|Any CPU
		{609BB855-2EB9-4A44-87CA-CC434410A846}.AppStore|ARM64.Build.0 = Debug|Any CPU
		{609BB855-2EB9-4A44-87CA-CC434410A846}.AppStore|iPhone.ActiveCfg = Debug|Any CPU
		{609BB855-2EB9-4A44-87CA-CC434410A846}.AppStore|iPhone.Build.0 = Debug|Any CPU
		{609BB855-2EB9-4A44-87CA-CC434410A846}.AppStore|iPhoneSimulator.ActiveCfg = Debug|Any CPU
		{609BB855-2EB9-4A44-87CA-CC434410A846}.AppStore|iPhoneSimulator.Build.0 = Debug|Any CPU
		{609BB855-2EB9-4A44-87CA-CC434410A846}.AppStore|x64.ActiveCfg = Debug|Any CPU
		{609BB855-2EB9-4A44-87CA-CC434410A846}.AppStore|x64.Build.0 = Debug|Any CPU
		{609BB855-2EB9-4A44-87CA-CC434410A846}.AppStore|x86.ActiveCfg = Debug|Any CPU
		{609BB855-2EB9-4A44-87CA-CC434410A846}.AppStore|x86.Build.0 = Debug|Any CPU
		{609BB855-2EB9-4A44-87CA-CC434410A846}.Debug|Any CPU.ActiveCfg = Debug|Any CPU
		{609BB855-2EB9-4A44-87CA-CC434410A846}.Debug|Any CPU.Build.0 = Debug|Any CPU
		{609BB855-2EB9-4A44-87CA-CC434410A846}.Debug|ARM.ActiveCfg = Debug|Any CPU
		{609BB855-2EB9-4A44-87CA-CC434410A846}.Debug|ARM.Build.0 = Debug|Any CPU
		{609BB855-2EB9-4A44-87CA-CC434410A846}.Debug|ARM64.ActiveCfg = Debug|Any CPU
		{609BB855-2EB9-4A44-87CA-CC434410A846}.Debug|ARM64.Build.0 = Debug|Any CPU
		{609BB855-2EB9-4A44-87CA-CC434410A846}.Debug|iPhone.ActiveCfg = Debug|Any CPU
		{609BB855-2EB9-4A44-87CA-CC434410A846}.Debug|iPhone.Build.0 = Debug|Any CPU
		{609BB855-2EB9-4A44-87CA-CC434410A846}.Debug|iPhoneSimulator.ActiveCfg = Debug|Any CPU
		{609BB855-2EB9-4A44-87CA-CC434410A846}.Debug|iPhoneSimulator.Build.0 = Debug|Any CPU
		{609BB855-2EB9-4A44-87CA-CC434410A846}.Debug|x64.ActiveCfg = Debug|Any CPU
		{609BB855-2EB9-4A44-87CA-CC434410A846}.Debug|x64.Build.0 = Debug|Any CPU
		{609BB855-2EB9-4A44-87CA-CC434410A846}.Debug|x86.ActiveCfg = Debug|Any CPU
		{609BB855-2EB9-4A44-87CA-CC434410A846}.Debug|x86.Build.0 = Debug|Any CPU
		{609BB855-2EB9-4A44-87CA-CC434410A846}.Release|Any CPU.ActiveCfg = Release|Any CPU
		{609BB855-2EB9-4A44-87CA-CC434410A846}.Release|Any CPU.Build.0 = Release|Any CPU
		{609BB855-2EB9-4A44-87CA-CC434410A846}.Release|ARM.ActiveCfg = Release|Any CPU
		{609BB855-2EB9-4A44-87CA-CC434410A846}.Release|ARM.Build.0 = Release|Any CPU
		{609BB855-2EB9-4A44-87CA-CC434410A846}.Release|ARM64.ActiveCfg = Release|Any CPU
		{609BB855-2EB9-4A44-87CA-CC434410A846}.Release|ARM64.Build.0 = Release|Any CPU
		{609BB855-2EB9-4A44-87CA-CC434410A846}.Release|iPhone.ActiveCfg = Release|Any CPU
		{609BB855-2EB9-4A44-87CA-CC434410A846}.Release|iPhone.Build.0 = Release|Any CPU
		{609BB855-2EB9-4A44-87CA-CC434410A846}.Release|iPhoneSimulator.ActiveCfg = Release|Any CPU
		{609BB855-2EB9-4A44-87CA-CC434410A846}.Release|iPhoneSimulator.Build.0 = Release|Any CPU
		{609BB855-2EB9-4A44-87CA-CC434410A846}.Release|x64.ActiveCfg = Release|Any CPU
		{609BB855-2EB9-4A44-87CA-CC434410A846}.Release|x64.Build.0 = Release|Any CPU
		{609BB855-2EB9-4A44-87CA-CC434410A846}.Release|x86.ActiveCfg = Release|Any CPU
		{609BB855-2EB9-4A44-87CA-CC434410A846}.Release|x86.Build.0 = Release|Any CPU
	EndGlobalSection
	GlobalSection(SolutionProperties) = preSolution
		HideSolutionNode = FALSE
	EndGlobalSection
	GlobalSection(NestedProjects) = preSolution
		{606D2AC2-9A85-4BB9-AAFC-83F8D01A1A8B} = {C8D44B01-D983-401D-B431-5968EBE75054}
		{B608C289-2F02-430A-990E-F95295F3CBDA} = {C8D44B01-D983-401D-B431-5968EBE75054}
	EndGlobalSection
	GlobalSection(ExtensibilityGlobals) = postSolution
		SolutionGuid = {DE89E37C-E86B-4D45-9FC4-16522E4D9865}
	EndGlobalSection
EndGlobal
