
Microsoft Visual Studio Solution File, Format Version 12.00
# Visual Studio Version 16
VisualStudioVersion = 16.0.30204.135
MinimumVisualStudioVersion = 10.0.40219.1
Project("{9A19103F-16F7-4668-BE54-9A1E7A4F7556}") = "BEditor.WPF", "BEditor.WPF\BEditor.WPF.csproj", "{65EA9149-55FC-42CF-A5A2-EE2C75D18AE9}"
EndProject
Project("{2150E333-8FDC-42A3-9474-1A3956D46DE8}") = "Solution Items", "Solution Items", "{F5525077-037D-4A7B-9B46-C461BE03FCB4}"
	ProjectSection(SolutionItems) = preProject
		.editorconfig = .editorconfig
	EndProjectSection
EndProject
Project("{9A19103F-16F7-4668-BE54-9A1E7A4F7556}") = "BEditor.Core", "BEditor.Core\BEditor.Core.csproj", "{64A936C0-5B2A-4AF2-9AFE-5840BAEDF482}"
	ProjectSection(ProjectDependencies) = postProject
		{6F06DB5A-C0B0-4D88-9D13-0EF8B2B8CD26} = {6F06DB5A-C0B0-4D88-9D13-0EF8B2B8CD26}
	EndProjectSection
EndProject
Project("{2150E333-8FDC-42A3-9474-1A3956D46DE8}") = "Document", "Document", "{BF87B613-95C1-4AD0-915A-BB751D0A3E77}"
EndProject
Project("{8BC9CEB8-8B4A-11D0-8D11-00A0C91BC942}") = "BEditor.Extern", "BEditor.Extern\BEditor.Extern.vcxproj", "{6F06DB5A-C0B0-4D88-9D13-0EF8B2B8CD26}"
EndProject
Project("{9A19103F-16F7-4668-BE54-9A1E7A4F7556}") = "BEditor.Page", "BEditor.Page\BEditor.Page.csproj", "{ACB52ABE-D62A-4769-8604-3E6641E4E1B1}"
EndProject
Project("{9A19103F-16F7-4668-BE54-9A1E7A4F7556}") = "OpenTKTest", "OpenTKTest\OpenTKTest.csproj", "{13AF5A6A-C0A8-4649-A2A6-CD3272209BF6}"
EndProject
Project("{9A19103F-16F7-4668-BE54-9A1E7A4F7556}") = "NUnitTestProject1", "NUnitTestProject1\NUnitTestProject1.csproj", "{E5465A41-2325-4E59-BFDC-EF16B159C055}"
EndProject
Project("{D954291E-2A0B-460D-934E-DC6B0785DB48}") = "BEditor.App.Shared", "BEditor.App\BEditor.App.Shared\BEditor.App.Shared.shproj", "{6279C845-92F8-4333-AB99-3D213163593C}"
EndProject
Project("{FAE04EC0-301F-11D3-BF4B-00C04F79EFBC}") = "BEditor.App.UWP", "BEditor.App\BEditor.App.UWP\BEditor.App.UWP.csproj", "{107B03B2-3276-46E7-81DA-5FB9B13D8AAD}"
EndProject
Project("{FAE04EC0-301F-11D3-BF4B-00C04F79EFBC}") = "BEditor.App.Wasm", "BEditor.App\BEditor.App.Wasm\BEditor.App.Wasm.csproj", "{9FE89C86-652F-40C6-87A6-3CC1ADCAF1B6}"
EndProject
Project("{FAE04EC0-301F-11D3-BF4B-00C04F79EFBC}") = "BEditor.App.macOS", "BEditor.App\BEditor.App.macOS\BEditor.App.macOS.csproj", "{3B6CDEB7-B678-4D6D-81D6-C0D3DD701C9E}"
EndProject
Project("{FAE04EC0-301F-11D3-BF4B-00C04F79EFBC}") = "BEditor.App.Skia.Gtk", "BEditor.App\BEditor.App.Skia.Gtk\BEditor.App.Skia.Gtk.csproj", "{112D5968-1F5A-4F8F-93E9-5101DD6E54DC}"
EndProject
Global
	GlobalSection(SharedMSBuildProjectFiles) = preSolution
		BEditor.App\BEditor.App.Shared\BEditor.App.Shared.projitems*{107b03b2-3276-46e7-81da-5fb9b13d8aad}*SharedItemsImports = 4
		BEditor.App\BEditor.App.Shared\BEditor.App.Shared.projitems*{112d5968-1f5a-4f8f-93e9-5101dd6e54dc}*SharedItemsImports = 5
		BEditor.App\BEditor.App.Shared\BEditor.App.Shared.projitems*{3b6cdeb7-b678-4d6d-81d6-c0d3dd701c9e}*SharedItemsImports = 4
		BEditor.App\BEditor.App.Shared\BEditor.App.Shared.projitems*{6279c845-92f8-4333-ab99-3d213163593c}*SharedItemsImports = 13
		BEditor.App\BEditor.App.Shared\BEditor.App.Shared.projitems*{9fe89c86-652f-40c6-87a6-3cc1adcaf1b6}*SharedItemsImports = 5
	EndGlobalSection
	GlobalSection(SolutionConfigurationPlatforms) = preSolution
		Ad-Hoc|Any CPU = Ad-Hoc|Any CPU
		Ad-Hoc|ARM = Ad-Hoc|ARM
		Ad-Hoc|ARM64 = Ad-Hoc|ARM64
		Ad-Hoc|iPhone = Ad-Hoc|iPhone
		Ad-Hoc|iPhoneSimulator = Ad-Hoc|iPhoneSimulator
		Ad-Hoc|x64 = Ad-Hoc|x64
		Ad-Hoc|x86 = Ad-Hoc|x86
		AppStore|Any CPU = AppStore|Any CPU
		AppStore|ARM = AppStore|ARM
		AppStore|ARM64 = AppStore|ARM64
		AppStore|iPhone = AppStore|iPhone
		AppStore|iPhoneSimulator = AppStore|iPhoneSimulator
		AppStore|x64 = AppStore|x64
		AppStore|x86 = AppStore|x86
		Debug|Any CPU = Debug|Any CPU
		Debug|ARM = Debug|ARM
		Debug|ARM64 = Debug|ARM64
		Debug|iPhone = Debug|iPhone
		Debug|iPhoneSimulator = Debug|iPhoneSimulator
		Debug|x64 = Debug|x64
		Debug|x86 = Debug|x86
		Release|Any CPU = Release|Any CPU
		Release|ARM = Release|ARM
		Release|ARM64 = Release|ARM64
		Release|iPhone = Release|iPhone
		Release|iPhoneSimulator = Release|iPhoneSimulator
		Release|x64 = Release|x64
		Release|x86 = Release|x86
	EndGlobalSection
	GlobalSection(ProjectConfigurationPlatforms) = postSolution
		{65EA9149-55FC-42CF-A5A2-EE2C75D18AE9}.Ad-Hoc|Any CPU.ActiveCfg = Release|Any CPU
		{65EA9149-55FC-42CF-A5A2-EE2C75D18AE9}.Ad-Hoc|Any CPU.Build.0 = Release|Any CPU
		{65EA9149-55FC-42CF-A5A2-EE2C75D18AE9}.Ad-Hoc|ARM.ActiveCfg = Release|Any CPU
		{65EA9149-55FC-42CF-A5A2-EE2C75D18AE9}.Ad-Hoc|ARM.Build.0 = Release|Any CPU
		{65EA9149-55FC-42CF-A5A2-EE2C75D18AE9}.Ad-Hoc|ARM64.ActiveCfg = Release|Any CPU
		{65EA9149-55FC-42CF-A5A2-EE2C75D18AE9}.Ad-Hoc|ARM64.Build.0 = Release|Any CPU
		{65EA9149-55FC-42CF-A5A2-EE2C75D18AE9}.Ad-Hoc|iPhone.ActiveCfg = Release|Any CPU
		{65EA9149-55FC-42CF-A5A2-EE2C75D18AE9}.Ad-Hoc|iPhone.Build.0 = Release|Any CPU
		{65EA9149-55FC-42CF-A5A2-EE2C75D18AE9}.Ad-Hoc|iPhoneSimulator.ActiveCfg = Release|Any CPU
		{65EA9149-55FC-42CF-A5A2-EE2C75D18AE9}.Ad-Hoc|iPhoneSimulator.Build.0 = Release|Any CPU
		{65EA9149-55FC-42CF-A5A2-EE2C75D18AE9}.Ad-Hoc|x64.ActiveCfg = Release|x64
		{65EA9149-55FC-42CF-A5A2-EE2C75D18AE9}.Ad-Hoc|x64.Build.0 = Release|x64
		{65EA9149-55FC-42CF-A5A2-EE2C75D18AE9}.Ad-Hoc|x86.ActiveCfg = Release|Any CPU
		{65EA9149-55FC-42CF-A5A2-EE2C75D18AE9}.Ad-Hoc|x86.Build.0 = Release|Any CPU
		{65EA9149-55FC-42CF-A5A2-EE2C75D18AE9}.AppStore|Any CPU.ActiveCfg = Release|Any CPU
		{65EA9149-55FC-42CF-A5A2-EE2C75D18AE9}.AppStore|Any CPU.Build.0 = Release|Any CPU
		{65EA9149-55FC-42CF-A5A2-EE2C75D18AE9}.AppStore|ARM.ActiveCfg = Release|Any CPU
		{65EA9149-55FC-42CF-A5A2-EE2C75D18AE9}.AppStore|ARM.Build.0 = Release|Any CPU
		{65EA9149-55FC-42CF-A5A2-EE2C75D18AE9}.AppStore|ARM64.ActiveCfg = Release|Any CPU
		{65EA9149-55FC-42CF-A5A2-EE2C75D18AE9}.AppStore|ARM64.Build.0 = Release|Any CPU
		{65EA9149-55FC-42CF-A5A2-EE2C75D18AE9}.AppStore|iPhone.ActiveCfg = Release|Any CPU
		{65EA9149-55FC-42CF-A5A2-EE2C75D18AE9}.AppStore|iPhone.Build.0 = Release|Any CPU
		{65EA9149-55FC-42CF-A5A2-EE2C75D18AE9}.AppStore|iPhoneSimulator.ActiveCfg = Release|Any CPU
		{65EA9149-55FC-42CF-A5A2-EE2C75D18AE9}.AppStore|iPhoneSimulator.Build.0 = Release|Any CPU
		{65EA9149-55FC-42CF-A5A2-EE2C75D18AE9}.AppStore|x64.ActiveCfg = Release|x64
		{65EA9149-55FC-42CF-A5A2-EE2C75D18AE9}.AppStore|x64.Build.0 = Release|x64
		{65EA9149-55FC-42CF-A5A2-EE2C75D18AE9}.AppStore|x86.ActiveCfg = Release|Any CPU
		{65EA9149-55FC-42CF-A5A2-EE2C75D18AE9}.AppStore|x86.Build.0 = Release|Any CPU
		{65EA9149-55FC-42CF-A5A2-EE2C75D18AE9}.Debug|Any CPU.ActiveCfg = Debug|Any CPU
		{65EA9149-55FC-42CF-A5A2-EE2C75D18AE9}.Debug|Any CPU.Build.0 = Debug|Any CPU
		{65EA9149-55FC-42CF-A5A2-EE2C75D18AE9}.Debug|ARM.ActiveCfg = Debug|Any CPU
		{65EA9149-55FC-42CF-A5A2-EE2C75D18AE9}.Debug|ARM.Build.0 = Debug|Any CPU
		{65EA9149-55FC-42CF-A5A2-EE2C75D18AE9}.Debug|ARM64.ActiveCfg = Debug|Any CPU
		{65EA9149-55FC-42CF-A5A2-EE2C75D18AE9}.Debug|ARM64.Build.0 = Debug|Any CPU
		{65EA9149-55FC-42CF-A5A2-EE2C75D18AE9}.Debug|iPhone.ActiveCfg = Debug|Any CPU
		{65EA9149-55FC-42CF-A5A2-EE2C75D18AE9}.Debug|iPhone.Build.0 = Debug|Any CPU
		{65EA9149-55FC-42CF-A5A2-EE2C75D18AE9}.Debug|iPhoneSimulator.ActiveCfg = Debug|Any CPU
		{65EA9149-55FC-42CF-A5A2-EE2C75D18AE9}.Debug|iPhoneSimulator.Build.0 = Debug|Any CPU
		{65EA9149-55FC-42CF-A5A2-EE2C75D18AE9}.Debug|x64.ActiveCfg = Debug|x64
		{65EA9149-55FC-42CF-A5A2-EE2C75D18AE9}.Debug|x64.Build.0 = Debug|x64
		{65EA9149-55FC-42CF-A5A2-EE2C75D18AE9}.Debug|x86.ActiveCfg = Debug|Any CPU
		{65EA9149-55FC-42CF-A5A2-EE2C75D18AE9}.Debug|x86.Build.0 = Debug|Any CPU
		{65EA9149-55FC-42CF-A5A2-EE2C75D18AE9}.Release|Any CPU.ActiveCfg = Release|Any CPU
		{65EA9149-55FC-42CF-A5A2-EE2C75D18AE9}.Release|Any CPU.Build.0 = Release|Any CPU
		{65EA9149-55FC-42CF-A5A2-EE2C75D18AE9}.Release|ARM.ActiveCfg = Release|Any CPU
		{65EA9149-55FC-42CF-A5A2-EE2C75D18AE9}.Release|ARM.Build.0 = Release|Any CPU
		{65EA9149-55FC-42CF-A5A2-EE2C75D18AE9}.Release|ARM64.ActiveCfg = Release|Any CPU
		{65EA9149-55FC-42CF-A5A2-EE2C75D18AE9}.Release|ARM64.Build.0 = Release|Any CPU
		{65EA9149-55FC-42CF-A5A2-EE2C75D18AE9}.Release|iPhone.ActiveCfg = Release|Any CPU
		{65EA9149-55FC-42CF-A5A2-EE2C75D18AE9}.Release|iPhone.Build.0 = Release|Any CPU
		{65EA9149-55FC-42CF-A5A2-EE2C75D18AE9}.Release|iPhoneSimulator.ActiveCfg = Release|Any CPU
		{65EA9149-55FC-42CF-A5A2-EE2C75D18AE9}.Release|iPhoneSimulator.Build.0 = Release|Any CPU
		{65EA9149-55FC-42CF-A5A2-EE2C75D18AE9}.Release|x64.ActiveCfg = Release|x64
		{65EA9149-55FC-42CF-A5A2-EE2C75D18AE9}.Release|x64.Build.0 = Release|x64
		{65EA9149-55FC-42CF-A5A2-EE2C75D18AE9}.Release|x86.ActiveCfg = Release|Any CPU
		{65EA9149-55FC-42CF-A5A2-EE2C75D18AE9}.Release|x86.Build.0 = Release|Any CPU
		{64A936C0-5B2A-4AF2-9AFE-5840BAEDF482}.Ad-Hoc|Any CPU.ActiveCfg = Release|Any CPU
		{64A936C0-5B2A-4AF2-9AFE-5840BAEDF482}.Ad-Hoc|Any CPU.Build.0 = Release|Any CPU
		{64A936C0-5B2A-4AF2-9AFE-5840BAEDF482}.Ad-Hoc|ARM.ActiveCfg = Release|Any CPU
		{64A936C0-5B2A-4AF2-9AFE-5840BAEDF482}.Ad-Hoc|ARM.Build.0 = Release|Any CPU
		{64A936C0-5B2A-4AF2-9AFE-5840BAEDF482}.Ad-Hoc|ARM64.ActiveCfg = Release|Any CPU
		{64A936C0-5B2A-4AF2-9AFE-5840BAEDF482}.Ad-Hoc|ARM64.Build.0 = Release|Any CPU
		{64A936C0-5B2A-4AF2-9AFE-5840BAEDF482}.Ad-Hoc|iPhone.ActiveCfg = Release|Any CPU
		{64A936C0-5B2A-4AF2-9AFE-5840BAEDF482}.Ad-Hoc|iPhone.Build.0 = Release|Any CPU
		{64A936C0-5B2A-4AF2-9AFE-5840BAEDF482}.Ad-Hoc|iPhoneSimulator.ActiveCfg = Release|Any CPU
		{64A936C0-5B2A-4AF2-9AFE-5840BAEDF482}.Ad-Hoc|iPhoneSimulator.Build.0 = Release|Any CPU
		{64A936C0-5B2A-4AF2-9AFE-5840BAEDF482}.Ad-Hoc|x64.ActiveCfg = Release|Any CPU
		{64A936C0-5B2A-4AF2-9AFE-5840BAEDF482}.Ad-Hoc|x64.Build.0 = Release|Any CPU
		{64A936C0-5B2A-4AF2-9AFE-5840BAEDF482}.Ad-Hoc|x86.ActiveCfg = Release|Any CPU
		{64A936C0-5B2A-4AF2-9AFE-5840BAEDF482}.Ad-Hoc|x86.Build.0 = Release|Any CPU
		{64A936C0-5B2A-4AF2-9AFE-5840BAEDF482}.AppStore|Any CPU.ActiveCfg = Release|Any CPU
		{64A936C0-5B2A-4AF2-9AFE-5840BAEDF482}.AppStore|Any CPU.Build.0 = Release|Any CPU
		{64A936C0-5B2A-4AF2-9AFE-5840BAEDF482}.AppStore|ARM.ActiveCfg = Release|Any CPU
		{64A936C0-5B2A-4AF2-9AFE-5840BAEDF482}.AppStore|ARM.Build.0 = Release|Any CPU
		{64A936C0-5B2A-4AF2-9AFE-5840BAEDF482}.AppStore|ARM64.ActiveCfg = Release|Any CPU
		{64A936C0-5B2A-4AF2-9AFE-5840BAEDF482}.AppStore|ARM64.Build.0 = Release|Any CPU
		{64A936C0-5B2A-4AF2-9AFE-5840BAEDF482}.AppStore|iPhone.ActiveCfg = Release|Any CPU
		{64A936C0-5B2A-4AF2-9AFE-5840BAEDF482}.AppStore|iPhone.Build.0 = Release|Any CPU
		{64A936C0-5B2A-4AF2-9AFE-5840BAEDF482}.AppStore|iPhoneSimulator.ActiveCfg = Release|Any CPU
		{64A936C0-5B2A-4AF2-9AFE-5840BAEDF482}.AppStore|iPhoneSimulator.Build.0 = Release|Any CPU
		{64A936C0-5B2A-4AF2-9AFE-5840BAEDF482}.AppStore|x64.ActiveCfg = Release|Any CPU
		{64A936C0-5B2A-4AF2-9AFE-5840BAEDF482}.AppStore|x64.Build.0 = Release|Any CPU
		{64A936C0-5B2A-4AF2-9AFE-5840BAEDF482}.AppStore|x86.ActiveCfg = Release|Any CPU
		{64A936C0-5B2A-4AF2-9AFE-5840BAEDF482}.AppStore|x86.Build.0 = Release|Any CPU
		{64A936C0-5B2A-4AF2-9AFE-5840BAEDF482}.Debug|Any CPU.ActiveCfg = Debug|Any CPU
		{64A936C0-5B2A-4AF2-9AFE-5840BAEDF482}.Debug|Any CPU.Build.0 = Debug|Any CPU
		{64A936C0-5B2A-4AF2-9AFE-5840BAEDF482}.Debug|ARM.ActiveCfg = Debug|Any CPU
		{64A936C0-5B2A-4AF2-9AFE-5840BAEDF482}.Debug|ARM.Build.0 = Debug|Any CPU
		{64A936C0-5B2A-4AF2-9AFE-5840BAEDF482}.Debug|ARM64.ActiveCfg = Debug|Any CPU
		{64A936C0-5B2A-4AF2-9AFE-5840BAEDF482}.Debug|ARM64.Build.0 = Debug|Any CPU
		{64A936C0-5B2A-4AF2-9AFE-5840BAEDF482}.Debug|iPhone.ActiveCfg = Debug|Any CPU
		{64A936C0-5B2A-4AF2-9AFE-5840BAEDF482}.Debug|iPhone.Build.0 = Debug|Any CPU
		{64A936C0-5B2A-4AF2-9AFE-5840BAEDF482}.Debug|iPhoneSimulator.ActiveCfg = Debug|Any CPU
		{64A936C0-5B2A-4AF2-9AFE-5840BAEDF482}.Debug|iPhoneSimulator.Build.0 = Debug|Any CPU
		{64A936C0-5B2A-4AF2-9AFE-5840BAEDF482}.Debug|x64.ActiveCfg = Debug|Any CPU
		{64A936C0-5B2A-4AF2-9AFE-5840BAEDF482}.Debug|x64.Build.0 = Debug|Any CPU
		{64A936C0-5B2A-4AF2-9AFE-5840BAEDF482}.Debug|x86.ActiveCfg = Debug|Any CPU
		{64A936C0-5B2A-4AF2-9AFE-5840BAEDF482}.Debug|x86.Build.0 = Debug|Any CPU
		{64A936C0-5B2A-4AF2-9AFE-5840BAEDF482}.Release|Any CPU.ActiveCfg = Release|Any CPU
		{64A936C0-5B2A-4AF2-9AFE-5840BAEDF482}.Release|Any CPU.Build.0 = Release|Any CPU
		{64A936C0-5B2A-4AF2-9AFE-5840BAEDF482}.Release|ARM.ActiveCfg = Release|Any CPU
		{64A936C0-5B2A-4AF2-9AFE-5840BAEDF482}.Release|ARM.Build.0 = Release|Any CPU
		{64A936C0-5B2A-4AF2-9AFE-5840BAEDF482}.Release|ARM64.ActiveCfg = Release|Any CPU
		{64A936C0-5B2A-4AF2-9AFE-5840BAEDF482}.Release|ARM64.Build.0 = Release|Any CPU
		{64A936C0-5B2A-4AF2-9AFE-5840BAEDF482}.Release|iPhone.ActiveCfg = Release|Any CPU
		{64A936C0-5B2A-4AF2-9AFE-5840BAEDF482}.Release|iPhone.Build.0 = Release|Any CPU
		{64A936C0-5B2A-4AF2-9AFE-5840BAEDF482}.Release|iPhoneSimulator.ActiveCfg = Release|Any CPU
		{64A936C0-5B2A-4AF2-9AFE-5840BAEDF482}.Release|iPhoneSimulator.Build.0 = Release|Any CPU
		{64A936C0-5B2A-4AF2-9AFE-5840BAEDF482}.Release|x64.ActiveCfg = Release|Any CPU
		{64A936C0-5B2A-4AF2-9AFE-5840BAEDF482}.Release|x64.Build.0 = Release|Any CPU
		{64A936C0-5B2A-4AF2-9AFE-5840BAEDF482}.Release|x86.ActiveCfg = Release|Any CPU
		{64A936C0-5B2A-4AF2-9AFE-5840BAEDF482}.Release|x86.Build.0 = Release|Any CPU
		{6F06DB5A-C0B0-4D88-9D13-0EF8B2B8CD26}.Ad-Hoc|Any CPU.ActiveCfg = Release|x64
		{6F06DB5A-C0B0-4D88-9D13-0EF8B2B8CD26}.Ad-Hoc|Any CPU.Build.0 = Release|x64
		{6F06DB5A-C0B0-4D88-9D13-0EF8B2B8CD26}.Ad-Hoc|ARM.ActiveCfg = Release|x64
		{6F06DB5A-C0B0-4D88-9D13-0EF8B2B8CD26}.Ad-Hoc|ARM.Build.0 = Release|x64
		{6F06DB5A-C0B0-4D88-9D13-0EF8B2B8CD26}.Ad-Hoc|ARM64.ActiveCfg = Release|x64
		{6F06DB5A-C0B0-4D88-9D13-0EF8B2B8CD26}.Ad-Hoc|ARM64.Build.0 = Release|x64
		{6F06DB5A-C0B0-4D88-9D13-0EF8B2B8CD26}.Ad-Hoc|iPhone.ActiveCfg = Release|x64
		{6F06DB5A-C0B0-4D88-9D13-0EF8B2B8CD26}.Ad-Hoc|iPhone.Build.0 = Release|x64
		{6F06DB5A-C0B0-4D88-9D13-0EF8B2B8CD26}.Ad-Hoc|iPhoneSimulator.ActiveCfg = Release|x64
		{6F06DB5A-C0B0-4D88-9D13-0EF8B2B8CD26}.Ad-Hoc|iPhoneSimulator.Build.0 = Release|x64
		{6F06DB5A-C0B0-4D88-9D13-0EF8B2B8CD26}.Ad-Hoc|x64.ActiveCfg = Release|x64
		{6F06DB5A-C0B0-4D88-9D13-0EF8B2B8CD26}.Ad-Hoc|x64.Build.0 = Release|x64
		{6F06DB5A-C0B0-4D88-9D13-0EF8B2B8CD26}.Ad-Hoc|x86.ActiveCfg = Release|Win32
		{6F06DB5A-C0B0-4D88-9D13-0EF8B2B8CD26}.Ad-Hoc|x86.Build.0 = Release|Win32
		{6F06DB5A-C0B0-4D88-9D13-0EF8B2B8CD26}.AppStore|Any CPU.ActiveCfg = Release|x64
		{6F06DB5A-C0B0-4D88-9D13-0EF8B2B8CD26}.AppStore|Any CPU.Build.0 = Release|x64
		{6F06DB5A-C0B0-4D88-9D13-0EF8B2B8CD26}.AppStore|ARM.ActiveCfg = Release|x64
		{6F06DB5A-C0B0-4D88-9D13-0EF8B2B8CD26}.AppStore|ARM.Build.0 = Release|x64
		{6F06DB5A-C0B0-4D88-9D13-0EF8B2B8CD26}.AppStore|ARM64.ActiveCfg = Release|x64
		{6F06DB5A-C0B0-4D88-9D13-0EF8B2B8CD26}.AppStore|ARM64.Build.0 = Release|x64
		{6F06DB5A-C0B0-4D88-9D13-0EF8B2B8CD26}.AppStore|iPhone.ActiveCfg = Release|x64
		{6F06DB5A-C0B0-4D88-9D13-0EF8B2B8CD26}.AppStore|iPhone.Build.0 = Release|x64
		{6F06DB5A-C0B0-4D88-9D13-0EF8B2B8CD26}.AppStore|iPhoneSimulator.ActiveCfg = Release|x64
		{6F06DB5A-C0B0-4D88-9D13-0EF8B2B8CD26}.AppStore|iPhoneSimulator.Build.0 = Release|x64
		{6F06DB5A-C0B0-4D88-9D13-0EF8B2B8CD26}.AppStore|x64.ActiveCfg = Release|x64
		{6F06DB5A-C0B0-4D88-9D13-0EF8B2B8CD26}.AppStore|x64.Build.0 = Release|x64
		{6F06DB5A-C0B0-4D88-9D13-0EF8B2B8CD26}.AppStore|x86.ActiveCfg = Release|Win32
		{6F06DB5A-C0B0-4D88-9D13-0EF8B2B8CD26}.AppStore|x86.Build.0 = Release|Win32
		{6F06DB5A-C0B0-4D88-9D13-0EF8B2B8CD26}.Debug|Any CPU.ActiveCfg = Debug|Win32
		{6F06DB5A-C0B0-4D88-9D13-0EF8B2B8CD26}.Debug|ARM.ActiveCfg = Debug|Win32
		{6F06DB5A-C0B0-4D88-9D13-0EF8B2B8CD26}.Debug|ARM64.ActiveCfg = Debug|Win32
		{6F06DB5A-C0B0-4D88-9D13-0EF8B2B8CD26}.Debug|iPhone.ActiveCfg = Debug|Win32
		{6F06DB5A-C0B0-4D88-9D13-0EF8B2B8CD26}.Debug|iPhoneSimulator.ActiveCfg = Debug|Win32
		{6F06DB5A-C0B0-4D88-9D13-0EF8B2B8CD26}.Debug|x64.ActiveCfg = Debug|x64
		{6F06DB5A-C0B0-4D88-9D13-0EF8B2B8CD26}.Debug|x64.Build.0 = Debug|x64
		{6F06DB5A-C0B0-4D88-9D13-0EF8B2B8CD26}.Debug|x86.ActiveCfg = Debug|Win32
		{6F06DB5A-C0B0-4D88-9D13-0EF8B2B8CD26}.Debug|x86.Build.0 = Debug|Win32
		{6F06DB5A-C0B0-4D88-9D13-0EF8B2B8CD26}.Release|Any CPU.ActiveCfg = Release|Win32
		{6F06DB5A-C0B0-4D88-9D13-0EF8B2B8CD26}.Release|ARM.ActiveCfg = Release|Win32
		{6F06DB5A-C0B0-4D88-9D13-0EF8B2B8CD26}.Release|ARM64.ActiveCfg = Release|Win32
		{6F06DB5A-C0B0-4D88-9D13-0EF8B2B8CD26}.Release|iPhone.ActiveCfg = Release|Win32
		{6F06DB5A-C0B0-4D88-9D13-0EF8B2B8CD26}.Release|iPhoneSimulator.ActiveCfg = Release|Win32
		{6F06DB5A-C0B0-4D88-9D13-0EF8B2B8CD26}.Release|x64.ActiveCfg = Release|x64
		{6F06DB5A-C0B0-4D88-9D13-0EF8B2B8CD26}.Release|x64.Build.0 = Release|x64
		{6F06DB5A-C0B0-4D88-9D13-0EF8B2B8CD26}.Release|x86.ActiveCfg = Release|Win32
		{6F06DB5A-C0B0-4D88-9D13-0EF8B2B8CD26}.Release|x86.Build.0 = Release|Win32
		{ACB52ABE-D62A-4769-8604-3E6641E4E1B1}.Ad-Hoc|Any CPU.ActiveCfg = Release|Any CPU
		{ACB52ABE-D62A-4769-8604-3E6641E4E1B1}.Ad-Hoc|Any CPU.Build.0 = Release|Any CPU
		{ACB52ABE-D62A-4769-8604-3E6641E4E1B1}.Ad-Hoc|ARM.ActiveCfg = Release|Any CPU
		{ACB52ABE-D62A-4769-8604-3E6641E4E1B1}.Ad-Hoc|ARM.Build.0 = Release|Any CPU
		{ACB52ABE-D62A-4769-8604-3E6641E4E1B1}.Ad-Hoc|ARM64.ActiveCfg = Release|Any CPU
		{ACB52ABE-D62A-4769-8604-3E6641E4E1B1}.Ad-Hoc|ARM64.Build.0 = Release|Any CPU
		{ACB52ABE-D62A-4769-8604-3E6641E4E1B1}.Ad-Hoc|iPhone.ActiveCfg = Release|Any CPU
		{ACB52ABE-D62A-4769-8604-3E6641E4E1B1}.Ad-Hoc|iPhone.Build.0 = Release|Any CPU
		{ACB52ABE-D62A-4769-8604-3E6641E4E1B1}.Ad-Hoc|iPhoneSimulator.ActiveCfg = Release|Any CPU
		{ACB52ABE-D62A-4769-8604-3E6641E4E1B1}.Ad-Hoc|iPhoneSimulator.Build.0 = Release|Any CPU
		{ACB52ABE-D62A-4769-8604-3E6641E4E1B1}.Ad-Hoc|x64.ActiveCfg = Release|Any CPU
		{ACB52ABE-D62A-4769-8604-3E6641E4E1B1}.Ad-Hoc|x64.Build.0 = Release|Any CPU
		{ACB52ABE-D62A-4769-8604-3E6641E4E1B1}.Ad-Hoc|x86.ActiveCfg = Release|Any CPU
		{ACB52ABE-D62A-4769-8604-3E6641E4E1B1}.Ad-Hoc|x86.Build.0 = Release|Any CPU
		{ACB52ABE-D62A-4769-8604-3E6641E4E1B1}.AppStore|Any CPU.ActiveCfg = Release|Any CPU
		{ACB52ABE-D62A-4769-8604-3E6641E4E1B1}.AppStore|Any CPU.Build.0 = Release|Any CPU
		{ACB52ABE-D62A-4769-8604-3E6641E4E1B1}.AppStore|ARM.ActiveCfg = Release|Any CPU
		{ACB52ABE-D62A-4769-8604-3E6641E4E1B1}.AppStore|ARM.Build.0 = Release|Any CPU
		{ACB52ABE-D62A-4769-8604-3E6641E4E1B1}.AppStore|ARM64.ActiveCfg = Release|Any CPU
		{ACB52ABE-D62A-4769-8604-3E6641E4E1B1}.AppStore|ARM64.Build.0 = Release|Any CPU
		{ACB52ABE-D62A-4769-8604-3E6641E4E1B1}.AppStore|iPhone.ActiveCfg = Release|Any CPU
		{ACB52ABE-D62A-4769-8604-3E6641E4E1B1}.AppStore|iPhone.Build.0 = Release|Any CPU
		{ACB52ABE-D62A-4769-8604-3E6641E4E1B1}.AppStore|iPhoneSimulator.ActiveCfg = Release|Any CPU
		{ACB52ABE-D62A-4769-8604-3E6641E4E1B1}.AppStore|iPhoneSimulator.Build.0 = Release|Any CPU
		{ACB52ABE-D62A-4769-8604-3E6641E4E1B1}.AppStore|x64.ActiveCfg = Release|Any CPU
		{ACB52ABE-D62A-4769-8604-3E6641E4E1B1}.AppStore|x64.Build.0 = Release|Any CPU
		{ACB52ABE-D62A-4769-8604-3E6641E4E1B1}.AppStore|x86.ActiveCfg = Release|Any CPU
		{ACB52ABE-D62A-4769-8604-3E6641E4E1B1}.AppStore|x86.Build.0 = Release|Any CPU
		{ACB52ABE-D62A-4769-8604-3E6641E4E1B1}.Debug|Any CPU.ActiveCfg = Debug|Any CPU
		{ACB52ABE-D62A-4769-8604-3E6641E4E1B1}.Debug|Any CPU.Build.0 = Debug|Any CPU
		{ACB52ABE-D62A-4769-8604-3E6641E4E1B1}.Debug|ARM.ActiveCfg = Debug|Any CPU
		{ACB52ABE-D62A-4769-8604-3E6641E4E1B1}.Debug|ARM.Build.0 = Debug|Any CPU
		{ACB52ABE-D62A-4769-8604-3E6641E4E1B1}.Debug|ARM64.ActiveCfg = Debug|Any CPU
		{ACB52ABE-D62A-4769-8604-3E6641E4E1B1}.Debug|ARM64.Build.0 = Debug|Any CPU
		{ACB52ABE-D62A-4769-8604-3E6641E4E1B1}.Debug|iPhone.ActiveCfg = Debug|Any CPU
		{ACB52ABE-D62A-4769-8604-3E6641E4E1B1}.Debug|iPhone.Build.0 = Debug|Any CPU
		{ACB52ABE-D62A-4769-8604-3E6641E4E1B1}.Debug|iPhoneSimulator.ActiveCfg = Debug|Any CPU
		{ACB52ABE-D62A-4769-8604-3E6641E4E1B1}.Debug|iPhoneSimulator.Build.0 = Debug|Any CPU
		{ACB52ABE-D62A-4769-8604-3E6641E4E1B1}.Debug|x64.ActiveCfg = Debug|Any CPU
		{ACB52ABE-D62A-4769-8604-3E6641E4E1B1}.Debug|x64.Build.0 = Debug|Any CPU
		{ACB52ABE-D62A-4769-8604-3E6641E4E1B1}.Debug|x86.ActiveCfg = Debug|Any CPU
		{ACB52ABE-D62A-4769-8604-3E6641E4E1B1}.Debug|x86.Build.0 = Debug|Any CPU
		{ACB52ABE-D62A-4769-8604-3E6641E4E1B1}.Release|Any CPU.ActiveCfg = Release|Any CPU
		{ACB52ABE-D62A-4769-8604-3E6641E4E1B1}.Release|Any CPU.Build.0 = Release|Any CPU
		{ACB52ABE-D62A-4769-8604-3E6641E4E1B1}.Release|ARM.ActiveCfg = Release|Any CPU
		{ACB52ABE-D62A-4769-8604-3E6641E4E1B1}.Release|ARM.Build.0 = Release|Any CPU
		{ACB52ABE-D62A-4769-8604-3E6641E4E1B1}.Release|ARM64.ActiveCfg = Release|Any CPU
		{ACB52ABE-D62A-4769-8604-3E6641E4E1B1}.Release|ARM64.Build.0 = Release|Any CPU
		{ACB52ABE-D62A-4769-8604-3E6641E4E1B1}.Release|iPhone.ActiveCfg = Release|Any CPU
		{ACB52ABE-D62A-4769-8604-3E6641E4E1B1}.Release|iPhone.Build.0 = Release|Any CPU
		{ACB52ABE-D62A-4769-8604-3E6641E4E1B1}.Release|iPhoneSimulator.ActiveCfg = Release|Any CPU
		{ACB52ABE-D62A-4769-8604-3E6641E4E1B1}.Release|iPhoneSimulator.Build.0 = Release|Any CPU
		{ACB52ABE-D62A-4769-8604-3E6641E4E1B1}.Release|x64.ActiveCfg = Release|Any CPU
		{ACB52ABE-D62A-4769-8604-3E6641E4E1B1}.Release|x64.Build.0 = Release|Any CPU
		{ACB52ABE-D62A-4769-8604-3E6641E4E1B1}.Release|x86.ActiveCfg = Release|Any CPU
		{ACB52ABE-D62A-4769-8604-3E6641E4E1B1}.Release|x86.Build.0 = Release|Any CPU
		{13AF5A6A-C0A8-4649-A2A6-CD3272209BF6}.Ad-Hoc|Any CPU.ActiveCfg = Release|Any CPU
		{13AF5A6A-C0A8-4649-A2A6-CD3272209BF6}.Ad-Hoc|Any CPU.Build.0 = Release|Any CPU
		{13AF5A6A-C0A8-4649-A2A6-CD3272209BF6}.Ad-Hoc|ARM.ActiveCfg = Release|Any CPU
		{13AF5A6A-C0A8-4649-A2A6-CD3272209BF6}.Ad-Hoc|ARM.Build.0 = Release|Any CPU
		{13AF5A6A-C0A8-4649-A2A6-CD3272209BF6}.Ad-Hoc|ARM64.ActiveCfg = Release|Any CPU
		{13AF5A6A-C0A8-4649-A2A6-CD3272209BF6}.Ad-Hoc|ARM64.Build.0 = Release|Any CPU
		{13AF5A6A-C0A8-4649-A2A6-CD3272209BF6}.Ad-Hoc|iPhone.ActiveCfg = Release|Any CPU
		{13AF5A6A-C0A8-4649-A2A6-CD3272209BF6}.Ad-Hoc|iPhone.Build.0 = Release|Any CPU
		{13AF5A6A-C0A8-4649-A2A6-CD3272209BF6}.Ad-Hoc|iPhoneSimulator.ActiveCfg = Release|Any CPU
		{13AF5A6A-C0A8-4649-A2A6-CD3272209BF6}.Ad-Hoc|iPhoneSimulator.Build.0 = Release|Any CPU
		{13AF5A6A-C0A8-4649-A2A6-CD3272209BF6}.Ad-Hoc|x64.ActiveCfg = Release|Any CPU
		{13AF5A6A-C0A8-4649-A2A6-CD3272209BF6}.Ad-Hoc|x64.Build.0 = Release|Any CPU
		{13AF5A6A-C0A8-4649-A2A6-CD3272209BF6}.Ad-Hoc|x86.ActiveCfg = Release|Any CPU
		{13AF5A6A-C0A8-4649-A2A6-CD3272209BF6}.Ad-Hoc|x86.Build.0 = Release|Any CPU
		{13AF5A6A-C0A8-4649-A2A6-CD3272209BF6}.AppStore|Any CPU.ActiveCfg = Release|Any CPU
		{13AF5A6A-C0A8-4649-A2A6-CD3272209BF6}.AppStore|Any CPU.Build.0 = Release|Any CPU
		{13AF5A6A-C0A8-4649-A2A6-CD3272209BF6}.AppStore|ARM.ActiveCfg = Release|Any CPU
		{13AF5A6A-C0A8-4649-A2A6-CD3272209BF6}.AppStore|ARM.Build.0 = Release|Any CPU
		{13AF5A6A-C0A8-4649-A2A6-CD3272209BF6}.AppStore|ARM64.ActiveCfg = Release|Any CPU
		{13AF5A6A-C0A8-4649-A2A6-CD3272209BF6}.AppStore|ARM64.Build.0 = Release|Any CPU
		{13AF5A6A-C0A8-4649-A2A6-CD3272209BF6}.AppStore|iPhone.ActiveCfg = Release|Any CPU
		{13AF5A6A-C0A8-4649-A2A6-CD3272209BF6}.AppStore|iPhone.Build.0 = Release|Any CPU
		{13AF5A6A-C0A8-4649-A2A6-CD3272209BF6}.AppStore|iPhoneSimulator.ActiveCfg = Release|Any CPU
		{13AF5A6A-C0A8-4649-A2A6-CD3272209BF6}.AppStore|iPhoneSimulator.Build.0 = Release|Any CPU
		{13AF5A6A-C0A8-4649-A2A6-CD3272209BF6}.AppStore|x64.ActiveCfg = Release|Any CPU
		{13AF5A6A-C0A8-4649-A2A6-CD3272209BF6}.AppStore|x64.Build.0 = Release|Any CPU
		{13AF5A6A-C0A8-4649-A2A6-CD3272209BF6}.AppStore|x86.ActiveCfg = Release|Any CPU
		{13AF5A6A-C0A8-4649-A2A6-CD3272209BF6}.AppStore|x86.Build.0 = Release|Any CPU
		{13AF5A6A-C0A8-4649-A2A6-CD3272209BF6}.Debug|Any CPU.ActiveCfg = Debug|Any CPU
		{13AF5A6A-C0A8-4649-A2A6-CD3272209BF6}.Debug|Any CPU.Build.0 = Debug|Any CPU
		{13AF5A6A-C0A8-4649-A2A6-CD3272209BF6}.Debug|ARM.ActiveCfg = Debug|Any CPU
		{13AF5A6A-C0A8-4649-A2A6-CD3272209BF6}.Debug|ARM.Build.0 = Debug|Any CPU
		{13AF5A6A-C0A8-4649-A2A6-CD3272209BF6}.Debug|ARM64.ActiveCfg = Debug|Any CPU
		{13AF5A6A-C0A8-4649-A2A6-CD3272209BF6}.Debug|ARM64.Build.0 = Debug|Any CPU
		{13AF5A6A-C0A8-4649-A2A6-CD3272209BF6}.Debug|iPhone.ActiveCfg = Debug|Any CPU
		{13AF5A6A-C0A8-4649-A2A6-CD3272209BF6}.Debug|iPhone.Build.0 = Debug|Any CPU
		{13AF5A6A-C0A8-4649-A2A6-CD3272209BF6}.Debug|iPhoneSimulator.ActiveCfg = Debug|Any CPU
		{13AF5A6A-C0A8-4649-A2A6-CD3272209BF6}.Debug|iPhoneSimulator.Build.0 = Debug|Any CPU
		{13AF5A6A-C0A8-4649-A2A6-CD3272209BF6}.Debug|x64.ActiveCfg = Debug|Any CPU
		{13AF5A6A-C0A8-4649-A2A6-CD3272209BF6}.Debug|x64.Build.0 = Debug|Any CPU
		{13AF5A6A-C0A8-4649-A2A6-CD3272209BF6}.Debug|x86.ActiveCfg = Debug|Any CPU
		{13AF5A6A-C0A8-4649-A2A6-CD3272209BF6}.Debug|x86.Build.0 = Debug|Any CPU
		{13AF5A6A-C0A8-4649-A2A6-CD3272209BF6}.Release|Any CPU.ActiveCfg = Release|Any CPU
		{13AF5A6A-C0A8-4649-A2A6-CD3272209BF6}.Release|Any CPU.Build.0 = Release|Any CPU
		{13AF5A6A-C0A8-4649-A2A6-CD3272209BF6}.Release|ARM.ActiveCfg = Release|Any CPU
		{13AF5A6A-C0A8-4649-A2A6-CD3272209BF6}.Release|ARM.Build.0 = Release|Any CPU
		{13AF5A6A-C0A8-4649-A2A6-CD3272209BF6}.Release|ARM64.ActiveCfg = Release|Any CPU
		{13AF5A6A-C0A8-4649-A2A6-CD3272209BF6}.Release|ARM64.Build.0 = Release|Any CPU
		{13AF5A6A-C0A8-4649-A2A6-CD3272209BF6}.Release|iPhone.ActiveCfg = Release|Any CPU
		{13AF5A6A-C0A8-4649-A2A6-CD3272209BF6}.Release|iPhone.Build.0 = Release|Any CPU
		{13AF5A6A-C0A8-4649-A2A6-CD3272209BF6}.Release|iPhoneSimulator.ActiveCfg = Release|Any CPU
		{13AF5A6A-C0A8-4649-A2A6-CD3272209BF6}.Release|iPhoneSimulator.Build.0 = Release|Any CPU
		{13AF5A6A-C0A8-4649-A2A6-CD3272209BF6}.Release|x64.ActiveCfg = Release|Any CPU
		{13AF5A6A-C0A8-4649-A2A6-CD3272209BF6}.Release|x64.Build.0 = Release|Any CPU
		{13AF5A6A-C0A8-4649-A2A6-CD3272209BF6}.Release|x86.ActiveCfg = Release|Any CPU
		{13AF5A6A-C0A8-4649-A2A6-CD3272209BF6}.Release|x86.Build.0 = Release|Any CPU
		{E5465A41-2325-4E59-BFDC-EF16B159C055}.Ad-Hoc|Any CPU.ActiveCfg = Release|Any CPU
		{E5465A41-2325-4E59-BFDC-EF16B159C055}.Ad-Hoc|Any CPU.Build.0 = Release|Any CPU
		{E5465A41-2325-4E59-BFDC-EF16B159C055}.Ad-Hoc|ARM.ActiveCfg = Release|Any CPU
		{E5465A41-2325-4E59-BFDC-EF16B159C055}.Ad-Hoc|ARM.Build.0 = Release|Any CPU
		{E5465A41-2325-4E59-BFDC-EF16B159C055}.Ad-Hoc|ARM64.ActiveCfg = Release|Any CPU
		{E5465A41-2325-4E59-BFDC-EF16B159C055}.Ad-Hoc|ARM64.Build.0 = Release|Any CPU
		{E5465A41-2325-4E59-BFDC-EF16B159C055}.Ad-Hoc|iPhone.ActiveCfg = Release|Any CPU
		{E5465A41-2325-4E59-BFDC-EF16B159C055}.Ad-Hoc|iPhone.Build.0 = Release|Any CPU
		{E5465A41-2325-4E59-BFDC-EF16B159C055}.Ad-Hoc|iPhoneSimulator.ActiveCfg = Release|Any CPU
		{E5465A41-2325-4E59-BFDC-EF16B159C055}.Ad-Hoc|iPhoneSimulator.Build.0 = Release|Any CPU
		{E5465A41-2325-4E59-BFDC-EF16B159C055}.Ad-Hoc|x64.ActiveCfg = Release|Any CPU
		{E5465A41-2325-4E59-BFDC-EF16B159C055}.Ad-Hoc|x64.Build.0 = Release|Any CPU
		{E5465A41-2325-4E59-BFDC-EF16B159C055}.Ad-Hoc|x86.ActiveCfg = Release|Any CPU
		{E5465A41-2325-4E59-BFDC-EF16B159C055}.Ad-Hoc|x86.Build.0 = Release|Any CPU
		{E5465A41-2325-4E59-BFDC-EF16B159C055}.AppStore|Any CPU.ActiveCfg = Release|Any CPU
		{E5465A41-2325-4E59-BFDC-EF16B159C055}.AppStore|Any CPU.Build.0 = Release|Any CPU
		{E5465A41-2325-4E59-BFDC-EF16B159C055}.AppStore|ARM.ActiveCfg = Release|Any CPU
		{E5465A41-2325-4E59-BFDC-EF16B159C055}.AppStore|ARM.Build.0 = Release|Any CPU
		{E5465A41-2325-4E59-BFDC-EF16B159C055}.AppStore|ARM64.ActiveCfg = Release|Any CPU
		{E5465A41-2325-4E59-BFDC-EF16B159C055}.AppStore|ARM64.Build.0 = Release|Any CPU
		{E5465A41-2325-4E59-BFDC-EF16B159C055}.AppStore|iPhone.ActiveCfg = Release|Any CPU
		{E5465A41-2325-4E59-BFDC-EF16B159C055}.AppStore|iPhone.Build.0 = Release|Any CPU
		{E5465A41-2325-4E59-BFDC-EF16B159C055}.AppStore|iPhoneSimulator.ActiveCfg = Release|Any CPU
		{E5465A41-2325-4E59-BFDC-EF16B159C055}.AppStore|iPhoneSimulator.Build.0 = Release|Any CPU
		{E5465A41-2325-4E59-BFDC-EF16B159C055}.AppStore|x64.ActiveCfg = Release|Any CPU
		{E5465A41-2325-4E59-BFDC-EF16B159C055}.AppStore|x64.Build.0 = Release|Any CPU
		{E5465A41-2325-4E59-BFDC-EF16B159C055}.AppStore|x86.ActiveCfg = Release|Any CPU
		{E5465A41-2325-4E59-BFDC-EF16B159C055}.AppStore|x86.Build.0 = Release|Any CPU
		{E5465A41-2325-4E59-BFDC-EF16B159C055}.Debug|Any CPU.ActiveCfg = Debug|Any CPU
		{E5465A41-2325-4E59-BFDC-EF16B159C055}.Debug|Any CPU.Build.0 = Debug|Any CPU
		{E5465A41-2325-4E59-BFDC-EF16B159C055}.Debug|ARM.ActiveCfg = Debug|Any CPU
		{E5465A41-2325-4E59-BFDC-EF16B159C055}.Debug|ARM.Build.0 = Debug|Any CPU
		{E5465A41-2325-4E59-BFDC-EF16B159C055}.Debug|ARM64.ActiveCfg = Debug|Any CPU
		{E5465A41-2325-4E59-BFDC-EF16B159C055}.Debug|ARM64.Build.0 = Debug|Any CPU
		{E5465A41-2325-4E59-BFDC-EF16B159C055}.Debug|iPhone.ActiveCfg = Debug|Any CPU
		{E5465A41-2325-4E59-BFDC-EF16B159C055}.Debug|iPhone.Build.0 = Debug|Any CPU
		{E5465A41-2325-4E59-BFDC-EF16B159C055}.Debug|iPhoneSimulator.ActiveCfg = Debug|Any CPU
		{E5465A41-2325-4E59-BFDC-EF16B159C055}.Debug|iPhoneSimulator.Build.0 = Debug|Any CPU
		{E5465A41-2325-4E59-BFDC-EF16B159C055}.Debug|x64.ActiveCfg = Debug|Any CPU
		{E5465A41-2325-4E59-BFDC-EF16B159C055}.Debug|x64.Build.0 = Debug|Any CPU
		{E5465A41-2325-4E59-BFDC-EF16B159C055}.Debug|x86.ActiveCfg = Debug|Any CPU
		{E5465A41-2325-4E59-BFDC-EF16B159C055}.Debug|x86.Build.0 = Debug|Any CPU
		{E5465A41-2325-4E59-BFDC-EF16B159C055}.Release|Any CPU.ActiveCfg = Release|Any CPU
		{E5465A41-2325-4E59-BFDC-EF16B159C055}.Release|Any CPU.Build.0 = Release|Any CPU
		{E5465A41-2325-4E59-BFDC-EF16B159C055}.Release|ARM.ActiveCfg = Release|Any CPU
		{E5465A41-2325-4E59-BFDC-EF16B159C055}.Release|ARM.Build.0 = Release|Any CPU
		{E5465A41-2325-4E59-BFDC-EF16B159C055}.Release|ARM64.ActiveCfg = Release|Any CPU
		{E5465A41-2325-4E59-BFDC-EF16B159C055}.Release|ARM64.Build.0 = Release|Any CPU
		{E5465A41-2325-4E59-BFDC-EF16B159C055}.Release|iPhone.ActiveCfg = Release|Any CPU
		{E5465A41-2325-4E59-BFDC-EF16B159C055}.Release|iPhone.Build.0 = Release|Any CPU
		{E5465A41-2325-4E59-BFDC-EF16B159C055}.Release|iPhoneSimulator.ActiveCfg = Release|Any CPU
		{E5465A41-2325-4E59-BFDC-EF16B159C055}.Release|iPhoneSimulator.Build.0 = Release|Any CPU
		{E5465A41-2325-4E59-BFDC-EF16B159C055}.Release|x64.ActiveCfg = Release|Any CPU
		{E5465A41-2325-4E59-BFDC-EF16B159C055}.Release|x64.Build.0 = Release|Any CPU
		{E5465A41-2325-4E59-BFDC-EF16B159C055}.Release|x86.ActiveCfg = Release|Any CPU
		{E5465A41-2325-4E59-BFDC-EF16B159C055}.Release|x86.Build.0 = Release|Any CPU
		{107B03B2-3276-46E7-81DA-5FB9B13D8AAD}.Ad-Hoc|Any CPU.ActiveCfg = Debug|x86
		{107B03B2-3276-46E7-81DA-5FB9B13D8AAD}.Ad-Hoc|Any CPU.Build.0 = Debug|x86
		{107B03B2-3276-46E7-81DA-5FB9B13D8AAD}.Ad-Hoc|Any CPU.Deploy.0 = Debug|x86
		{107B03B2-3276-46E7-81DA-5FB9B13D8AAD}.Ad-Hoc|ARM.ActiveCfg = Debug|ARM
		{107B03B2-3276-46E7-81DA-5FB9B13D8AAD}.Ad-Hoc|ARM.Build.0 = Debug|ARM
		{107B03B2-3276-46E7-81DA-5FB9B13D8AAD}.Ad-Hoc|ARM.Deploy.0 = Debug|ARM
		{107B03B2-3276-46E7-81DA-5FB9B13D8AAD}.Ad-Hoc|ARM64.ActiveCfg = Debug|ARM64
		{107B03B2-3276-46E7-81DA-5FB9B13D8AAD}.Ad-Hoc|ARM64.Build.0 = Debug|ARM64
		{107B03B2-3276-46E7-81DA-5FB9B13D8AAD}.Ad-Hoc|ARM64.Deploy.0 = Debug|ARM64
		{107B03B2-3276-46E7-81DA-5FB9B13D8AAD}.Ad-Hoc|iPhone.ActiveCfg = Debug|x86
		{107B03B2-3276-46E7-81DA-5FB9B13D8AAD}.Ad-Hoc|iPhone.Build.0 = Debug|x86
		{107B03B2-3276-46E7-81DA-5FB9B13D8AAD}.Ad-Hoc|iPhone.Deploy.0 = Debug|x86
		{107B03B2-3276-46E7-81DA-5FB9B13D8AAD}.Ad-Hoc|iPhoneSimulator.ActiveCfg = Debug|x86
		{107B03B2-3276-46E7-81DA-5FB9B13D8AAD}.Ad-Hoc|iPhoneSimulator.Build.0 = Debug|x86
		{107B03B2-3276-46E7-81DA-5FB9B13D8AAD}.Ad-Hoc|iPhoneSimulator.Deploy.0 = Debug|x86
		{107B03B2-3276-46E7-81DA-5FB9B13D8AAD}.Ad-Hoc|x64.ActiveCfg = Debug|x64
		{107B03B2-3276-46E7-81DA-5FB9B13D8AAD}.Ad-Hoc|x64.Build.0 = Debug|x64
		{107B03B2-3276-46E7-81DA-5FB9B13D8AAD}.Ad-Hoc|x64.Deploy.0 = Debug|x64
		{107B03B2-3276-46E7-81DA-5FB9B13D8AAD}.Ad-Hoc|x86.ActiveCfg = Debug|x86
		{107B03B2-3276-46E7-81DA-5FB9B13D8AAD}.Ad-Hoc|x86.Build.0 = Debug|x86
		{107B03B2-3276-46E7-81DA-5FB9B13D8AAD}.Ad-Hoc|x86.Deploy.0 = Debug|x86
		{107B03B2-3276-46E7-81DA-5FB9B13D8AAD}.AppStore|Any CPU.ActiveCfg = Debug|x86
		{107B03B2-3276-46E7-81DA-5FB9B13D8AAD}.AppStore|Any CPU.Build.0 = Debug|x86
		{107B03B2-3276-46E7-81DA-5FB9B13D8AAD}.AppStore|Any CPU.Deploy.0 = Debug|x86
		{107B03B2-3276-46E7-81DA-5FB9B13D8AAD}.AppStore|ARM.ActiveCfg = Debug|ARM
		{107B03B2-3276-46E7-81DA-5FB9B13D8AAD}.AppStore|ARM.Build.0 = Debug|ARM
		{107B03B2-3276-46E7-81DA-5FB9B13D8AAD}.AppStore|ARM.Deploy.0 = Debug|ARM
		{107B03B2-3276-46E7-81DA-5FB9B13D8AAD}.AppStore|ARM64.ActiveCfg = Debug|ARM64
		{107B03B2-3276-46E7-81DA-5FB9B13D8AAD}.AppStore|ARM64.Build.0 = Debug|ARM64
		{107B03B2-3276-46E7-81DA-5FB9B13D8AAD}.AppStore|ARM64.Deploy.0 = Debug|ARM64
		{107B03B2-3276-46E7-81DA-5FB9B13D8AAD}.AppStore|iPhone.ActiveCfg = Debug|x86
		{107B03B2-3276-46E7-81DA-5FB9B13D8AAD}.AppStore|iPhone.Build.0 = Debug|x86
		{107B03B2-3276-46E7-81DA-5FB9B13D8AAD}.AppStore|iPhone.Deploy.0 = Debug|x86
		{107B03B2-3276-46E7-81DA-5FB9B13D8AAD}.AppStore|iPhoneSimulator.ActiveCfg = Debug|x86
		{107B03B2-3276-46E7-81DA-5FB9B13D8AAD}.AppStore|iPhoneSimulator.Build.0 = Debug|x86
		{107B03B2-3276-46E7-81DA-5FB9B13D8AAD}.AppStore|iPhoneSimulator.Deploy.0 = Debug|x86
		{107B03B2-3276-46E7-81DA-5FB9B13D8AAD}.AppStore|x64.ActiveCfg = Debug|x64
		{107B03B2-3276-46E7-81DA-5FB9B13D8AAD}.AppStore|x64.Build.0 = Debug|x64
		{107B03B2-3276-46E7-81DA-5FB9B13D8AAD}.AppStore|x64.Deploy.0 = Debug|x64
		{107B03B2-3276-46E7-81DA-5FB9B13D8AAD}.AppStore|x86.ActiveCfg = Debug|x86
		{107B03B2-3276-46E7-81DA-5FB9B13D8AAD}.AppStore|x86.Build.0 = Debug|x86
		{107B03B2-3276-46E7-81DA-5FB9B13D8AAD}.AppStore|x86.Deploy.0 = Debug|x86
		{107B03B2-3276-46E7-81DA-5FB9B13D8AAD}.Debug|Any CPU.ActiveCfg = Debug|x86
		{107B03B2-3276-46E7-81DA-5FB9B13D8AAD}.Debug|ARM.ActiveCfg = Debug|ARM
		{107B03B2-3276-46E7-81DA-5FB9B13D8AAD}.Debug|ARM.Build.0 = Debug|ARM
		{107B03B2-3276-46E7-81DA-5FB9B13D8AAD}.Debug|ARM.Deploy.0 = Debug|ARM
		{107B03B2-3276-46E7-81DA-5FB9B13D8AAD}.Debug|ARM64.ActiveCfg = Debug|ARM64
		{107B03B2-3276-46E7-81DA-5FB9B13D8AAD}.Debug|ARM64.Build.0 = Debug|ARM64
		{107B03B2-3276-46E7-81DA-5FB9B13D8AAD}.Debug|ARM64.Deploy.0 = Debug|ARM64
		{107B03B2-3276-46E7-81DA-5FB9B13D8AAD}.Debug|iPhone.ActiveCfg = Debug|x86
		{107B03B2-3276-46E7-81DA-5FB9B13D8AAD}.Debug|iPhoneSimulator.ActiveCfg = Debug|x86
		{107B03B2-3276-46E7-81DA-5FB9B13D8AAD}.Debug|x64.ActiveCfg = Debug|x64
		{107B03B2-3276-46E7-81DA-5FB9B13D8AAD}.Debug|x64.Build.0 = Debug|x64
		{107B03B2-3276-46E7-81DA-5FB9B13D8AAD}.Debug|x64.Deploy.0 = Debug|x64
		{107B03B2-3276-46E7-81DA-5FB9B13D8AAD}.Debug|x86.ActiveCfg = Debug|x86
		{107B03B2-3276-46E7-81DA-5FB9B13D8AAD}.Debug|x86.Build.0 = Debug|x86
		{107B03B2-3276-46E7-81DA-5FB9B13D8AAD}.Debug|x86.Deploy.0 = Debug|x86
		{107B03B2-3276-46E7-81DA-5FB9B13D8AAD}.Release|Any CPU.ActiveCfg = Release|x86
		{107B03B2-3276-46E7-81DA-5FB9B13D8AAD}.Release|ARM.ActiveCfg = Release|ARM
		{107B03B2-3276-46E7-81DA-5FB9B13D8AAD}.Release|ARM.Build.0 = Release|ARM
		{107B03B2-3276-46E7-81DA-5FB9B13D8AAD}.Release|ARM.Deploy.0 = Release|ARM
		{107B03B2-3276-46E7-81DA-5FB9B13D8AAD}.Release|ARM64.ActiveCfg = Release|ARM64
		{107B03B2-3276-46E7-81DA-5FB9B13D8AAD}.Release|ARM64.Build.0 = Release|ARM64
		{107B03B2-3276-46E7-81DA-5FB9B13D8AAD}.Release|ARM64.Deploy.0 = Release|ARM64
		{107B03B2-3276-46E7-81DA-5FB9B13D8AAD}.Release|iPhone.ActiveCfg = Release|x86
		{107B03B2-3276-46E7-81DA-5FB9B13D8AAD}.Release|iPhoneSimulator.ActiveCfg = Release|x86
		{107B03B2-3276-46E7-81DA-5FB9B13D8AAD}.Release|x64.ActiveCfg = Release|x64
		{107B03B2-3276-46E7-81DA-5FB9B13D8AAD}.Release|x64.Build.0 = Release|x64
		{107B03B2-3276-46E7-81DA-5FB9B13D8AAD}.Release|x64.Deploy.0 = Release|x64
		{107B03B2-3276-46E7-81DA-5FB9B13D8AAD}.Release|x86.ActiveCfg = Release|x86
		{107B03B2-3276-46E7-81DA-5FB9B13D8AAD}.Release|x86.Build.0 = Release|x86
		{107B03B2-3276-46E7-81DA-5FB9B13D8AAD}.Release|x86.Deploy.0 = Release|x86
		{9FE89C86-652F-40C6-87A6-3CC1ADCAF1B6}.Ad-Hoc|Any CPU.ActiveCfg = Debug|Any CPU
		{9FE89C86-652F-40C6-87A6-3CC1ADCAF1B6}.Ad-Hoc|Any CPU.Build.0 = Debug|Any CPU
		{9FE89C86-652F-40C6-87A6-3CC1ADCAF1B6}.Ad-Hoc|ARM.ActiveCfg = Debug|Any CPU
		{9FE89C86-652F-40C6-87A6-3CC1ADCAF1B6}.Ad-Hoc|ARM.Build.0 = Debug|Any CPU
		{9FE89C86-652F-40C6-87A6-3CC1ADCAF1B6}.Ad-Hoc|ARM64.ActiveCfg = Debug|Any CPU
		{9FE89C86-652F-40C6-87A6-3CC1ADCAF1B6}.Ad-Hoc|ARM64.Build.0 = Debug|Any CPU
		{9FE89C86-652F-40C6-87A6-3CC1ADCAF1B6}.Ad-Hoc|iPhone.ActiveCfg = Debug|Any CPU
		{9FE89C86-652F-40C6-87A6-3CC1ADCAF1B6}.Ad-Hoc|iPhone.Build.0 = Debug|Any CPU
		{9FE89C86-652F-40C6-87A6-3CC1ADCAF1B6}.Ad-Hoc|iPhoneSimulator.ActiveCfg = Debug|Any CPU
		{9FE89C86-652F-40C6-87A6-3CC1ADCAF1B6}.Ad-Hoc|iPhoneSimulator.Build.0 = Debug|Any CPU
		{9FE89C86-652F-40C6-87A6-3CC1ADCAF1B6}.Ad-Hoc|x64.ActiveCfg = Debug|Any CPU
		{9FE89C86-652F-40C6-87A6-3CC1ADCAF1B6}.Ad-Hoc|x64.Build.0 = Debug|Any CPU
		{9FE89C86-652F-40C6-87A6-3CC1ADCAF1B6}.Ad-Hoc|x86.ActiveCfg = Debug|Any CPU
		{9FE89C86-652F-40C6-87A6-3CC1ADCAF1B6}.Ad-Hoc|x86.Build.0 = Debug|Any CPU
		{9FE89C86-652F-40C6-87A6-3CC1ADCAF1B6}.AppStore|Any CPU.ActiveCfg = Debug|Any CPU
		{9FE89C86-652F-40C6-87A6-3CC1ADCAF1B6}.AppStore|Any CPU.Build.0 = Debug|Any CPU
		{9FE89C86-652F-40C6-87A6-3CC1ADCAF1B6}.AppStore|ARM.ActiveCfg = Debug|Any CPU
		{9FE89C86-652F-40C6-87A6-3CC1ADCAF1B6}.AppStore|ARM.Build.0 = Debug|Any CPU
		{9FE89C86-652F-40C6-87A6-3CC1ADCAF1B6}.AppStore|ARM64.ActiveCfg = Debug|Any CPU
		{9FE89C86-652F-40C6-87A6-3CC1ADCAF1B6}.AppStore|ARM64.Build.0 = Debug|Any CPU
		{9FE89C86-652F-40C6-87A6-3CC1ADCAF1B6}.AppStore|iPhone.ActiveCfg = Debug|Any CPU
		{9FE89C86-652F-40C6-87A6-3CC1ADCAF1B6}.AppStore|iPhone.Build.0 = Debug|Any CPU
		{9FE89C86-652F-40C6-87A6-3CC1ADCAF1B6}.AppStore|iPhoneSimulator.ActiveCfg = Debug|Any CPU
		{9FE89C86-652F-40C6-87A6-3CC1ADCAF1B6}.AppStore|iPhoneSimulator.Build.0 = Debug|Any CPU
		{9FE89C86-652F-40C6-87A6-3CC1ADCAF1B6}.AppStore|x64.ActiveCfg = Debug|Any CPU
		{9FE89C86-652F-40C6-87A6-3CC1ADCAF1B6}.AppStore|x64.Build.0 = Debug|Any CPU
		{9FE89C86-652F-40C6-87A6-3CC1ADCAF1B6}.AppStore|x86.ActiveCfg = Debug|Any CPU
		{9FE89C86-652F-40C6-87A6-3CC1ADCAF1B6}.AppStore|x86.Build.0 = Debug|Any CPU
		{9FE89C86-652F-40C6-87A6-3CC1ADCAF1B6}.Debug|Any CPU.ActiveCfg = Debug|Any CPU
		{9FE89C86-652F-40C6-87A6-3CC1ADCAF1B6}.Debug|Any CPU.Build.0 = Debug|Any CPU
		{9FE89C86-652F-40C6-87A6-3CC1ADCAF1B6}.Debug|ARM.ActiveCfg = Debug|Any CPU
		{9FE89C86-652F-40C6-87A6-3CC1ADCAF1B6}.Debug|ARM.Build.0 = Debug|Any CPU
		{9FE89C86-652F-40C6-87A6-3CC1ADCAF1B6}.Debug|ARM64.ActiveCfg = Debug|Any CPU
		{9FE89C86-652F-40C6-87A6-3CC1ADCAF1B6}.Debug|ARM64.Build.0 = Debug|Any CPU
		{9FE89C86-652F-40C6-87A6-3CC1ADCAF1B6}.Debug|iPhone.ActiveCfg = Debug|Any CPU
		{9FE89C86-652F-40C6-87A6-3CC1ADCAF1B6}.Debug|iPhone.Build.0 = Debug|Any CPU
		{9FE89C86-652F-40C6-87A6-3CC1ADCAF1B6}.Debug|iPhoneSimulator.ActiveCfg = Debug|Any CPU
		{9FE89C86-652F-40C6-87A6-3CC1ADCAF1B6}.Debug|iPhoneSimulator.Build.0 = Debug|Any CPU
		{9FE89C86-652F-40C6-87A6-3CC1ADCAF1B6}.Debug|x64.ActiveCfg = Debug|Any CPU
		{9FE89C86-652F-40C6-87A6-3CC1ADCAF1B6}.Debug|x64.Build.0 = Debug|Any CPU
		{9FE89C86-652F-40C6-87A6-3CC1ADCAF1B6}.Debug|x86.ActiveCfg = Debug|Any CPU
		{9FE89C86-652F-40C6-87A6-3CC1ADCAF1B6}.Debug|x86.Build.0 = Debug|Any CPU
		{9FE89C86-652F-40C6-87A6-3CC1ADCAF1B6}.Release|Any CPU.ActiveCfg = Release|Any CPU
		{9FE89C86-652F-40C6-87A6-3CC1ADCAF1B6}.Release|Any CPU.Build.0 = Release|Any CPU
		{9FE89C86-652F-40C6-87A6-3CC1ADCAF1B6}.Release|ARM.ActiveCfg = Release|Any CPU
		{9FE89C86-652F-40C6-87A6-3CC1ADCAF1B6}.Release|ARM.Build.0 = Release|Any CPU
		{9FE89C86-652F-40C6-87A6-3CC1ADCAF1B6}.Release|ARM64.ActiveCfg = Release|Any CPU
		{9FE89C86-652F-40C6-87A6-3CC1ADCAF1B6}.Release|ARM64.Build.0 = Release|Any CPU
		{9FE89C86-652F-40C6-87A6-3CC1ADCAF1B6}.Release|iPhone.ActiveCfg = Release|Any CPU
		{9FE89C86-652F-40C6-87A6-3CC1ADCAF1B6}.Release|iPhone.Build.0 = Release|Any CPU
		{9FE89C86-652F-40C6-87A6-3CC1ADCAF1B6}.Release|iPhoneSimulator.ActiveCfg = Release|Any CPU
		{9FE89C86-652F-40C6-87A6-3CC1ADCAF1B6}.Release|iPhoneSimulator.Build.0 = Release|Any CPU
		{9FE89C86-652F-40C6-87A6-3CC1ADCAF1B6}.Release|x64.ActiveCfg = Release|Any CPU
		{9FE89C86-652F-40C6-87A6-3CC1ADCAF1B6}.Release|x64.Build.0 = Release|Any CPU
		{9FE89C86-652F-40C6-87A6-3CC1ADCAF1B6}.Release|x86.ActiveCfg = Release|Any CPU
		{9FE89C86-652F-40C6-87A6-3CC1ADCAF1B6}.Release|x86.Build.0 = Release|Any CPU
		{3B6CDEB7-B678-4D6D-81D6-C0D3DD701C9E}.Ad-Hoc|Any CPU.ActiveCfg = Debug|iPhoneSimulator
		{3B6CDEB7-B678-4D6D-81D6-C0D3DD701C9E}.Ad-Hoc|Any CPU.Build.0 = Debug|iPhoneSimulator
		{3B6CDEB7-B678-4D6D-81D6-C0D3DD701C9E}.Ad-Hoc|ARM.ActiveCfg = Debug|iPhoneSimulator
		{3B6CDEB7-B678-4D6D-81D6-C0D3DD701C9E}.Ad-Hoc|ARM.Build.0 = Debug|iPhoneSimulator
		{3B6CDEB7-B678-4D6D-81D6-C0D3DD701C9E}.Ad-Hoc|ARM64.ActiveCfg = Debug|iPhoneSimulator
		{3B6CDEB7-B678-4D6D-81D6-C0D3DD701C9E}.Ad-Hoc|ARM64.Build.0 = Debug|iPhoneSimulator
		{3B6CDEB7-B678-4D6D-81D6-C0D3DD701C9E}.Ad-Hoc|iPhone.ActiveCfg = Debug|iPhoneSimulator
		{3B6CDEB7-B678-4D6D-81D6-C0D3DD701C9E}.Ad-Hoc|iPhone.Build.0 = Debug|iPhoneSimulator
		{3B6CDEB7-B678-4D6D-81D6-C0D3DD701C9E}.Ad-Hoc|iPhoneSimulator.ActiveCfg = Debug|iPhoneSimulator
		{3B6CDEB7-B678-4D6D-81D6-C0D3DD701C9E}.Ad-Hoc|iPhoneSimulator.Build.0 = Debug|iPhoneSimulator
		{3B6CDEB7-B678-4D6D-81D6-C0D3DD701C9E}.Ad-Hoc|x64.ActiveCfg = Debug|iPhoneSimulator
		{3B6CDEB7-B678-4D6D-81D6-C0D3DD701C9E}.Ad-Hoc|x64.Build.0 = Debug|iPhoneSimulator
		{3B6CDEB7-B678-4D6D-81D6-C0D3DD701C9E}.Ad-Hoc|x86.ActiveCfg = Debug|iPhoneSimulator
		{3B6CDEB7-B678-4D6D-81D6-C0D3DD701C9E}.Ad-Hoc|x86.Build.0 = Debug|iPhoneSimulator
		{3B6CDEB7-B678-4D6D-81D6-C0D3DD701C9E}.AppStore|Any CPU.ActiveCfg = Debug|iPhoneSimulator
		{3B6CDEB7-B678-4D6D-81D6-C0D3DD701C9E}.AppStore|Any CPU.Build.0 = Debug|iPhoneSimulator
		{3B6CDEB7-B678-4D6D-81D6-C0D3DD701C9E}.AppStore|ARM.ActiveCfg = Debug|iPhoneSimulator
		{3B6CDEB7-B678-4D6D-81D6-C0D3DD701C9E}.AppStore|ARM.Build.0 = Debug|iPhoneSimulator
		{3B6CDEB7-B678-4D6D-81D6-C0D3DD701C9E}.AppStore|ARM64.ActiveCfg = Debug|iPhoneSimulator
		{3B6CDEB7-B678-4D6D-81D6-C0D3DD701C9E}.AppStore|ARM64.Build.0 = Debug|iPhoneSimulator
		{3B6CDEB7-B678-4D6D-81D6-C0D3DD701C9E}.AppStore|iPhone.ActiveCfg = Debug|iPhoneSimulator
		{3B6CDEB7-B678-4D6D-81D6-C0D3DD701C9E}.AppStore|iPhone.Build.0 = Debug|iPhoneSimulator
		{3B6CDEB7-B678-4D6D-81D6-C0D3DD701C9E}.AppStore|iPhoneSimulator.ActiveCfg = Debug|iPhoneSimulator
		{3B6CDEB7-B678-4D6D-81D6-C0D3DD701C9E}.AppStore|iPhoneSimulator.Build.0 = Debug|iPhoneSimulator
		{3B6CDEB7-B678-4D6D-81D6-C0D3DD701C9E}.AppStore|x64.ActiveCfg = Debug|iPhoneSimulator
		{3B6CDEB7-B678-4D6D-81D6-C0D3DD701C9E}.AppStore|x64.Build.0 = Debug|iPhoneSimulator
		{3B6CDEB7-B678-4D6D-81D6-C0D3DD701C9E}.AppStore|x86.ActiveCfg = Debug|iPhoneSimulator
		{3B6CDEB7-B678-4D6D-81D6-C0D3DD701C9E}.AppStore|x86.Build.0 = Debug|iPhoneSimulator
		{3B6CDEB7-B678-4D6D-81D6-C0D3DD701C9E}.Debug|Any CPU.ActiveCfg = Debug|iPhoneSimulator
		{3B6CDEB7-B678-4D6D-81D6-C0D3DD701C9E}.Debug|ARM.ActiveCfg = Debug|iPhoneSimulator
		{3B6CDEB7-B678-4D6D-81D6-C0D3DD701C9E}.Debug|ARM64.ActiveCfg = Debug|iPhoneSimulator
		{3B6CDEB7-B678-4D6D-81D6-C0D3DD701C9E}.Debug|iPhone.ActiveCfg = Debug|iPhoneSimulator
		{3B6CDEB7-B678-4D6D-81D6-C0D3DD701C9E}.Debug|iPhoneSimulator.ActiveCfg = Debug|iPhoneSimulator
		{3B6CDEB7-B678-4D6D-81D6-C0D3DD701C9E}.Debug|iPhoneSimulator.Build.0 = Debug|iPhoneSimulator
		{3B6CDEB7-B678-4D6D-81D6-C0D3DD701C9E}.Debug|x64.ActiveCfg = Debug|iPhoneSimulator
		{3B6CDEB7-B678-4D6D-81D6-C0D3DD701C9E}.Debug|x86.ActiveCfg = Debug|iPhoneSimulator
		{3B6CDEB7-B678-4D6D-81D6-C0D3DD701C9E}.Release|Any CPU.ActiveCfg = Release|iPhoneSimulator
		{3B6CDEB7-B678-4D6D-81D6-C0D3DD701C9E}.Release|ARM.ActiveCfg = Release|iPhoneSimulator
		{3B6CDEB7-B678-4D6D-81D6-C0D3DD701C9E}.Release|ARM64.ActiveCfg = Release|iPhoneSimulator
		{3B6CDEB7-B678-4D6D-81D6-C0D3DD701C9E}.Release|iPhone.ActiveCfg = Release|iPhoneSimulator
		{3B6CDEB7-B678-4D6D-81D6-C0D3DD701C9E}.Release|iPhoneSimulator.ActiveCfg = Release|iPhoneSimulator
		{3B6CDEB7-B678-4D6D-81D6-C0D3DD701C9E}.Release|iPhoneSimulator.Build.0 = Release|iPhoneSimulator
		{3B6CDEB7-B678-4D6D-81D6-C0D3DD701C9E}.Release|x64.ActiveCfg = Release|iPhoneSimulator
		{3B6CDEB7-B678-4D6D-81D6-C0D3DD701C9E}.Release|x86.ActiveCfg = Release|iPhoneSimulator
		{112D5968-1F5A-4F8F-93E9-5101DD6E54DC}.Ad-Hoc|Any CPU.ActiveCfg = Debug|Any CPU
		{112D5968-1F5A-4F8F-93E9-5101DD6E54DC}.Ad-Hoc|Any CPU.Build.0 = Debug|Any CPU
		{112D5968-1F5A-4F8F-93E9-5101DD6E54DC}.Ad-Hoc|ARM.ActiveCfg = Debug|Any CPU
		{112D5968-1F5A-4F8F-93E9-5101DD6E54DC}.Ad-Hoc|ARM.Build.0 = Debug|Any CPU
		{112D5968-1F5A-4F8F-93E9-5101DD6E54DC}.Ad-Hoc|ARM64.ActiveCfg = Debug|Any CPU
		{112D5968-1F5A-4F8F-93E9-5101DD6E54DC}.Ad-Hoc|ARM64.Build.0 = Debug|Any CPU
		{112D5968-1F5A-4F8F-93E9-5101DD6E54DC}.Ad-Hoc|iPhone.ActiveCfg = Debug|Any CPU
		{112D5968-1F5A-4F8F-93E9-5101DD6E54DC}.Ad-Hoc|iPhone.Build.0 = Debug|Any CPU
		{112D5968-1F5A-4F8F-93E9-5101DD6E54DC}.Ad-Hoc|iPhoneSimulator.ActiveCfg = Debug|Any CPU
		{112D5968-1F5A-4F8F-93E9-5101DD6E54DC}.Ad-Hoc|iPhoneSimulator.Build.0 = Debug|Any CPU
		{112D5968-1F5A-4F8F-93E9-5101DD6E54DC}.Ad-Hoc|x64.ActiveCfg = Debug|Any CPU
		{112D5968-1F5A-4F8F-93E9-5101DD6E54DC}.Ad-Hoc|x64.Build.0 = Debug|Any CPU
		{112D5968-1F5A-4F8F-93E9-5101DD6E54DC}.Ad-Hoc|x86.ActiveCfg = Debug|Any CPU
		{112D5968-1F5A-4F8F-93E9-5101DD6E54DC}.Ad-Hoc|x86.Build.0 = Debug|Any CPU
		{112D5968-1F5A-4F8F-93E9-5101DD6E54DC}.AppStore|Any CPU.ActiveCfg = Debug|Any CPU
		{112D5968-1F5A-4F8F-93E9-5101DD6E54DC}.AppStore|Any CPU.Build.0 = Debug|Any CPU
		{112D5968-1F5A-4F8F-93E9-5101DD6E54DC}.AppStore|ARM.ActiveCfg = Debug|Any CPU
		{112D5968-1F5A-4F8F-93E9-5101DD6E54DC}.AppStore|ARM.Build.0 = Debug|Any CPU
		{112D5968-1F5A-4F8F-93E9-5101DD6E54DC}.AppStore|ARM64.ActiveCfg = Debug|Any CPU
		{112D5968-1F5A-4F8F-93E9-5101DD6E54DC}.AppStore|ARM64.Build.0 = Debug|Any CPU
		{112D5968-1F5A-4F8F-93E9-5101DD6E54DC}.AppStore|iPhone.ActiveCfg = Debug|Any CPU
		{112D5968-1F5A-4F8F-93E9-5101DD6E54DC}.AppStore|iPhone.Build.0 = Debug|Any CPU
		{112D5968-1F5A-4F8F-93E9-5101DD6E54DC}.AppStore|iPhoneSimulator.ActiveCfg = Debug|Any CPU
		{112D5968-1F5A-4F8F-93E9-5101DD6E54DC}.AppStore|iPhoneSimulator.Build.0 = Debug|Any CPU
		{112D5968-1F5A-4F8F-93E9-5101DD6E54DC}.AppStore|x64.ActiveCfg = Debug|Any CPU
		{112D5968-1F5A-4F8F-93E9-5101DD6E54DC}.AppStore|x64.Build.0 = Debug|Any CPU
		{112D5968-1F5A-4F8F-93E9-5101DD6E54DC}.AppStore|x86.ActiveCfg = Debug|Any CPU
		{112D5968-1F5A-4F8F-93E9-5101DD6E54DC}.AppStore|x86.Build.0 = Debug|Any CPU
		{112D5968-1F5A-4F8F-93E9-5101DD6E54DC}.Debug|Any CPU.ActiveCfg = Debug|Any CPU
		{112D5968-1F5A-4F8F-93E9-5101DD6E54DC}.Debug|Any CPU.Build.0 = Debug|Any CPU
		{112D5968-1F5A-4F8F-93E9-5101DD6E54DC}.Debug|ARM.ActiveCfg = Debug|Any CPU
		{112D5968-1F5A-4F8F-93E9-5101DD6E54DC}.Debug|ARM.Build.0 = Debug|Any CPU
		{112D5968-1F5A-4F8F-93E9-5101DD6E54DC}.Debug|ARM64.ActiveCfg = Debug|Any CPU
		{112D5968-1F5A-4F8F-93E9-5101DD6E54DC}.Debug|ARM64.Build.0 = Debug|Any CPU
		{112D5968-1F5A-4F8F-93E9-5101DD6E54DC}.Debug|iPhone.ActiveCfg = Debug|Any CPU
		{112D5968-1F5A-4F8F-93E9-5101DD6E54DC}.Debug|iPhone.Build.0 = Debug|Any CPU
		{112D5968-1F5A-4F8F-93E9-5101DD6E54DC}.Debug|iPhoneSimulator.ActiveCfg = Debug|Any CPU
		{112D5968-1F5A-4F8F-93E9-5101DD6E54DC}.Debug|iPhoneSimulator.Build.0 = Debug|Any CPU
		{112D5968-1F5A-4F8F-93E9-5101DD6E54DC}.Debug|x64.ActiveCfg = Debug|Any CPU
		{112D5968-1F5A-4F8F-93E9-5101DD6E54DC}.Debug|x64.Build.0 = Debug|Any CPU
		{112D5968-1F5A-4F8F-93E9-5101DD6E54DC}.Debug|x86.ActiveCfg = Debug|Any CPU
		{112D5968-1F5A-4F8F-93E9-5101DD6E54DC}.Debug|x86.Build.0 = Debug|Any CPU
		{112D5968-1F5A-4F8F-93E9-5101DD6E54DC}.Release|Any CPU.ActiveCfg = Release|Any CPU
		{112D5968-1F5A-4F8F-93E9-5101DD6E54DC}.Release|Any CPU.Build.0 = Release|Any CPU
		{112D5968-1F5A-4F8F-93E9-5101DD6E54DC}.Release|ARM.ActiveCfg = Release|Any CPU
		{112D5968-1F5A-4F8F-93E9-5101DD6E54DC}.Release|ARM.Build.0 = Release|Any CPU
		{112D5968-1F5A-4F8F-93E9-5101DD6E54DC}.Release|ARM64.ActiveCfg = Release|Any CPU
		{112D5968-1F5A-4F8F-93E9-5101DD6E54DC}.Release|ARM64.Build.0 = Release|Any CPU
		{112D5968-1F5A-4F8F-93E9-5101DD6E54DC}.Release|iPhone.ActiveCfg = Release|Any CPU
		{112D5968-1F5A-4F8F-93E9-5101DD6E54DC}.Release|iPhone.Build.0 = Release|Any CPU
		{112D5968-1F5A-4F8F-93E9-5101DD6E54DC}.Release|iPhoneSimulator.ActiveCfg = Release|Any CPU
		{112D5968-1F5A-4F8F-93E9-5101DD6E54DC}.Release|iPhoneSimulator.Build.0 = Release|Any CPU
		{112D5968-1F5A-4F8F-93E9-5101DD6E54DC}.Release|x64.ActiveCfg = Release|Any CPU
		{112D5968-1F5A-4F8F-93E9-5101DD6E54DC}.Release|x64.Build.0 = Release|Any CPU
		{112D5968-1F5A-4F8F-93E9-5101DD6E54DC}.Release|x86.ActiveCfg = Release|Any CPU
		{112D5968-1F5A-4F8F-93E9-5101DD6E54DC}.Release|x86.Build.0 = Release|Any CPU
	EndGlobalSection
	GlobalSection(SolutionProperties) = preSolution
		HideSolutionNode = FALSE
	EndGlobalSection
	GlobalSection(ExtensibilityGlobals) = postSolution
		SolutionGuid = {DE89E37C-E86B-4D45-9FC4-16522E4D9865}
	EndGlobalSection
EndGlobal
