# This file is machine-generated by `gh actions-lock`.
# Do not edit by hand; run `gh actions-lock` to update.
# Docs: https://gh.io/actions-lockfile
version: 'v0.0.2'
workflows:
    '.github/workflows/actions-lock.yml':
        - 'actions/checkout@v7.0.1'
    '.github/workflows/build-debian-package.yml':
        - 'actions/checkout@v7.0.1'
        - 'actions/download-artifact@v8.0.1'
        - 'actions/setup-dotnet@v6.0.0'
        - 'actions/upload-artifact@v7.0.1'
    '.github/workflows/build-executable.yml':
        - 'actions/checkout@v7.0.1'
        - 'actions/setup-dotnet@v6.0.0'
        - 'actions/upload-artifact@v7.0.1'
    '.github/workflows/build-flatpak-package.yml':
        - 'actions/cache@v6.1.0'
        - 'actions/checkout@v7.0.1'
        - 'actions/download-artifact@v8.0.1'
        - 'actions/upload-artifact@v7.0.1'
    '.github/workflows/build-macos-app.yml':
        - 'actions/cache@v6.1.0'
        - 'actions/checkout@v7.0.1'
        - 'actions/setup-dotnet@v6.0.0'
        - 'actions/upload-artifact@v7.0.1'
    '.github/workflows/build-nuget.yml':
        - 'actions/checkout@v7.0.1'
        - 'actions/setup-dotnet@v6.0.0'
        - 'actions/upload-artifact@v7.0.1'
    '.github/workflows/build-skia-native.yml':
        - 'actions/cache@v6.1.0'
        - 'actions/checkout@v7.0.1'
        - 'actions/upload-artifact@v7.0.1'
    '.github/workflows/build-version.yml':
        - 'actions/checkout@v7.0.1'
        - 'actions/setup-dotnet@v6.0.0'
        - 'dotnet/nbgv@v0.5.2'
    '.github/workflows/build-windows-installer.yml':
        - 'actions/checkout@v7.0.1'
        - 'actions/download-artifact@v8.0.1'
        - 'actions/setup-dotnet@v6.0.0'
        - 'actions/upload-artifact@v7.0.1'
    '.github/workflows/daily-build.yml':
        - 'actions/checkout@v7.0.1'
        - 'actions/setup-dotnet@v6.0.0'
        - 'actions/upload-artifact@v7.0.1'
    '.github/workflows/dotnet.yml':
        - 'actions/cache@v6.1.0'
        - 'actions/checkout@v7.0.1'
        - 'actions/download-artifact@v8.0.1'
        - 'actions/setup-dotnet@v6.0.0'
        - 'actions/upload-artifact@v7.0.1'
        - 'codecov/codecov-action@v7.1.1'
    '.github/workflows/format-check.yml':
        - 'actions/checkout@v7.0.1'
        - 'actions/setup-dotnet@v6.0.0'
    '.github/workflows/format-release-notes.yml':
        - 'actions/download-artifact@v8.0.1'
        - 'actions/upload-artifact@v7.0.1'
    '.github/workflows/linux-arm64-packaging-check.yml':
        - 'actions/download-artifact@v8.0.1'
        - 'actions/upload-artifact@v7.0.1'
    '.github/workflows/publish-nuget.yml':
        - 'actions/checkout@v7.0.1'
        - 'actions/setup-dotnet@v6.0.0'
    '.github/workflows/reflect-release.yml':
        - 'actions/github-script@v9.0.0'
    '.github/workflows/release.yml':
        - 'actions/download-artifact@v8.0.1'
        - 'ncipollo/release-action@v1.21.0'
    '.github/workflows/translate-release-notes.yml':
        - 'actions/download-artifact@v8.0.1'
        - 'actions/upload-artifact@v7.0.1'
dependencies:
    'actions/cache@v6.1.0':
        ref: 'v6.1.0'
        commit: 'sha1-55cc8345863c7cc4c66a329aec7e433d2d1c52a9'
        owner_id: 44036562
        repo_id: 215566462
    'actions/checkout@v7.0.1':
        ref: 'v7.0.1'
        commit: 'sha1-3d3c42e5aac5ba805825da76410c181273ba90b1'
        owner_id: 44036562
        repo_id: 197814629
    'actions/download-artifact@v8.0.1':
        ref: 'v8.0.1'
        commit: 'sha1-3e5f45b2cfb9172054b4087a40e8e0b5a5461e7c'
        owner_id: 44036562
        repo_id: 192626254
    'actions/github-script@ed597411d8f924073f98dfc5c65a23a2325f34cd':
        ref: 'v8.0.0'
        commit: 'sha1-ed597411d8f924073f98dfc5c65a23a2325f34cd'
        owner_id: 44036562
        repo_id: 205262760
    'actions/github-script@v9.0.0':
        ref: 'v9.0.0'
        commit: 'sha1-3a2844b7e9c422d3c10d287c895573f7108da1b3'
        owner_id: 44036562
        repo_id: 205262760
    'actions/setup-dotnet@v6.0.0':
        ref: 'v6.0.0'
        commit: 'sha1-a98b56852c35b8e3190ac28c8c2271da59106c68'
        owner_id: 44036562
        repo_id: 192625306
    'actions/upload-artifact@v7.0.1':
        ref: 'v7.0.1'
        commit: 'sha1-043fb46d1a93c77aae656e7c1c64a875d1fc6a0a'
        owner_id: 44036562
        repo_id: 192625955
    'codecov/codecov-action@v7.1.1':
        ref: 'v7.1.1'
        commit: 'sha1-303a32d7a59b442fa8d48b6a1cc6825c09c847a5'
        owner_id: 8226205
        repo_id: 200299178
        uses:
            - 'actions/github-script@ed597411d8f924073f98dfc5c65a23a2325f34cd'
    'dotnet/nbgv@v0.5.2':
        ref: 'v0.5.2'
        commit: 'sha1-705dad19ab067f12f4e9eeaa60812e01edef5d25'
        owner_id: 9141961
        repo_id: 202912697
    'ncipollo/release-action@v1.21.0':
        ref: 'v1.21.0'
        commit: 'sha1-339a81892b84b4eeb0f6e744e4574d79d0d9b8dd'
        owner_id: 5712756
        repo_id: 204020546
